
Microsoft Visual Studio Solution File, Format Version 12.00
# Visual Studio Version 16
VisualStudioVersion = 16.0.30413.136
MinimumVisualStudioVersion = 10.0.40219.1
Project("{8BC9CEB8-8B4A-11D0-8D11-00A0C91BC942}") = "MyLib", "Lec2\MyLib\MyLib.vcxproj", "{E98C31F2-C34C-45E4-8E06-03AAFDFEA836}"
EndProject
Project("{2150E333-8FDC-42A3-9474-1A3956D46DE8}") = "Lec2", "Lec2", "{C15BB3F3-8351-43BD-8F88-D9E96D6424C1}"
EndProject
Project("{8BC9CEB8-8B4A-11D0-8D11-00A0C91BC942}") = "UsingStaticLib", "Lec2\UsingStaticLib\UsingStaticLib.vcxproj", "{E3937DB3-0DA1-4F45-8E8A-638C34290DE4}"
EndProject
Project("{2150E333-8FDC-42A3-9474-1A3956D46DE8}") = "Lec1", "Lec1", "{45583C36-B276-4434-AE77-FC5D21432ED6}"
EndProject
Project("{8BC9CEB8-8B4A-11D0-8D11-00A0C91BC942}") = "Array Initialization", "Lec1\Array Initialization\Array Initialization.vcxproj", "{93BD3DB6-3BA6-487E-8E06-32771F4870EB}"
EndProject
Project("{8BC9CEB8-8B4A-11D0-8D11-00A0C91BC942}") = "break_continue", "Lec1\break_continue\break_continue.vcxproj", "{06AB29AC-5875-4324-A000-75B1BDE696AD}"
EndProject
Project("{8BC9CEB8-8B4A-11D0-8D11-00A0C91BC942}") = "do_while_statement", "Lec1\do_while_statement\do_while_statement.vcxproj", "{1A5BE0EE-D9B1-4AEA-952C-57EFAC1DC234}"
EndProject
Project("{8BC9CEB8-8B4A-11D0-8D11-00A0C91BC942}") = "for_loop_statement", "Lec1\for_loop_statement\for_loop_statement.vcxproj", "{EF2A1406-ED87-4532-B69E-D7B28E384E21}"
EndProject
Project("{8BC9CEB8-8B4A-11D0-8D11-00A0C91BC942}") = "if_else_statements", "Lec1\if_else_statements\if_else_statements.vcxproj", "{6A298E08-18FB-4869-8C7C-1EC4DAC955F2}"
EndProject
Project("{8BC9CEB8-8B4A-11D0-8D11-00A0C91BC942}") = "MultiDim_Array", "Lec1\MultiDim_Array\MultiDim_Array.vcxproj", "{57C6FB29-6A17-41A4-9C0F-2BD1869E72EA}"
EndProject
Project("{8BC9CEB8-8B4A-11D0-8D11-00A0C91BC942}") = "Over_Under_flow", "Lec1\Over_Under_flow\Over_Under_flow.vcxproj", "{4C67478A-83E2-4478-BFA7-27FC3DB5B9B3}"
EndProject
Project("{8BC9CEB8-8B4A-11D0-8D11-00A0C91BC942}") = "Precision_Issue_Handling", "Lec1\Presicion_Issue_Handling\Precision_Issue_Handling.vcxproj", "{D2FAE018-758F-4AF5-8E75-D20E314B016C}"
EndProject
Project("{8BC9CEB8-8B4A-11D0-8D11-00A0C91BC942}") = "sizeof_Function", "Lec1\sizeof_Function\sizeof_Function.vcxproj", "{BD0512EA-64BC-48CE-9297-57919B7DDA89}"
EndProject
Project("{8BC9CEB8-8B4A-11D0-8D11-00A0C91BC942}") = "while_statement", "Lec1\while_statement\while_statement.vcxproj", "{3484DE1D-56DE-4D78-AAD7-D79694ACC9E4}"
EndProject
Project("{8BC9CEB8-8B4A-11D0-8D11-00A0C91BC942}") = "DivisionLine", "Lec2\DivisionLine\DivisionLine.vcxproj", "{3155A252-C711-4DCF-B9C4-2137A74C3A80}"
EndProject
Project("{8BC9CEB8-8B4A-11D0-8D11-00A0C91BC942}") = "DivLine_Without_Function", "Lec2\DivLine_Without_Function\DivLine_Without_Function.vcxproj", "{5A062015-7556-474B-B7C1-30A56C832568}"
EndProject
Project("{8BC9CEB8-8B4A-11D0-8D11-00A0C91BC942}") = "Function_Declaration", "Lec2\Function_Declaration\Function_Declaration.vcxproj", "{10A92837-FB99-4D88-A764-8154D415157F}"
EndProject
Project("{8BC9CEB8-8B4A-11D0-8D11-00A0C91BC942}") = "Function_Definition_Call", "Lec2\Function_Definition_Call\Function_Definition_Call.vcxproj", "{CD06D078-66A2-4D59-8843-BCCDF04F5921}"
EndProject
Project("{8BC9CEB8-8B4A-11D0-8D11-00A0C91BC942}") = "SeparateFile_Declaration_Definition", "Lec2\SeparateFile_Declaration_Definition\SeparateFile_Declaration_Definition.vcxproj", "{17BE97AB-0CA6-413F-AC47-ABFFC1D7AD92}"
EndProject
Project("{2150E333-8FDC-42A3-9474-1A3956D46DE8}") = "Lab", "Lab", "{857168E8-3B30-4831-BE55-613C62486619}"
EndProject
Project("{2150E333-8FDC-42A3-9474-1A3956D46DE8}") = "Lab_BitOp_Character", "Lab_BitOp_Character", "{A55C9F83-08FF-4C6B-A9D3-8CF5BC310B33}"
EndProject
Project("{8BC9CEB8-8B4A-11D0-8D11-00A0C91BC942}") = "BitOp_Character_Info", "Lab\BitOp_Character_Info\BitOp_Character_Info.vcxproj", "{550C2684-0E25-4E6D-84DD-57C04F7630CE}"
EndProject
Global
	GlobalSection(SolutionConfigurationPlatforms) = preSolution
		Debug|x64 = Debug|x64
		Debug|x86 = Debug|x86
		Release|x64 = Release|x64
		Release|x86 = Release|x86
	EndGlobalSection
	GlobalSection(ProjectConfigurationPlatforms) = postSolution
		{E98C31F2-C34C-45E4-8E06-03AAFDFEA836}.Debug|x64.ActiveCfg = Debug|x64
		{E98C31F2-C34C-45E4-8E06-03AAFDFEA836}.Debug|x64.Build.0 = Debug|x64
		{E98C31F2-C34C-45E4-8E06-03AAFDFEA836}.Debug|x86.ActiveCfg = Debug|Win32
		{E98C31F2-C34C-45E4-8E06-03AAFDFEA836}.Debug|x86.Build.0 = Debug|Win32
		{E98C31F2-C34C-45E4-8E06-03AAFDFEA836}.Release|x64.ActiveCfg = Release|x64
		{E98C31F2-C34C-45E4-8E06-03AAFDFEA836}.Release|x64.Build.0 = Release|x64
		{E98C31F2-C34C-45E4-8E06-03AAFDFEA836}.Release|x86.ActiveCfg = Release|Win32
		{E98C31F2-C34C-45E4-8E06-03AAFDFEA836}.Release|x86.Build.0 = Release|Win32
		{E3937DB3-0DA1-4F45-8E8A-638C34290DE4}.Debug|x64.ActiveCfg = Debug|x64
		{E3937DB3-0DA1-4F45-8E8A-638C34290DE4}.Debug|x64.Build.0 = Debug|x64
		{E3937DB3-0DA1-4F45-8E8A-638C34290DE4}.Debug|x86.ActiveCfg = Debug|Win32
		{E3937DB3-0DA1-4F45-8E8A-638C34290DE4}.Debug|x86.Build.0 = Debug|Win32
		{E3937DB3-0DA1-4F45-8E8A-638C34290DE4}.Release|x64.ActiveCfg = Release|x64
		{E3937DB3-0DA1-4F45-8E8A-638C34290DE4}.Release|x64.Build.0 = Release|x64
		{E3937DB3-0DA1-4F45-8E8A-638C34290DE4}.Release|x86.ActiveCfg = Release|Win32
		{E3937DB3-0DA1-4F45-8E8A-638C34290DE4}.Release|x86.Build.0 = Release|Win32
		{93BD3DB6-3BA6-487E-8E06-32771F4870EB}.Debug|x64.ActiveCfg = Debug|x64
		{93BD3DB6-3BA6-487E-8E06-32771F4870EB}.Debug|x64.Build.0 = Debug|x64
		{93BD3DB6-3BA6-487E-8E06-32771F4870EB}.Debug|x86.ActiveCfg = Debug|Win32
		{93BD3DB6-3BA6-487E-8E06-32771F4870EB}.Debug|x86.Build.0 = Debug|Win32
		{93BD3DB6-3BA6-487E-8E06-32771F4870EB}.Release|x64.ActiveCfg = Release|x64
		{93BD3DB6-3BA6-487E-8E06-32771F4870EB}.Release|x64.Build.0 = Release|x64
		{93BD3DB6-3BA6-487E-8E06-32771F4870EB}.Release|x86.ActiveCfg = Release|Win32
		{93BD3DB6-3BA6-487E-8E06-32771F4870EB}.Release|x86.Build.0 = Release|Win32
		{06AB29AC-5875-4324-A000-75B1BDE696AD}.Debug|x64.ActiveCfg = Debug|x64
		{06AB29AC-5875-4324-A000-75B1BDE696AD}.Debug|x64.Build.0 = Debug|x64
		{06AB29AC-5875-4324-A000-75B1BDE696AD}.Debug|x86.ActiveCfg = Debug|Win32
		{06AB29AC-5875-4324-A000-75B1BDE696AD}.Debug|x86.Build.0 = Debug|Win32
		{06AB29AC-5875-4324-A000-75B1BDE696AD}.Release|x64.ActiveCfg = Release|x64
		{06AB29AC-5875-4324-A000-75B1BDE696AD}.Release|x64.Build.0 = Release|x64
		{06AB29AC-5875-4324-A000-75B1BDE696AD}.Release|x86.ActiveCfg = Release|Win32
		{06AB29AC-5875-4324-A000-75B1BDE696AD}.Release|x86.Build.0 = Release|Win32
		{1A5BE0EE-D9B1-4AEA-952C-57EFAC1DC234}.Debug|x64.ActiveCfg = Debug|x64
		{1A5BE0EE-D9B1-4AEA-952C-57EFAC1DC234}.Debug|x64.Build.0 = Debug|x64
		{1A5BE0EE-D9B1-4AEA-952C-57EFAC1DC234}.Debug|x86.ActiveCfg = Debug|Win32
		{1A5BE0EE-D9B1-4AEA-952C-57EFAC1DC234}.Debug|x86.Build.0 = Debug|Win32
		{1A5BE0EE-D9B1-4AEA-952C-57EFAC1DC234}.Release|x64.ActiveCfg = Release|x64
		{1A5BE0EE-D9B1-4AEA-952C-57EFAC1DC234}.Release|x64.Build.0 = Release|x64
		{1A5BE0EE-D9B1-4AEA-952C-57EFAC1DC234}.Release|x86.ActiveCfg = Release|Win32
		{1A5BE0EE-D9B1-4AEA-952C-57EFAC1DC234}.Release|x86.Build.0 = Release|Win32
		{EF2A1406-ED87-4532-B69E-D7B28E384E21}.Debug|x64.ActiveCfg = Debug|x64
		{EF2A1406-ED87-4532-B69E-D7B28E384E21}.Debug|x64.Build.0 = Debug|x64
		{EF2A1406-ED87-4532-B69E-D7B28E384E21}.Debug|x86.ActiveCfg = Debug|Win32
		{EF2A1406-ED87-4532-B69E-D7B28E384E21}.Debug|x86.Build.0 = Debug|Win32
		{EF2A1406-ED87-4532-B69E-D7B28E384E21}.Release|x64.ActiveCfg = Release|x64
		{EF2A1406-ED87-4532-B69E-D7B28E384E21}.Release|x64.Build.0 = Release|x64
		{EF2A1406-ED87-4532-B69E-D7B28E384E21}.Release|x86.ActiveCfg = Release|Win32
		{EF2A1406-ED87-4532-B69E-D7B28E384E21}.Release|x86.Build.0 = Release|Win32
		{6A298E08-18FB-4869-8C7C-1EC4DAC955F2}.Debug|x64.ActiveCfg = Debug|x64
		{6A298E08-18FB-4869-8C7C-1EC4DAC955F2}.Debug|x64.Build.0 = Debug|x64
		{6A298E08-18FB-4869-8C7C-1EC4DAC955F2}.Debug|x86.ActiveCfg = Debug|Win32
		{6A298E08-18FB-4869-8C7C-1EC4DAC955F2}.Debug|x86.Build.0 = Debug|Win32
		{6A298E08-18FB-4869-8C7C-1EC4DAC955F2}.Release|x64.ActiveCfg = Release|x64
		{6A298E08-18FB-4869-8C7C-1EC4DAC955F2}.Release|x64.Build.0 = Release|x64
		{6A298E08-18FB-4869-8C7C-1EC4DAC955F2}.Release|x86.ActiveCfg = Release|Win32
		{6A298E08-18FB-4869-8C7C-1EC4DAC955F2}.Release|x86.Build.0 = Release|Win32
		{57C6FB29-6A17-41A4-9C0F-2BD1869E72EA}.Debug|x64.ActiveCfg = Debug|x64
		{57C6FB29-6A17-41A4-9C0F-2BD1869E72EA}.Debug|x64.Build.0 = Debug|x64
		{57C6FB29-6A17-41A4-9C0F-2BD1869E72EA}.Debug|x86.ActiveCfg = Debug|Win32
		{57C6FB29-6A17-41A4-9C0F-2BD1869E72EA}.Debug|x86.Build.0 = Debug|Win32
		{57C6FB29-6A17-41A4-9C0F-2BD1869E72EA}.Release|x64.ActiveCfg = Release|x64
		{57C6FB29-6A17-41A4-9C0F-2BD1869E72EA}.Release|x64.Build.0 = Release|x64
		{57C6FB29-6A17-41A4-9C0F-2BD1869E72EA}.Release|x86.ActiveCfg = Release|Win32
		{57C6FB29-6A17-41A4-9C0F-2BD1869E72EA}.Release|x86.Build.0 = Release|Win32
		{4C67478A-83E2-4478-BFA7-27FC3DB5B9B3}.Debug|x64.ActiveCfg = Debug|x64
		{4C67478A-83E2-4478-BFA7-27FC3DB5B9B3}.Debug|x64.Build.0 = Debug|x64
		{4C67478A-83E2-4478-BFA7-27FC3DB5B9B3}.Debug|x86.ActiveCfg = Debug|Win32
		{4C67478A-83E2-4478-BFA7-27FC3DB5B9B3}.Debug|x86.Build.0 = Debug|Win32
		{4C67478A-83E2-4478-BFA7-27FC3DB5B9B3}.Release|x64.ActiveCfg = Release|x64
		{4C67478A-83E2-4478-BFA7-27FC3DB5B9B3}.Release|x64.Build.0 = Release|x64
		{4C67478A-83E2-4478-BFA7-27FC3DB5B9B3}.Release|x86.ActiveCfg = Release|Win32
		{4C67478A-83E2-4478-BFA7-27FC3DB5B9B3}.Release|x86.Build.0 = Release|Win32
		{D2FAE018-758F-4AF5-8E75-D20E314B016C}.Debug|x64.ActiveCfg = Debug|x64
		{D2FAE018-758F-4AF5-8E75-D20E314B016C}.Debug|x64.Build.0 = Debug|x64
		{D2FAE018-758F-4AF5-8E75-D20E314B016C}.Debug|x86.ActiveCfg = Debug|Win32
		{D2FAE018-758F-4AF5-8E75-D20E314B016C}.Debug|x86.Build.0 = Debug|Win32
		{D2FAE018-758F-4AF5-8E75-D20E314B016C}.Release|x64.ActiveCfg = Release|x64
		{D2FAE018-758F-4AF5-8E75-D20E314B016C}.Release|x64.Build.0 = Release|x64
		{D2FAE018-758F-4AF5-8E75-D20E314B016C}.Release|x86.ActiveCfg = Release|Win32
		{D2FAE018-758F-4AF5-8E75-D20E314B016C}.Release|x86.Build.0 = Release|Win32
		{BD0512EA-64BC-48CE-9297-57919B7DDA89}.Debug|x64.ActiveCfg = Debug|x64
		{BD0512EA-64BC-48CE-9297-57919B7DDA89}.Debug|x64.Build.0 = Debug|x64
		{BD0512EA-64BC-48CE-9297-57919B7DDA89}.Debug|x86.ActiveCfg = Debug|Win32
		{BD0512EA-64BC-48CE-9297-57919B7DDA89}.Debug|x86.Build.0 = Debug|Win32
		{BD0512EA-64BC-48CE-9297-57919B7DDA89}.Release|x64.ActiveCfg = Release|x64
		{BD0512EA-64BC-48CE-9297-57919B7DDA89}.Release|x64.Build.0 = Release|x64
		{BD0512EA-64BC-48CE-9297-57919B7DDA89}.Release|x86.ActiveCfg = Release|Win32
		{BD0512EA-64BC-48CE-9297-57919B7DDA89}.Release|x86.Build.0 = Release|Win32
		{3484DE1D-56DE-4D78-AAD7-D79694ACC9E4}.Debug|x64.ActiveCfg = Debug|x64
		{3484DE1D-56DE-4D78-AAD7-D79694ACC9E4}.Debug|x64.Build.0 = Debug|x64
		{3484DE1D-56DE-4D78-AAD7-D79694ACC9E4}.Debug|x86.ActiveCfg = Debug|Win32
		{3484DE1D-56DE-4D78-AAD7-D79694ACC9E4}.Debug|x86.Build.0 = Debug|Win32
		{3484DE1D-56DE-4D78-AAD7-D79694ACC9E4}.Release|x64.ActiveCfg = Release|x64
		{3484DE1D-56DE-4D78-AAD7-D79694ACC9E4}.Release|x64.Build.0 = Release|x64
		{3484DE1D-56DE-4D78-AAD7-D79694ACC9E4}.Release|x86.ActiveCfg = Release|Win32
		{3484DE1D-56DE-4D78-AAD7-D79694ACC9E4}.Release|x86.Build.0 = Release|Win32
		{3155A252-C711-4DCF-B9C4-2137A74C3A80}.Debug|x64.ActiveCfg = Debug|x64
		{3155A252-C711-4DCF-B9C4-2137A74C3A80}.Debug|x64.Build.0 = Debug|x64
		{3155A252-C711-4DCF-B9C4-2137A74C3A80}.Debug|x86.ActiveCfg = Debug|Win32
		{3155A252-C711-4DCF-B9C4-2137A74C3A80}.Debug|x86.Build.0 = Debug|Win32
		{3155A252-C711-4DCF-B9C4-2137A74C3A80}.Release|x64.ActiveCfg = Release|x64
		{3155A252-C711-4DCF-B9C4-2137A74C3A80}.Release|x64.Build.0 = Release|x64
		{3155A252-C711-4DCF-B9C4-2137A74C3A80}.Release|x86.ActiveCfg = Release|Win32
		{3155A252-C711-4DCF-B9C4-2137A74C3A80}.Release|x86.Build.0 = Release|Win32
		{5A062015-7556-474B-B7C1-30A56C832568}.Debug|x64.ActiveCfg = Debug|x64
		{5A062015-7556-474B-B7C1-30A56C832568}.Debug|x64.Build.0 = Debug|x64
		{5A062015-7556-474B-B7C1-30A56C832568}.Debug|x86.ActiveCfg = Debug|Win32
		{5A062015-7556-474B-B7C1-30A56C832568}.Debug|x86.Build.0 = Debug|Win32
		{5A062015-7556-474B-B7C1-30A56C832568}.Release|x64.ActiveCfg = Release|x64
		{5A062015-7556-474B-B7C1-30A56C832568}.Release|x64.Build.0 = Release|x64
		{5A062015-7556-474B-B7C1-30A56C832568}.Release|x86.ActiveCfg = Release|Win32
		{5A062015-7556-474B-B7C1-30A56C832568}.Release|x86.Build.0 = Release|Win32
		{10A92837-FB99-4D88-A764-8154D415157F}.Debug|x64.ActiveCfg = Debug|x64
		{10A92837-FB99-4D88-A764-8154D415157F}.Debug|x64.Build.0 = Debug|x64
		{10A92837-FB99-4D88-A764-8154D415157F}.Debug|x86.ActiveCfg = Debug|Win32
		{10A92837-FB99-4D88-A764-8154D415157F}.Debug|x86.Build.0 = Debug|Win32
		{10A92837-FB99-4D88-A764-8154D415157F}.Release|x64.ActiveCfg = Release|x64
		{10A92837-FB99-4D88-A764-8154D415157F}.Release|x64.Build.0 = Release|x64
		{10A92837-FB99-4D88-A764-8154D415157F}.Release|x86.ActiveCfg = Release|Win32
		{10A92837-FB99-4D88-A764-8154D415157F}.Release|x86.Build.0 = Release|Win32
		{CD06D078-66A2-4D59-8843-BCCDF04F5921}.Debug|x64.ActiveCfg = Debug|x64
		{CD06D078-66A2-4D59-8843-BCCDF04F5921}.Debug|x64.Build.0 = Debug|x64
		{CD06D078-66A2-4D59-8843-BCCDF04F5921}.Debug|x86.ActiveCfg = Debug|Win32
		{CD06D078-66A2-4D59-8843-BCCDF04F5921}.Debug|x86.Build.0 = Debug|Win32
		{CD06D078-66A2-4D59-8843-BCCDF04F5921}.Release|x64.ActiveCfg = Release|x64
		{CD06D078-66A2-4D59-8843-BCCDF04F5921}.Release|x64.Build.0 = Release|x64
		{CD06D078-66A2-4D59-8843-BCCDF04F5921}.Release|x86.ActiveCfg = Release|Win32
		{CD06D078-66A2-4D59-8843-BCCDF04F5921}.Release|x86.Build.0 = Release|Win32
		{17BE97AB-0CA6-413F-AC47-ABFFC1D7AD92}.Debug|x64.ActiveCfg = Debug|x64
		{17BE97AB-0CA6-413F-AC47-ABFFC1D7AD92}.Debug|x64.Build.0 = Debug|x64
		{17BE97AB-0CA6-413F-AC47-ABFFC1D7AD92}.Debug|x86.ActiveCfg = Debug|Win32
		{17BE97AB-0CA6-413F-AC47-ABFFC1D7AD92}.Debug|x86.Build.0 = Debug|Win32
		{17BE97AB-0CA6-413F-AC47-ABFFC1D7AD92}.Release|x64.ActiveCfg = Release|x64
		{17BE97AB-0CA6-413F-AC47-ABFFC1D7AD92}.Release|x64.Build.0 = Release|x64
		{17BE97AB-0CA6-413F-AC47-ABFFC1D7AD92}.Release|x86.ActiveCfg = Release|Win32
		{17BE97AB-0CA6-413F-AC47-ABFFC1D7AD92}.Release|x86.Build.0 = Release|Win32
		{550C2684-0E25-4E6D-84DD-57C04F7630CE}.Debug|x64.ActiveCfg = Debug|x64
		{550C2684-0E25-4E6D-84DD-57C04F7630CE}.Debug|x64.Build.0 = Debug|x64
		{550C2684-0E25-4E6D-84DD-57C04F7630CE}.Debug|x86.ActiveCfg = Debug|Win32
		{550C2684-0E25-4E6D-84DD-57C04F7630CE}.Debug|x86.Build.0 = Debug|Win32
		{550C2684-0E25-4E6D-84DD-57C04F7630CE}.Release|x64.ActiveCfg = Release|x64
		{550C2684-0E25-4E6D-84DD-57C04F7630CE}.Release|x64.Build.0 = Release|x64
		{550C2684-0E25-4E6D-84DD-57C04F7630CE}.Release|x86.ActiveCfg = Release|Win32
		{550C2684-0E25-4E6D-84DD-57C04F7630CE}.Release|x86.Build.0 = Release|Win32
	EndGlobalSection
	GlobalSection(SolutionProperties) = preSolution
		HideSolutionNode = FALSE
	EndGlobalSection
	GlobalSection(NestedProjects) = preSolution
		{E98C31F2-C34C-45E4-8E06-03AAFDFEA836} = {C15BB3F3-8351-43BD-8F88-D9E96D6424C1}
		{E3937DB3-0DA1-4F45-8E8A-638C34290DE4} = {C15BB3F3-8351-43BD-8F88-D9E96D6424C1}
		{93BD3DB6-3BA6-487E-8E06-32771F4870EB} = {45583C36-B276-4434-AE77-FC5D21432ED6}
		{06AB29AC-5875-4324-A000-75B1BDE696AD} = {45583C36-B276-4434-AE77-FC5D21432ED6}
		{1A5BE0EE-D9B1-4AEA-952C-57EFAC1DC234} = {45583C36-B276-4434-AE77-FC5D21432ED6}
		{EF2A1406-ED87-4532-B69E-D7B28E384E21} = {45583C36-B276-4434-AE77-FC5D21432ED6}
		{6A298E08-18FB-4869-8C7C-1EC4DAC955F2} = {45583C36-B276-4434-AE77-FC5D21432ED6}
		{57C6FB29-6A17-41A4-9C0F-2BD1869E72EA} = {45583C36-B276-4434-AE77-FC5D21432ED6}
		{4C67478A-83E2-4478-BFA7-27FC3DB5B9B3} = {45583C36-B276-4434-AE77-FC5D21432ED6}
		{D2FAE018-758F-4AF5-8E75-D20E314B016C} = {45583C36-B276-4434-AE77-FC5D21432ED6}
		{BD0512EA-64BC-48CE-9297-57919B7DDA89} = {45583C36-B276-4434-AE77-FC5D21432ED6}
		{3484DE1D-56DE-4D78-AAD7-D79694ACC9E4} = {45583C36-B276-4434-AE77-FC5D21432ED6}
		{3155A252-C711-4DCF-B9C4-2137A74C3A80} = {C15BB3F3-8351-43BD-8F88-D9E96D6424C1}
		{5A062015-7556-474B-B7C1-30A56C832568} = {C15BB3F3-8351-43BD-8F88-D9E96D6424C1}
		{10A92837-FB99-4D88-A764-8154D415157F} = {C15BB3F3-8351-43BD-8F88-D9E96D6424C1}
		{CD06D078-66A2-4D59-8843-BCCDF04F5921} = {C15BB3F3-8351-43BD-8F88-D9E96D6424C1}
		{17BE97AB-0CA6-413F-AC47-ABFFC1D7AD92} = {C15BB3F3-8351-43BD-8F88-D9E96D6424C1}
		{A55C9F83-08FF-4C6B-A9D3-8CF5BC310B33} = {857168E8-3B30-4831-BE55-613C62486619}
		{550C2684-0E25-4E6D-84DD-57C04F7630CE} = {A55C9F83-08FF-4C6B-A9D3-8CF5BC310B33}
	EndGlobalSection
	GlobalSection(ExtensibilityGlobals) = postSolution
		SolutionGuid = {1422C9A4-19E5-46B5-B87A-0332F599DB6A}
	EndGlobalSection
EndGlobal
