
Microsoft Visual Studio Solution File, Format Version 12.00
# Visual Studio Version 16
VisualStudioVersion = 16.0.30413.136
MinimumVisualStudioVersion = 10.0.40219.1
Project("{8BC9CEB8-8B4A-11D0-8D11-00A0C91BC942}") = "MyLib", "Lec2\MyLib\MyLib.vcxproj", "{E98C31F2-C34C-45E4-8E06-03AAFDFEA836}"
EndProject
Project("{2150E333-8FDC-42A3-9474-1A3956D46DE8}") = "Lec2", "Lec2", "{C15BB3F3-8351-43BD-8F88-D9E96D6424C1}"
EndProject
Project("{8BC9CEB8-8B4A-11D0-8D11-00A0C91BC942}") = "UsingStaticLib", "Lec2\UsingStaticLib\UsingStaticLib.vcxproj", "{E3937DB3-0DA1-4F45-8E8A-638C34290DE4}"
EndProject
Project("{2150E333-8FDC-42A3-9474-1A3956D46DE8}") = "Lec1", "Lec1", "{45583C36-B276-4434-AE77-FC5D21432ED6}"
EndProject
Project("{8BC9CEB8-8B4A-11D0-8D11-00A0C91BC942}") = "Array Initialization", "Lec1\Array Initialization\Array Initialization.vcxproj", "{93BD3DB6-3BA6-487E-8E06-32771F4870EB}"
EndProject
Project("{8BC9CEB8-8B4A-11D0-8D11-00A0C91BC942}") = "break_continue", "Lec1\break_continue\break_continue.vcxproj", "{06AB29AC-5875-4324-A000-75B1BDE696AD}"
EndProject
Project("{8BC9CEB8-8B4A-11D0-8D11-00A0C91BC942}") = "do_while_statement", "Lec1\do_while_statement\do_while_statement.vcxproj", "{1A5BE0EE-D9B1-4AEA-952C-57EFAC1DC234}"
EndProject
Project("{8BC9CEB8-8B4A-11D0-8D11-00A0C91BC942}") = "for_loop_statement", "Lec1\for_loop_statement\for_loop_statement.vcxproj", "{EF2A1406-ED87-4532-B69E-D7B28E384E21}"
EndProject
Project("{8BC9CEB8-8B4A-11D0-8D11-00A0C91BC942}") = "if_else_statements", "Lec1\if_else_statements\if_else_statements.vcxproj", "{6A298E08-18FB-4869-8C7C-1EC4DAC955F2}"
EndProject
Project("{8BC9CEB8-8B4A-11D0-8D11-00A0C91BC942}") = "MultiDim_Array", "Lec1\MultiDim_Array\MultiDim_Array.vcxproj", "{57C6FB29-6A17-41A4-9C0F-2BD1869E72EA}"
EndProject
Project("{8BC9CEB8-8B4A-11D0-8D11-00A0C91BC942}") = "Over_Under_flow", "Lec1\Over_Under_flow\Over_Under_flow.vcxproj", "{4C67478A-83E2-4478-BFA7-27FC3DB5B9B3}"
EndProject
Project("{8BC9CEB8-8B4A-11D0-8D11-00A0C91BC942}") = "Precision_Issue_Handling", "Lec1\Presicion_Issue_Handling\Precision_Issue_Handling.vcxproj", "{D2FAE018-758F-4AF5-8E75-D20E314B016C}"
EndProject
Project("{8BC9CEB8-8B4A-11D0-8D11-00A0C91BC942}") = "sizeof_Function", "Lec1\sizeof_Function\sizeof_Function.vcxproj", "{BD0512EA-64BC-48CE-9297-57919B7DDA89}"
EndProject
Project("{8BC9CEB8-8B4A-11D0-8D11-00A0C91BC942}") = "while_statement", "Lec1\while_statement\while_statement.vcxproj", "{3484DE1D-56DE-4D78-AAD7-D79694ACC9E4}"
EndProject
Project("{8BC9CEB8-8B4A-11D0-8D11-00A0C91BC942}") = "DivisionLine", "Lec2\DivisionLine\DivisionLine.vcxproj", "{3155A252-C711-4DCF-B9C4-2137A74C3A80}"
EndProject
Project("{8BC9CEB8-8B4A-11D0-8D11-00A0C91BC942}") = "DivLine_Without_Function", "Lec2\DivLine_Without_Function\DivLine_Without_Function.vcxproj", "{5A062015-7556-474B-B7C1-30A56C832568}"
EndProject
Project("{8BC9CEB8-8B4A-11D0-8D11-00A0C91BC942}") = "Function_Declaration", "Lec2\Function_Declaration\Function_Declaration.vcxproj", "{10A92837-FB99-4D88-A764-8154D415157F}"
EndProject
Project("{8BC9CEB8-8B4A-11D0-8D11-00A0C91BC942}") = "Function_Definition_Call", "Lec2\Function_Definition_Call\Function_Definition_Call.vcxproj", "{CD06D078-66A2-4D59-8843-BCCDF04F5921}"
EndProject
Project("{8BC9CEB8-8B4A-11D0-8D11-00A0C91BC942}") = "SeparateFile_Declaration_Definition", "Lec2\SeparateFile_Declaration_Definition\SeparateFile_Declaration_Definition.vcxproj", "{17BE97AB-0CA6-413F-AC47-ABFFC1D7AD92}"
EndProject
Project("{2150E333-8FDC-42A3-9474-1A3956D46DE8}") = "Lab", "Lab", "{857168E8-3B30-4831-BE55-613C62486619}"
EndProject
Project("{8BC9CEB8-8B4A-11D0-8D11-00A0C91BC942}") = "BitOp_Character_Info", "Lab\BitOp_Character_Info\BitOp_Character_Info.vcxproj", "{550C2684-0E25-4E6D-84DD-57C04F7630CE}"
EndProject
Project("{8BC9CEB8-8B4A-11D0-8D11-00A0C91BC942}") = "FilterFunction", "Lab\FilterFunction\FilterFunction.vcxproj", "{7D278458-81CB-4D22-84D3-534EE9662D94}"
EndProject
Project("{8BC9CEB8-8B4A-11D0-8D11-00A0C91BC942}") = "DS_Info", "Lab\DS_Info\DS_Info.vcxproj", "{8326DF3B-E046-47A0-A042-7B7FED139922}"
EndProject
Project("{2150E333-8FDC-42A3-9474-1A3956D46DE8}") = "Lec3", "Lec3", "{445E2CE5-8D51-4EAB-80D8-5DA6DA4C37D1}"
EndProject
Project("{8BC9CEB8-8B4A-11D0-8D11-00A0C91BC942}") = "Lifetime_of_Variables", "Lec3\Lifetime_of_Variables\Lifetime_of_Variables.vcxproj", "{8471C1AD-1AD5-498E-AEFF-27468EAB4635}"
EndProject
Project("{8BC9CEB8-8B4A-11D0-8D11-00A0C91BC942}") = "GlobalVariable", "Lec3\GlobalVariable\GlobalVariable.vcxproj", "{4E4F8B24-7EBD-4EB8-80BD-1529D441EE79}"
EndProject
Project("{8BC9CEB8-8B4A-11D0-8D11-00A0C91BC942}") = "LocalVariable", "Lec3\LocalVariable\LocalVariable.vcxproj", "{9D7758B1-5D0D-4888-8617-F635C7C75925}"
EndProject
Project("{8BC9CEB8-8B4A-11D0-8D11-00A0C91BC942}") = "LocalStaticVariable", "Lec3\LocalStaticVariable\LocalStaticVariable.vcxproj", "{A26FA735-F7D5-44BB-84F2-A24A2DBC450A}"
EndProject
Project("{8BC9CEB8-8B4A-11D0-8D11-00A0C91BC942}") = "Extern", "Lec3\Extern\Extern.vcxproj", "{4C093522-3051-4D82-9563-730F18D46AF9}"
EndProject
Project("{8BC9CEB8-8B4A-11D0-8D11-00A0C91BC942}") = "Function_N_StackFrame", "Lec3\Function_N_StackFrame\Function_N_StackFrame.vcxproj", "{5324E229-1755-4DB6-90A2-E6A4C17B1D3E}"
EndProject
Project("{8BC9CEB8-8B4A-11D0-8D11-00A0C91BC942}") = "Function_N_Array", "Lec3\Function_N_Array\Function_N_Array.vcxproj", "{0F8A0F20-C7E1-44D6-A0D6-C22CEB294002}"
EndProject
Project("{8BC9CEB8-8B4A-11D0-8D11-00A0C91BC942}") = "Func_N_MultiDimArray", "Lec3\Func_N_MultiDimArray\Func_N_MultiDimArray.vcxproj", "{F70F6BE9-9DB4-4ECB-91B7-4E829177B09A}"
EndProject
Project("{8BC9CEB8-8B4A-11D0-8D11-00A0C91BC942}") = "Factorial", "Lec3\Factorial\Factorial.vcxproj", "{9A182A49-0CA9-4019-929E-B9A08FE04732}"
EndProject
Project("{8BC9CEB8-8B4A-11D0-8D11-00A0C91BC942}") = "Digit2Binary", "Lec3\Digit2Binary\Digit2Binary.vcxproj", "{42650C07-2A13-4A21-BD1B-6C9EBD9FF8EF}"
EndProject
Project("{8BC9CEB8-8B4A-11D0-8D11-00A0C91BC942}") = "HanoiTower", "Lec3\HanoiTower\HanoiTower.vcxproj", "{8200CA87-A0E9-4AE4-9EE6-78508099961B}"
EndProject
Project("{8BC9CEB8-8B4A-11D0-8D11-00A0C91BC942}") = "TeamWorkByLib", "Lab\TeamWorkByLib\TeamWorkByLib.vcxproj", "{135FF31B-8F29-40E6-976F-2DC0D72CC155}"
EndProject
Project("{2150E333-8FDC-42A3-9474-1A3956D46DE8}") = "Lec4", "Lec4", "{47D688BA-523C-4CD3-9D65-8BA685F24265}"
EndProject
Project("{8BC9CEB8-8B4A-11D0-8D11-00A0C91BC942}") = "AddressOf", "Lec4\AddressOf\AddressOf.vcxproj", "{38E5F14A-CDBA-4D05-AFC6-282CFCB1EE30}"
EndProject
Project("{8BC9CEB8-8B4A-11D0-8D11-00A0C91BC942}") = "Pointer", "Lec4\Pointer\Pointer.vcxproj", "{8F6545C8-DE8F-4E7B-93A7-558CFD5D881D}"
EndProject
Project("{8BC9CEB8-8B4A-11D0-8D11-00A0C91BC942}") = "ChangeValueByPointer", "Lec4\ChangeValueByPointer\ChangeValueByPointer.vcxproj", "{DCE84D8D-2EA4-49F0-BC81-32CCF69F2563}"
EndProject
Project("{8BC9CEB8-8B4A-11D0-8D11-00A0C91BC942}") = "Swap", "Lec4\Swap\Swap.vcxproj", "{7901268F-16B4-42DB-8AFC-2DECA96B79D7}"
EndProject
Project("{8BC9CEB8-8B4A-11D0-8D11-00A0C91BC942}") = "ChangeToThree", "Lec4\ChangeToThree\ChangeToThree.vcxproj", "{6D2705BA-C8FD-43F2-8C09-1E28AC71C6B7}"
EndProject
Project("{8BC9CEB8-8B4A-11D0-8D11-00A0C91BC942}") = "MultipleOutputs", "Lec4\MultipleOutputs\MultipleOutputs.vcxproj", "{4F672D89-46E5-4DE8-9D66-72191DFB5FCE}"
EndProject
Project("{8BC9CEB8-8B4A-11D0-8D11-00A0C91BC942}") = "Const", "Lec4\Const\Const.vcxproj", "{C5F44516-769F-4509-8D41-1E438F3656EF}"
EndProject
Project("{8BC9CEB8-8B4A-11D0-8D11-00A0C91BC942}") = "ReturnPointer", "Lec4\ReturnPointer\ReturnPointer.vcxproj", "{F19DEAFE-0637-4E6F-AD4A-2448853338FA}"
EndProject
Project("{8BC9CEB8-8B4A-11D0-8D11-00A0C91BC942}") = "Sum_voidPointer", "Lec4\Sum_voidPointer\Sum_voidPointer.vcxproj", "{120FE574-1EA2-437C-8694-D2693E085B97}"
EndProject
Project("{8BC9CEB8-8B4A-11D0-8D11-00A0C91BC942}") = "functionPointer", "Lec4\functionPointer\functionPointer.vcxproj", "{AF2AFF56-66C8-4912-A452-A5902A43CC48}"
EndProject
Project("{8BC9CEB8-8B4A-11D0-8D11-00A0C91BC942}") = "TreasureHunter", "Lab\TreasureHunter\TreasureHunter.vcxproj", "{3BFE458F-204D-4E53-B89A-94A08ABF83F1}"
EndProject
Project("{8BC9CEB8-8B4A-11D0-8D11-00A0C91BC942}") = "TreasureMap", "Lab\TreasureMap\TreasureMap.vcxproj", "{CEF20A18-C0DA-4346-BD41-ADBD13254D92}"
EndProject
Project("{2150E333-8FDC-42A3-9474-1A3956D46DE8}") = "Lec5", "Lec5", "{6906A1CE-4CD1-4D89-829D-26AC9C49B4DB}"
EndProject
Project("{8BC9CEB8-8B4A-11D0-8D11-00A0C91BC942}") = "ArrayName", "Lec5\ArrayName\ArrayName.vcxproj", "{3F10C41F-8414-459E-9B23-BA2426390E2D}"
EndProject
Project("{8BC9CEB8-8B4A-11D0-8D11-00A0C91BC942}") = "PointerArithmetic", "Lec5\PointerArithmetic\PointerArithmetic.vcxproj", "{B4BD7817-1825-4FF2-965F-5CDB0FA71646}"
EndProject
Project("{8BC9CEB8-8B4A-11D0-8D11-00A0C91BC942}") = "AccessArrayByPointer", "Lec5\AccessArrayByPointer\AccessArrayByPointer.vcxproj", "{8CC41518-071F-4456-A9F1-C922A3A1A140}"
EndProject
Project("{8BC9CEB8-8B4A-11D0-8D11-00A0C91BC942}") = "PointerArithmetic_caution", "Lec5\PointerArithmetic_caution\PointerArithmetic_caution.vcxproj", "{F73EAD6F-AE26-46BF-9F3B-5FB7BAA8A473}"
EndProject
Project("{8BC9CEB8-8B4A-11D0-8D11-00A0C91BC942}") = "Pointer_MultiDimArray", "Lec5\Pointer_MultiDimArray\Pointer_MultiDimArray.vcxproj", "{0056A971-CF00-4C7C-9FCC-5CFC9BAC3B1E}"
EndProject
Project("{8BC9CEB8-8B4A-11D0-8D11-00A0C91BC942}") = "Transfer_SpecificRow", "Lec5\Transfer_SpecificRow\Transfer_SpecificRow.vcxproj", "{D56DB1E1-9558-4690-AB54-EDFF5CC41013}"
EndProject
Project("{8BC9CEB8-8B4A-11D0-8D11-00A0C91BC942}") = "DoublePointer", "Lec5\DoublePointer\DoublePointer.vcxproj", "{97A4AEAC-75BF-4538-AC9E-5C93C9CD3DE9}"
EndProject
Global
	GlobalSection(SolutionConfigurationPlatforms) = preSolution
		Debug|x64 = Debug|x64
		Debug|x86 = Debug|x86
		Release|x64 = Release|x64
		Release|x86 = Release|x86
	EndGlobalSection
	GlobalSection(ProjectConfigurationPlatforms) = postSolution
		{E98C31F2-C34C-45E4-8E06-03AAFDFEA836}.Debug|x64.ActiveCfg = Debug|x64
		{E98C31F2-C34C-45E4-8E06-03AAFDFEA836}.Debug|x64.Build.0 = Debug|x64
		{E98C31F2-C34C-45E4-8E06-03AAFDFEA836}.Debug|x86.ActiveCfg = Debug|Win32
		{E98C31F2-C34C-45E4-8E06-03AAFDFEA836}.Debug|x86.Build.0 = Debug|Win32
		{E98C31F2-C34C-45E4-8E06-03AAFDFEA836}.Release|x64.ActiveCfg = Release|x64
		{E98C31F2-C34C-45E4-8E06-03AAFDFEA836}.Release|x64.Build.0 = Release|x64
		{E98C31F2-C34C-45E4-8E06-03AAFDFEA836}.Release|x86.ActiveCfg = Release|Win32
		{E98C31F2-C34C-45E4-8E06-03AAFDFEA836}.Release|x86.Build.0 = Release|Win32
		{E3937DB3-0DA1-4F45-8E8A-638C34290DE4}.Debug|x64.ActiveCfg = Debug|x64
		{E3937DB3-0DA1-4F45-8E8A-638C34290DE4}.Debug|x64.Build.0 = Debug|x64
		{E3937DB3-0DA1-4F45-8E8A-638C34290DE4}.Debug|x86.ActiveCfg = Debug|Win32
		{E3937DB3-0DA1-4F45-8E8A-638C34290DE4}.Debug|x86.Build.0 = Debug|Win32
		{E3937DB3-0DA1-4F45-8E8A-638C34290DE4}.Release|x64.ActiveCfg = Release|x64
		{E3937DB3-0DA1-4F45-8E8A-638C34290DE4}.Release|x64.Build.0 = Release|x64
		{E3937DB3-0DA1-4F45-8E8A-638C34290DE4}.Release|x86.ActiveCfg = Release|Win32
		{E3937DB3-0DA1-4F45-8E8A-638C34290DE4}.Release|x86.Build.0 = Release|Win32
		{93BD3DB6-3BA6-487E-8E06-32771F4870EB}.Debug|x64.ActiveCfg = Debug|x64
		{93BD3DB6-3BA6-487E-8E06-32771F4870EB}.Debug|x64.Build.0 = Debug|x64
		{93BD3DB6-3BA6-487E-8E06-32771F4870EB}.Debug|x86.ActiveCfg = Debug|Win32
		{93BD3DB6-3BA6-487E-8E06-32771F4870EB}.Debug|x86.Build.0 = Debug|Win32
		{93BD3DB6-3BA6-487E-8E06-32771F4870EB}.Release|x64.ActiveCfg = Release|x64
		{93BD3DB6-3BA6-487E-8E06-32771F4870EB}.Release|x64.Build.0 = Release|x64
		{93BD3DB6-3BA6-487E-8E06-32771F4870EB}.Release|x86.ActiveCfg = Release|Win32
		{93BD3DB6-3BA6-487E-8E06-32771F4870EB}.Release|x86.Build.0 = Release|Win32
		{06AB29AC-5875-4324-A000-75B1BDE696AD}.Debug|x64.ActiveCfg = Debug|x64
		{06AB29AC-5875-4324-A000-75B1BDE696AD}.Debug|x64.Build.0 = Debug|x64
		{06AB29AC-5875-4324-A000-75B1BDE696AD}.Debug|x86.ActiveCfg = Debug|Win32
		{06AB29AC-5875-4324-A000-75B1BDE696AD}.Debug|x86.Build.0 = Debug|Win32
		{06AB29AC-5875-4324-A000-75B1BDE696AD}.Release|x64.ActiveCfg = Release|x64
		{06AB29AC-5875-4324-A000-75B1BDE696AD}.Release|x64.Build.0 = Release|x64
		{06AB29AC-5875-4324-A000-75B1BDE696AD}.Release|x86.ActiveCfg = Release|Win32
		{06AB29AC-5875-4324-A000-75B1BDE696AD}.Release|x86.Build.0 = Release|Win32
		{1A5BE0EE-D9B1-4AEA-952C-57EFAC1DC234}.Debug|x64.ActiveCfg = Debug|x64
		{1A5BE0EE-D9B1-4AEA-952C-57EFAC1DC234}.Debug|x64.Build.0 = Debug|x64
		{1A5BE0EE-D9B1-4AEA-952C-57EFAC1DC234}.Debug|x86.ActiveCfg = Debug|Win32
		{1A5BE0EE-D9B1-4AEA-952C-57EFAC1DC234}.Debug|x86.Build.0 = Debug|Win32
		{1A5BE0EE-D9B1-4AEA-952C-57EFAC1DC234}.Release|x64.ActiveCfg = Release|x64
		{1A5BE0EE-D9B1-4AEA-952C-57EFAC1DC234}.Release|x64.Build.0 = Release|x64
		{1A5BE0EE-D9B1-4AEA-952C-57EFAC1DC234}.Release|x86.ActiveCfg = Release|Win32
		{1A5BE0EE-D9B1-4AEA-952C-57EFAC1DC234}.Release|x86.Build.0 = Release|Win32
		{EF2A1406-ED87-4532-B69E-D7B28E384E21}.Debug|x64.ActiveCfg = Debug|x64
		{EF2A1406-ED87-4532-B69E-D7B28E384E21}.Debug|x64.Build.0 = Debug|x64
		{EF2A1406-ED87-4532-B69E-D7B28E384E21}.Debug|x86.ActiveCfg = Debug|Win32
		{EF2A1406-ED87-4532-B69E-D7B28E384E21}.Debug|x86.Build.0 = Debug|Win32
		{EF2A1406-ED87-4532-B69E-D7B28E384E21}.Release|x64.ActiveCfg = Release|x64
		{EF2A1406-ED87-4532-B69E-D7B28E384E21}.Release|x64.Build.0 = Release|x64
		{EF2A1406-ED87-4532-B69E-D7B28E384E21}.Release|x86.ActiveCfg = Release|Win32
		{EF2A1406-ED87-4532-B69E-D7B28E384E21}.Release|x86.Build.0 = Release|Win32
		{6A298E08-18FB-4869-8C7C-1EC4DAC955F2}.Debug|x64.ActiveCfg = Debug|x64
		{6A298E08-18FB-4869-8C7C-1EC4DAC955F2}.Debug|x64.Build.0 = Debug|x64
		{6A298E08-18FB-4869-8C7C-1EC4DAC955F2}.Debug|x86.ActiveCfg = Debug|Win32
		{6A298E08-18FB-4869-8C7C-1EC4DAC955F2}.Debug|x86.Build.0 = Debug|Win32
		{6A298E08-18FB-4869-8C7C-1EC4DAC955F2}.Release|x64.ActiveCfg = Release|x64
		{6A298E08-18FB-4869-8C7C-1EC4DAC955F2}.Release|x64.Build.0 = Release|x64
		{6A298E08-18FB-4869-8C7C-1EC4DAC955F2}.Release|x86.ActiveCfg = Release|Win32
		{6A298E08-18FB-4869-8C7C-1EC4DAC955F2}.Release|x86.Build.0 = Release|Win32
		{57C6FB29-6A17-41A4-9C0F-2BD1869E72EA}.Debug|x64.ActiveCfg = Debug|x64
		{57C6FB29-6A17-41A4-9C0F-2BD1869E72EA}.Debug|x64.Build.0 = Debug|x64
		{57C6FB29-6A17-41A4-9C0F-2BD1869E72EA}.Debug|x86.ActiveCfg = Debug|Win32
		{57C6FB29-6A17-41A4-9C0F-2BD1869E72EA}.Debug|x86.Build.0 = Debug|Win32
		{57C6FB29-6A17-41A4-9C0F-2BD1869E72EA}.Release|x64.ActiveCfg = Release|x64
		{57C6FB29-6A17-41A4-9C0F-2BD1869E72EA}.Release|x64.Build.0 = Release|x64
		{57C6FB29-6A17-41A4-9C0F-2BD1869E72EA}.Release|x86.ActiveCfg = Release|Win32
		{57C6FB29-6A17-41A4-9C0F-2BD1869E72EA}.Release|x86.Build.0 = Release|Win32
		{4C67478A-83E2-4478-BFA7-27FC3DB5B9B3}.Debug|x64.ActiveCfg = Debug|x64
		{4C67478A-83E2-4478-BFA7-27FC3DB5B9B3}.Debug|x64.Build.0 = Debug|x64
		{4C67478A-83E2-4478-BFA7-27FC3DB5B9B3}.Debug|x86.ActiveCfg = Debug|Win32
		{4C67478A-83E2-4478-BFA7-27FC3DB5B9B3}.Debug|x86.Build.0 = Debug|Win32
		{4C67478A-83E2-4478-BFA7-27FC3DB5B9B3}.Release|x64.ActiveCfg = Release|x64
		{4C67478A-83E2-4478-BFA7-27FC3DB5B9B3}.Release|x64.Build.0 = Release|x64
		{4C67478A-83E2-4478-BFA7-27FC3DB5B9B3}.Release|x86.ActiveCfg = Release|Win32
		{4C67478A-83E2-4478-BFA7-27FC3DB5B9B3}.Release|x86.Build.0 = Release|Win32
		{D2FAE018-758F-4AF5-8E75-D20E314B016C}.Debug|x64.ActiveCfg = Debug|x64
		{D2FAE018-758F-4AF5-8E75-D20E314B016C}.Debug|x64.Build.0 = Debug|x64
		{D2FAE018-758F-4AF5-8E75-D20E314B016C}.Debug|x86.ActiveCfg = Debug|Win32
		{D2FAE018-758F-4AF5-8E75-D20E314B016C}.Debug|x86.Build.0 = Debug|Win32
		{D2FAE018-758F-4AF5-8E75-D20E314B016C}.Release|x64.ActiveCfg = Release|x64
		{D2FAE018-758F-4AF5-8E75-D20E314B016C}.Release|x64.Build.0 = Release|x64
		{D2FAE018-758F-4AF5-8E75-D20E314B016C}.Release|x86.ActiveCfg = Release|Win32
		{D2FAE018-758F-4AF5-8E75-D20E314B016C}.Release|x86.Build.0 = Release|Win32
		{BD0512EA-64BC-48CE-9297-57919B7DDA89}.Debug|x64.ActiveCfg = Debug|x64
		{BD0512EA-64BC-48CE-9297-57919B7DDA89}.Debug|x64.Build.0 = Debug|x64
		{BD0512EA-64BC-48CE-9297-57919B7DDA89}.Debug|x86.ActiveCfg = Debug|Win32
		{BD0512EA-64BC-48CE-9297-57919B7DDA89}.Debug|x86.Build.0 = Debug|Win32
		{BD0512EA-64BC-48CE-9297-57919B7DDA89}.Release|x64.ActiveCfg = Release|x64
		{BD0512EA-64BC-48CE-9297-57919B7DDA89}.Release|x64.Build.0 = Release|x64
		{BD0512EA-64BC-48CE-9297-57919B7DDA89}.Release|x86.ActiveCfg = Release|Win32
		{BD0512EA-64BC-48CE-9297-57919B7DDA89}.Release|x86.Build.0 = Release|Win32
		{3484DE1D-56DE-4D78-AAD7-D79694ACC9E4}.Debug|x64.ActiveCfg = Debug|x64
		{3484DE1D-56DE-4D78-AAD7-D79694ACC9E4}.Debug|x64.Build.0 = Debug|x64
		{3484DE1D-56DE-4D78-AAD7-D79694ACC9E4}.Debug|x86.ActiveCfg = Debug|Win32
		{3484DE1D-56DE-4D78-AAD7-D79694ACC9E4}.Debug|x86.Build.0 = Debug|Win32
		{3484DE1D-56DE-4D78-AAD7-D79694ACC9E4}.Release|x64.ActiveCfg = Release|x64
		{3484DE1D-56DE-4D78-AAD7-D79694ACC9E4}.Release|x64.Build.0 = Release|x64
		{3484DE1D-56DE-4D78-AAD7-D79694ACC9E4}.Release|x86.ActiveCfg = Release|Win32
		{3484DE1D-56DE-4D78-AAD7-D79694ACC9E4}.Release|x86.Build.0 = Release|Win32
		{3155A252-C711-4DCF-B9C4-2137A74C3A80}.Debug|x64.ActiveCfg = Debug|x64
		{3155A252-C711-4DCF-B9C4-2137A74C3A80}.Debug|x64.Build.0 = Debug|x64
		{3155A252-C711-4DCF-B9C4-2137A74C3A80}.Debug|x86.ActiveCfg = Debug|Win32
		{3155A252-C711-4DCF-B9C4-2137A74C3A80}.Debug|x86.Build.0 = Debug|Win32
		{3155A252-C711-4DCF-B9C4-2137A74C3A80}.Release|x64.ActiveCfg = Release|x64
		{3155A252-C711-4DCF-B9C4-2137A74C3A80}.Release|x64.Build.0 = Release|x64
		{3155A252-C711-4DCF-B9C4-2137A74C3A80}.Release|x86.ActiveCfg = Release|Win32
		{3155A252-C711-4DCF-B9C4-2137A74C3A80}.Release|x86.Build.0 = Release|Win32
		{5A062015-7556-474B-B7C1-30A56C832568}.Debug|x64.ActiveCfg = Debug|x64
		{5A062015-7556-474B-B7C1-30A56C832568}.Debug|x64.Build.0 = Debug|x64
		{5A062015-7556-474B-B7C1-30A56C832568}.Debug|x86.ActiveCfg = Debug|Win32
		{5A062015-7556-474B-B7C1-30A56C832568}.Debug|x86.Build.0 = Debug|Win32
		{5A062015-7556-474B-B7C1-30A56C832568}.Release|x64.ActiveCfg = Release|x64
		{5A062015-7556-474B-B7C1-30A56C832568}.Release|x64.Build.0 = Release|x64
		{5A062015-7556-474B-B7C1-30A56C832568}.Release|x86.ActiveCfg = Release|Win32
		{5A062015-7556-474B-B7C1-30A56C832568}.Release|x86.Build.0 = Release|Win32
		{10A92837-FB99-4D88-A764-8154D415157F}.Debug|x64.ActiveCfg = Debug|x64
		{10A92837-FB99-4D88-A764-8154D415157F}.Debug|x64.Build.0 = Debug|x64
		{10A92837-FB99-4D88-A764-8154D415157F}.Debug|x86.ActiveCfg = Debug|Win32
		{10A92837-FB99-4D88-A764-8154D415157F}.Debug|x86.Build.0 = Debug|Win32
		{10A92837-FB99-4D88-A764-8154D415157F}.Release|x64.ActiveCfg = Release|x64
		{10A92837-FB99-4D88-A764-8154D415157F}.Release|x64.Build.0 = Release|x64
		{10A92837-FB99-4D88-A764-8154D415157F}.Release|x86.ActiveCfg = Release|Win32
		{10A92837-FB99-4D88-A764-8154D415157F}.Release|x86.Build.0 = Release|Win32
		{CD06D078-66A2-4D59-8843-BCCDF04F5921}.Debug|x64.ActiveCfg = Debug|x64
		{CD06D078-66A2-4D59-8843-BCCDF04F5921}.Debug|x64.Build.0 = Debug|x64
		{CD06D078-66A2-4D59-8843-BCCDF04F5921}.Debug|x86.ActiveCfg = Debug|Win32
		{CD06D078-66A2-4D59-8843-BCCDF04F5921}.Debug|x86.Build.0 = Debug|Win32
		{CD06D078-66A2-4D59-8843-BCCDF04F5921}.Release|x64.ActiveCfg = Release|x64
		{CD06D078-66A2-4D59-8843-BCCDF04F5921}.Release|x64.Build.0 = Release|x64
		{CD06D078-66A2-4D59-8843-BCCDF04F5921}.Release|x86.ActiveCfg = Release|Win32
		{CD06D078-66A2-4D59-8843-BCCDF04F5921}.Release|x86.Build.0 = Release|Win32
		{17BE97AB-0CA6-413F-AC47-ABFFC1D7AD92}.Debug|x64.ActiveCfg = Debug|x64
		{17BE97AB-0CA6-413F-AC47-ABFFC1D7AD92}.Debug|x64.Build.0 = Debug|x64
		{17BE97AB-0CA6-413F-AC47-ABFFC1D7AD92}.Debug|x86.ActiveCfg = Debug|Win32
		{17BE97AB-0CA6-413F-AC47-ABFFC1D7AD92}.Debug|x86.Build.0 = Debug|Win32
		{17BE97AB-0CA6-413F-AC47-ABFFC1D7AD92}.Release|x64.ActiveCfg = Release|x64
		{17BE97AB-0CA6-413F-AC47-ABFFC1D7AD92}.Release|x64.Build.0 = Release|x64
		{17BE97AB-0CA6-413F-AC47-ABFFC1D7AD92}.Release|x86.ActiveCfg = Release|Win32
		{17BE97AB-0CA6-413F-AC47-ABFFC1D7AD92}.Release|x86.Build.0 = Release|Win32
		{550C2684-0E25-4E6D-84DD-57C04F7630CE}.Debug|x64.ActiveCfg = Debug|x64
		{550C2684-0E25-4E6D-84DD-57C04F7630CE}.Debug|x64.Build.0 = Debug|x64
		{550C2684-0E25-4E6D-84DD-57C04F7630CE}.Debug|x86.ActiveCfg = Debug|Win32
		{550C2684-0E25-4E6D-84DD-57C04F7630CE}.Debug|x86.Build.0 = Debug|Win32
		{550C2684-0E25-4E6D-84DD-57C04F7630CE}.Release|x64.ActiveCfg = Release|x64
		{550C2684-0E25-4E6D-84DD-57C04F7630CE}.Release|x64.Build.0 = Release|x64
		{550C2684-0E25-4E6D-84DD-57C04F7630CE}.Release|x86.ActiveCfg = Release|Win32
		{550C2684-0E25-4E6D-84DD-57C04F7630CE}.Release|x86.Build.0 = Release|Win32
		{7D278458-81CB-4D22-84D3-534EE9662D94}.Debug|x64.ActiveCfg = Debug|x64
		{7D278458-81CB-4D22-84D3-534EE9662D94}.Debug|x64.Build.0 = Debug|x64
		{7D278458-81CB-4D22-84D3-534EE9662D94}.Debug|x86.ActiveCfg = Debug|Win32
		{7D278458-81CB-4D22-84D3-534EE9662D94}.Debug|x86.Build.0 = Debug|Win32
		{7D278458-81CB-4D22-84D3-534EE9662D94}.Release|x64.ActiveCfg = Release|x64
		{7D278458-81CB-4D22-84D3-534EE9662D94}.Release|x64.Build.0 = Release|x64
		{7D278458-81CB-4D22-84D3-534EE9662D94}.Release|x86.ActiveCfg = Release|Win32
		{7D278458-81CB-4D22-84D3-534EE9662D94}.Release|x86.Build.0 = Release|Win32
		{8326DF3B-E046-47A0-A042-7B7FED139922}.Debug|x64.ActiveCfg = Debug|x64
		{8326DF3B-E046-47A0-A042-7B7FED139922}.Debug|x64.Build.0 = Debug|x64
		{8326DF3B-E046-47A0-A042-7B7FED139922}.Debug|x86.ActiveCfg = Debug|Win32
		{8326DF3B-E046-47A0-A042-7B7FED139922}.Debug|x86.Build.0 = Debug|Win32
		{8326DF3B-E046-47A0-A042-7B7FED139922}.Release|x64.ActiveCfg = Release|x64
		{8326DF3B-E046-47A0-A042-7B7FED139922}.Release|x64.Build.0 = Release|x64
		{8326DF3B-E046-47A0-A042-7B7FED139922}.Release|x86.ActiveCfg = Release|Win32
		{8326DF3B-E046-47A0-A042-7B7FED139922}.Release|x86.Build.0 = Release|Win32
		{8471C1AD-1AD5-498E-AEFF-27468EAB4635}.Debug|x64.ActiveCfg = Debug|x64
		{8471C1AD-1AD5-498E-AEFF-27468EAB4635}.Debug|x64.Build.0 = Debug|x64
		{8471C1AD-1AD5-498E-AEFF-27468EAB4635}.Debug|x86.ActiveCfg = Debug|Win32
		{8471C1AD-1AD5-498E-AEFF-27468EAB4635}.Debug|x86.Build.0 = Debug|Win32
		{8471C1AD-1AD5-498E-AEFF-27468EAB4635}.Release|x64.ActiveCfg = Release|x64
		{8471C1AD-1AD5-498E-AEFF-27468EAB4635}.Release|x64.Build.0 = Release|x64
		{8471C1AD-1AD5-498E-AEFF-27468EAB4635}.Release|x86.ActiveCfg = Release|Win32
		{8471C1AD-1AD5-498E-AEFF-27468EAB4635}.Release|x86.Build.0 = Release|Win32
		{4E4F8B24-7EBD-4EB8-80BD-1529D441EE79}.Debug|x64.ActiveCfg = Debug|x64
		{4E4F8B24-7EBD-4EB8-80BD-1529D441EE79}.Debug|x64.Build.0 = Debug|x64
		{4E4F8B24-7EBD-4EB8-80BD-1529D441EE79}.Debug|x86.ActiveCfg = Debug|Win32
		{4E4F8B24-7EBD-4EB8-80BD-1529D441EE79}.Debug|x86.Build.0 = Debug|Win32
		{4E4F8B24-7EBD-4EB8-80BD-1529D441EE79}.Release|x64.ActiveCfg = Release|x64
		{4E4F8B24-7EBD-4EB8-80BD-1529D441EE79}.Release|x64.Build.0 = Release|x64
		{4E4F8B24-7EBD-4EB8-80BD-1529D441EE79}.Release|x86.ActiveCfg = Release|Win32
		{4E4F8B24-7EBD-4EB8-80BD-1529D441EE79}.Release|x86.Build.0 = Release|Win32
		{9D7758B1-5D0D-4888-8617-F635C7C75925}.Debug|x64.ActiveCfg = Debug|x64
		{9D7758B1-5D0D-4888-8617-F635C7C75925}.Debug|x64.Build.0 = Debug|x64
		{9D7758B1-5D0D-4888-8617-F635C7C75925}.Debug|x86.ActiveCfg = Debug|Win32
		{9D7758B1-5D0D-4888-8617-F635C7C75925}.Debug|x86.Build.0 = Debug|Win32
		{9D7758B1-5D0D-4888-8617-F635C7C75925}.Release|x64.ActiveCfg = Release|x64
		{9D7758B1-5D0D-4888-8617-F635C7C75925}.Release|x64.Build.0 = Release|x64
		{9D7758B1-5D0D-4888-8617-F635C7C75925}.Release|x86.ActiveCfg = Release|Win32
		{9D7758B1-5D0D-4888-8617-F635C7C75925}.Release|x86.Build.0 = Release|Win32
		{A26FA735-F7D5-44BB-84F2-A24A2DBC450A}.Debug|x64.ActiveCfg = Debug|x64
		{A26FA735-F7D5-44BB-84F2-A24A2DBC450A}.Debug|x64.Build.0 = Debug|x64
		{A26FA735-F7D5-44BB-84F2-A24A2DBC450A}.Debug|x86.ActiveCfg = Debug|Win32
		{A26FA735-F7D5-44BB-84F2-A24A2DBC450A}.Debug|x86.Build.0 = Debug|Win32
		{A26FA735-F7D5-44BB-84F2-A24A2DBC450A}.Release|x64.ActiveCfg = Release|x64
		{A26FA735-F7D5-44BB-84F2-A24A2DBC450A}.Release|x64.Build.0 = Release|x64
		{A26FA735-F7D5-44BB-84F2-A24A2DBC450A}.Release|x86.ActiveCfg = Release|Win32
		{A26FA735-F7D5-44BB-84F2-A24A2DBC450A}.Release|x86.Build.0 = Release|Win32
		{4C093522-3051-4D82-9563-730F18D46AF9}.Debug|x64.ActiveCfg = Debug|x64
		{4C093522-3051-4D82-9563-730F18D46AF9}.Debug|x64.Build.0 = Debug|x64
		{4C093522-3051-4D82-9563-730F18D46AF9}.Debug|x86.ActiveCfg = Debug|Win32
		{4C093522-3051-4D82-9563-730F18D46AF9}.Debug|x86.Build.0 = Debug|Win32
		{4C093522-3051-4D82-9563-730F18D46AF9}.Release|x64.ActiveCfg = Release|x64
		{4C093522-3051-4D82-9563-730F18D46AF9}.Release|x64.Build.0 = Release|x64
		{4C093522-3051-4D82-9563-730F18D46AF9}.Release|x86.ActiveCfg = Release|Win32
		{4C093522-3051-4D82-9563-730F18D46AF9}.Release|x86.Build.0 = Release|Win32
		{5324E229-1755-4DB6-90A2-E6A4C17B1D3E}.Debug|x64.ActiveCfg = Debug|x64
		{5324E229-1755-4DB6-90A2-E6A4C17B1D3E}.Debug|x64.Build.0 = Debug|x64
		{5324E229-1755-4DB6-90A2-E6A4C17B1D3E}.Debug|x86.ActiveCfg = Debug|Win32
		{5324E229-1755-4DB6-90A2-E6A4C17B1D3E}.Debug|x86.Build.0 = Debug|Win32
		{5324E229-1755-4DB6-90A2-E6A4C17B1D3E}.Release|x64.ActiveCfg = Release|x64
		{5324E229-1755-4DB6-90A2-E6A4C17B1D3E}.Release|x64.Build.0 = Release|x64
		{5324E229-1755-4DB6-90A2-E6A4C17B1D3E}.Release|x86.ActiveCfg = Release|Win32
		{5324E229-1755-4DB6-90A2-E6A4C17B1D3E}.Release|x86.Build.0 = Release|Win32
		{0F8A0F20-C7E1-44D6-A0D6-C22CEB294002}.Debug|x64.ActiveCfg = Debug|x64
		{0F8A0F20-C7E1-44D6-A0D6-C22CEB294002}.Debug|x64.Build.0 = Debug|x64
		{0F8A0F20-C7E1-44D6-A0D6-C22CEB294002}.Debug|x86.ActiveCfg = Debug|Win32
		{0F8A0F20-C7E1-44D6-A0D6-C22CEB294002}.Debug|x86.Build.0 = Debug|Win32
		{0F8A0F20-C7E1-44D6-A0D6-C22CEB294002}.Release|x64.ActiveCfg = Release|x64
		{0F8A0F20-C7E1-44D6-A0D6-C22CEB294002}.Release|x64.Build.0 = Release|x64
		{0F8A0F20-C7E1-44D6-A0D6-C22CEB294002}.Release|x86.ActiveCfg = Release|Win32
		{0F8A0F20-C7E1-44D6-A0D6-C22CEB294002}.Release|x86.Build.0 = Release|Win32
		{F70F6BE9-9DB4-4ECB-91B7-4E829177B09A}.Debug|x64.ActiveCfg = Debug|x64
		{F70F6BE9-9DB4-4ECB-91B7-4E829177B09A}.Debug|x64.Build.0 = Debug|x64
		{F70F6BE9-9DB4-4ECB-91B7-4E829177B09A}.Debug|x86.ActiveCfg = Debug|Win32
		{F70F6BE9-9DB4-4ECB-91B7-4E829177B09A}.Debug|x86.Build.0 = Debug|Win32
		{F70F6BE9-9DB4-4ECB-91B7-4E829177B09A}.Release|x64.ActiveCfg = Release|x64
		{F70F6BE9-9DB4-4ECB-91B7-4E829177B09A}.Release|x64.Build.0 = Release|x64
		{F70F6BE9-9DB4-4ECB-91B7-4E829177B09A}.Release|x86.ActiveCfg = Release|Win32
		{F70F6BE9-9DB4-4ECB-91B7-4E829177B09A}.Release|x86.Build.0 = Release|Win32
		{9A182A49-0CA9-4019-929E-B9A08FE04732}.Debug|x64.ActiveCfg = Debug|x64
		{9A182A49-0CA9-4019-929E-B9A08FE04732}.Debug|x64.Build.0 = Debug|x64
		{9A182A49-0CA9-4019-929E-B9A08FE04732}.Debug|x86.ActiveCfg = Debug|Win32
		{9A182A49-0CA9-4019-929E-B9A08FE04732}.Debug|x86.Build.0 = Debug|Win32
		{9A182A49-0CA9-4019-929E-B9A08FE04732}.Release|x64.ActiveCfg = Release|x64
		{9A182A49-0CA9-4019-929E-B9A08FE04732}.Release|x64.Build.0 = Release|x64
		{9A182A49-0CA9-4019-929E-B9A08FE04732}.Release|x86.ActiveCfg = Release|Win32
		{9A182A49-0CA9-4019-929E-B9A08FE04732}.Release|x86.Build.0 = Release|Win32
		{42650C07-2A13-4A21-BD1B-6C9EBD9FF8EF}.Debug|x64.ActiveCfg = Debug|x64
		{42650C07-2A13-4A21-BD1B-6C9EBD9FF8EF}.Debug|x64.Build.0 = Debug|x64
		{42650C07-2A13-4A21-BD1B-6C9EBD9FF8EF}.Debug|x86.ActiveCfg = Debug|Win32
		{42650C07-2A13-4A21-BD1B-6C9EBD9FF8EF}.Debug|x86.Build.0 = Debug|Win32
		{42650C07-2A13-4A21-BD1B-6C9EBD9FF8EF}.Release|x64.ActiveCfg = Release|x64
		{42650C07-2A13-4A21-BD1B-6C9EBD9FF8EF}.Release|x64.Build.0 = Release|x64
		{42650C07-2A13-4A21-BD1B-6C9EBD9FF8EF}.Release|x86.ActiveCfg = Release|Win32
		{42650C07-2A13-4A21-BD1B-6C9EBD9FF8EF}.Release|x86.Build.0 = Release|Win32
		{8200CA87-A0E9-4AE4-9EE6-78508099961B}.Debug|x64.ActiveCfg = Debug|x64
		{8200CA87-A0E9-4AE4-9EE6-78508099961B}.Debug|x64.Build.0 = Debug|x64
		{8200CA87-A0E9-4AE4-9EE6-78508099961B}.Debug|x86.ActiveCfg = Debug|Win32
		{8200CA87-A0E9-4AE4-9EE6-78508099961B}.Debug|x86.Build.0 = Debug|Win32
		{8200CA87-A0E9-4AE4-9EE6-78508099961B}.Release|x64.ActiveCfg = Release|x64
		{8200CA87-A0E9-4AE4-9EE6-78508099961B}.Release|x64.Build.0 = Release|x64
		{8200CA87-A0E9-4AE4-9EE6-78508099961B}.Release|x86.ActiveCfg = Release|Win32
		{8200CA87-A0E9-4AE4-9EE6-78508099961B}.Release|x86.Build.0 = Release|Win32
		{135FF31B-8F29-40E6-976F-2DC0D72CC155}.Debug|x64.ActiveCfg = Debug|x64
		{135FF31B-8F29-40E6-976F-2DC0D72CC155}.Debug|x64.Build.0 = Debug|x64
		{135FF31B-8F29-40E6-976F-2DC0D72CC155}.Debug|x86.ActiveCfg = Debug|Win32
		{135FF31B-8F29-40E6-976F-2DC0D72CC155}.Debug|x86.Build.0 = Debug|Win32
		{135FF31B-8F29-40E6-976F-2DC0D72CC155}.Release|x64.ActiveCfg = Release|x64
		{135FF31B-8F29-40E6-976F-2DC0D72CC155}.Release|x64.Build.0 = Release|x64
		{135FF31B-8F29-40E6-976F-2DC0D72CC155}.Release|x86.ActiveCfg = Release|Win32
		{135FF31B-8F29-40E6-976F-2DC0D72CC155}.Release|x86.Build.0 = Release|Win32
		{38E5F14A-CDBA-4D05-AFC6-282CFCB1EE30}.Debug|x64.ActiveCfg = Debug|x64
		{38E5F14A-CDBA-4D05-AFC6-282CFCB1EE30}.Debug|x64.Build.0 = Debug|x64
		{38E5F14A-CDBA-4D05-AFC6-282CFCB1EE30}.Debug|x86.ActiveCfg = Debug|Win32
		{38E5F14A-CDBA-4D05-AFC6-282CFCB1EE30}.Debug|x86.Build.0 = Debug|Win32
		{38E5F14A-CDBA-4D05-AFC6-282CFCB1EE30}.Release|x64.ActiveCfg = Release|x64
		{38E5F14A-CDBA-4D05-AFC6-282CFCB1EE30}.Release|x64.Build.0 = Release|x64
		{38E5F14A-CDBA-4D05-AFC6-282CFCB1EE30}.Release|x86.ActiveCfg = Release|Win32
		{38E5F14A-CDBA-4D05-AFC6-282CFCB1EE30}.Release|x86.Build.0 = Release|Win32
		{8F6545C8-DE8F-4E7B-93A7-558CFD5D881D}.Debug|x64.ActiveCfg = Debug|x64
		{8F6545C8-DE8F-4E7B-93A7-558CFD5D881D}.Debug|x64.Build.0 = Debug|x64
		{8F6545C8-DE8F-4E7B-93A7-558CFD5D881D}.Debug|x86.ActiveCfg = Debug|Win32
		{8F6545C8-DE8F-4E7B-93A7-558CFD5D881D}.Debug|x86.Build.0 = Debug|Win32
		{8F6545C8-DE8F-4E7B-93A7-558CFD5D881D}.Release|x64.ActiveCfg = Release|x64
		{8F6545C8-DE8F-4E7B-93A7-558CFD5D881D}.Release|x64.Build.0 = Release|x64
		{8F6545C8-DE8F-4E7B-93A7-558CFD5D881D}.Release|x86.ActiveCfg = Release|Win32
		{8F6545C8-DE8F-4E7B-93A7-558CFD5D881D}.Release|x86.Build.0 = Release|Win32
		{DCE84D8D-2EA4-49F0-BC81-32CCF69F2563}.Debug|x64.ActiveCfg = Debug|x64
		{DCE84D8D-2EA4-49F0-BC81-32CCF69F2563}.Debug|x64.Build.0 = Debug|x64
		{DCE84D8D-2EA4-49F0-BC81-32CCF69F2563}.Debug|x86.ActiveCfg = Debug|Win32
		{DCE84D8D-2EA4-49F0-BC81-32CCF69F2563}.Debug|x86.Build.0 = Debug|Win32
		{DCE84D8D-2EA4-49F0-BC81-32CCF69F2563}.Release|x64.ActiveCfg = Release|x64
		{DCE84D8D-2EA4-49F0-BC81-32CCF69F2563}.Release|x64.Build.0 = Release|x64
		{DCE84D8D-2EA4-49F0-BC81-32CCF69F2563}.Release|x86.ActiveCfg = Release|Win32
		{DCE84D8D-2EA4-49F0-BC81-32CCF69F2563}.Release|x86.Build.0 = Release|Win32
		{7901268F-16B4-42DB-8AFC-2DECA96B79D7}.Debug|x64.ActiveCfg = Debug|x64
		{7901268F-16B4-42DB-8AFC-2DECA96B79D7}.Debug|x64.Build.0 = Debug|x64
		{7901268F-16B4-42DB-8AFC-2DECA96B79D7}.Debug|x86.ActiveCfg = Debug|Win32
		{7901268F-16B4-42DB-8AFC-2DECA96B79D7}.Debug|x86.Build.0 = Debug|Win32
		{7901268F-16B4-42DB-8AFC-2DECA96B79D7}.Release|x64.ActiveCfg = Release|x64
		{7901268F-16B4-42DB-8AFC-2DECA96B79D7}.Release|x64.Build.0 = Release|x64
		{7901268F-16B4-42DB-8AFC-2DECA96B79D7}.Release|x86.ActiveCfg = Release|Win32
		{7901268F-16B4-42DB-8AFC-2DECA96B79D7}.Release|x86.Build.0 = Release|Win32
		{6D2705BA-C8FD-43F2-8C09-1E28AC71C6B7}.Debug|x64.ActiveCfg = Debug|x64
		{6D2705BA-C8FD-43F2-8C09-1E28AC71C6B7}.Debug|x64.Build.0 = Debug|x64
		{6D2705BA-C8FD-43F2-8C09-1E28AC71C6B7}.Debug|x86.ActiveCfg = Debug|Win32
		{6D2705BA-C8FD-43F2-8C09-1E28AC71C6B7}.Debug|x86.Build.0 = Debug|Win32
		{6D2705BA-C8FD-43F2-8C09-1E28AC71C6B7}.Release|x64.ActiveCfg = Release|x64
		{6D2705BA-C8FD-43F2-8C09-1E28AC71C6B7}.Release|x64.Build.0 = Release|x64
		{6D2705BA-C8FD-43F2-8C09-1E28AC71C6B7}.Release|x86.ActiveCfg = Release|Win32
		{6D2705BA-C8FD-43F2-8C09-1E28AC71C6B7}.Release|x86.Build.0 = Release|Win32
		{4F672D89-46E5-4DE8-9D66-72191DFB5FCE}.Debug|x64.ActiveCfg = Debug|x64
		{4F672D89-46E5-4DE8-9D66-72191DFB5FCE}.Debug|x64.Build.0 = Debug|x64
		{4F672D89-46E5-4DE8-9D66-72191DFB5FCE}.Debug|x86.ActiveCfg = Debug|Win32
		{4F672D89-46E5-4DE8-9D66-72191DFB5FCE}.Debug|x86.Build.0 = Debug|Win32
		{4F672D89-46E5-4DE8-9D66-72191DFB5FCE}.Release|x64.ActiveCfg = Release|x64
		{4F672D89-46E5-4DE8-9D66-72191DFB5FCE}.Release|x64.Build.0 = Release|x64
		{4F672D89-46E5-4DE8-9D66-72191DFB5FCE}.Release|x86.ActiveCfg = Release|Win32
		{4F672D89-46E5-4DE8-9D66-72191DFB5FCE}.Release|x86.Build.0 = Release|Win32
		{C5F44516-769F-4509-8D41-1E438F3656EF}.Debug|x64.ActiveCfg = Debug|x64
		{C5F44516-769F-4509-8D41-1E438F3656EF}.Debug|x64.Build.0 = Debug|x64
		{C5F44516-769F-4509-8D41-1E438F3656EF}.Debug|x86.ActiveCfg = Debug|Win32
		{C5F44516-769F-4509-8D41-1E438F3656EF}.Debug|x86.Build.0 = Debug|Win32
		{C5F44516-769F-4509-8D41-1E438F3656EF}.Release|x64.ActiveCfg = Release|x64
		{C5F44516-769F-4509-8D41-1E438F3656EF}.Release|x64.Build.0 = Release|x64
		{C5F44516-769F-4509-8D41-1E438F3656EF}.Release|x86.ActiveCfg = Release|Win32
		{C5F44516-769F-4509-8D41-1E438F3656EF}.Release|x86.Build.0 = Release|Win32
		{F19DEAFE-0637-4E6F-AD4A-2448853338FA}.Debug|x64.ActiveCfg = Debug|x64
		{F19DEAFE-0637-4E6F-AD4A-2448853338FA}.Debug|x64.Build.0 = Debug|x64
		{F19DEAFE-0637-4E6F-AD4A-2448853338FA}.Debug|x86.ActiveCfg = Debug|Win32
		{F19DEAFE-0637-4E6F-AD4A-2448853338FA}.Debug|x86.Build.0 = Debug|Win32
		{F19DEAFE-0637-4E6F-AD4A-2448853338FA}.Release|x64.ActiveCfg = Release|x64
		{F19DEAFE-0637-4E6F-AD4A-2448853338FA}.Release|x64.Build.0 = Release|x64
		{F19DEAFE-0637-4E6F-AD4A-2448853338FA}.Release|x86.ActiveCfg = Release|Win32
		{F19DEAFE-0637-4E6F-AD4A-2448853338FA}.Release|x86.Build.0 = Release|Win32
		{120FE574-1EA2-437C-8694-D2693E085B97}.Debug|x64.ActiveCfg = Debug|x64
		{120FE574-1EA2-437C-8694-D2693E085B97}.Debug|x64.Build.0 = Debug|x64
		{120FE574-1EA2-437C-8694-D2693E085B97}.Debug|x86.ActiveCfg = Debug|Win32
		{120FE574-1EA2-437C-8694-D2693E085B97}.Debug|x86.Build.0 = Debug|Win32
		{120FE574-1EA2-437C-8694-D2693E085B97}.Release|x64.ActiveCfg = Release|x64
		{120FE574-1EA2-437C-8694-D2693E085B97}.Release|x64.Build.0 = Release|x64
		{120FE574-1EA2-437C-8694-D2693E085B97}.Release|x86.ActiveCfg = Release|Win32
		{120FE574-1EA2-437C-8694-D2693E085B97}.Release|x86.Build.0 = Release|Win32
		{AF2AFF56-66C8-4912-A452-A5902A43CC48}.Debug|x64.ActiveCfg = Debug|x64
		{AF2AFF56-66C8-4912-A452-A5902A43CC48}.Debug|x64.Build.0 = Debug|x64
		{AF2AFF56-66C8-4912-A452-A5902A43CC48}.Debug|x86.ActiveCfg = Debug|Win32
		{AF2AFF56-66C8-4912-A452-A5902A43CC48}.Debug|x86.Build.0 = Debug|Win32
		{AF2AFF56-66C8-4912-A452-A5902A43CC48}.Release|x64.ActiveCfg = Release|x64
		{AF2AFF56-66C8-4912-A452-A5902A43CC48}.Release|x64.Build.0 = Release|x64
		{AF2AFF56-66C8-4912-A452-A5902A43CC48}.Release|x86.ActiveCfg = Release|Win32
		{AF2AFF56-66C8-4912-A452-A5902A43CC48}.Release|x86.Build.0 = Release|Win32
		{3BFE458F-204D-4E53-B89A-94A08ABF83F1}.Debug|x64.ActiveCfg = Debug|x64
		{3BFE458F-204D-4E53-B89A-94A08ABF83F1}.Debug|x64.Build.0 = Debug|x64
		{3BFE458F-204D-4E53-B89A-94A08ABF83F1}.Debug|x86.ActiveCfg = Debug|Win32
		{3BFE458F-204D-4E53-B89A-94A08ABF83F1}.Debug|x86.Build.0 = Debug|Win32
		{3BFE458F-204D-4E53-B89A-94A08ABF83F1}.Release|x64.ActiveCfg = Release|x64
		{3BFE458F-204D-4E53-B89A-94A08ABF83F1}.Release|x64.Build.0 = Release|x64
		{3BFE458F-204D-4E53-B89A-94A08ABF83F1}.Release|x86.ActiveCfg = Release|Win32
		{3BFE458F-204D-4E53-B89A-94A08ABF83F1}.Release|x86.Build.0 = Release|Win32
		{CEF20A18-C0DA-4346-BD41-ADBD13254D92}.Debug|x64.ActiveCfg = Debug|x64
		{CEF20A18-C0DA-4346-BD41-ADBD13254D92}.Debug|x64.Build.0 = Debug|x64
		{CEF20A18-C0DA-4346-BD41-ADBD13254D92}.Debug|x86.ActiveCfg = Debug|Win32
		{CEF20A18-C0DA-4346-BD41-ADBD13254D92}.Debug|x86.Build.0 = Debug|Win32
		{CEF20A18-C0DA-4346-BD41-ADBD13254D92}.Release|x64.ActiveCfg = Release|x64
		{CEF20A18-C0DA-4346-BD41-ADBD13254D92}.Release|x64.Build.0 = Release|x64
		{CEF20A18-C0DA-4346-BD41-ADBD13254D92}.Release|x86.ActiveCfg = Release|Win32
		{CEF20A18-C0DA-4346-BD41-ADBD13254D92}.Release|x86.Build.0 = Release|Win32
		{3F10C41F-8414-459E-9B23-BA2426390E2D}.Debug|x64.ActiveCfg = Debug|x64
		{3F10C41F-8414-459E-9B23-BA2426390E2D}.Debug|x64.Build.0 = Debug|x64
		{3F10C41F-8414-459E-9B23-BA2426390E2D}.Debug|x86.ActiveCfg = Debug|Win32
		{3F10C41F-8414-459E-9B23-BA2426390E2D}.Debug|x86.Build.0 = Debug|Win32
		{3F10C41F-8414-459E-9B23-BA2426390E2D}.Release|x64.ActiveCfg = Release|x64
		{3F10C41F-8414-459E-9B23-BA2426390E2D}.Release|x64.Build.0 = Release|x64
		{3F10C41F-8414-459E-9B23-BA2426390E2D}.Release|x86.ActiveCfg = Release|Win32
		{3F10C41F-8414-459E-9B23-BA2426390E2D}.Release|x86.Build.0 = Release|Win32
		{B4BD7817-1825-4FF2-965F-5CDB0FA71646}.Debug|x64.ActiveCfg = Debug|x64
		{B4BD7817-1825-4FF2-965F-5CDB0FA71646}.Debug|x64.Build.0 = Debug|x64
		{B4BD7817-1825-4FF2-965F-5CDB0FA71646}.Debug|x86.ActiveCfg = Debug|Win32
		{B4BD7817-1825-4FF2-965F-5CDB0FA71646}.Debug|x86.Build.0 = Debug|Win32
		{B4BD7817-1825-4FF2-965F-5CDB0FA71646}.Release|x64.ActiveCfg = Release|x64
		{B4BD7817-1825-4FF2-965F-5CDB0FA71646}.Release|x64.Build.0 = Release|x64
		{B4BD7817-1825-4FF2-965F-5CDB0FA71646}.Release|x86.ActiveCfg = Release|Win32
		{B4BD7817-1825-4FF2-965F-5CDB0FA71646}.Release|x86.Build.0 = Release|Win32
		{8CC41518-071F-4456-A9F1-C922A3A1A140}.Debug|x64.ActiveCfg = Debug|x64
		{8CC41518-071F-4456-A9F1-C922A3A1A140}.Debug|x64.Build.0 = Debug|x64
		{8CC41518-071F-4456-A9F1-C922A3A1A140}.Debug|x86.ActiveCfg = Debug|Win32
		{8CC41518-071F-4456-A9F1-C922A3A1A140}.Debug|x86.Build.0 = Debug|Win32
		{8CC41518-071F-4456-A9F1-C922A3A1A140}.Release|x64.ActiveCfg = Release|x64
		{8CC41518-071F-4456-A9F1-C922A3A1A140}.Release|x64.Build.0 = Release|x64
		{8CC41518-071F-4456-A9F1-C922A3A1A140}.Release|x86.ActiveCfg = Release|Win32
		{8CC41518-071F-4456-A9F1-C922A3A1A140}.Release|x86.Build.0 = Release|Win32
		{F73EAD6F-AE26-46BF-9F3B-5FB7BAA8A473}.Debug|x64.ActiveCfg = Debug|x64
		{F73EAD6F-AE26-46BF-9F3B-5FB7BAA8A473}.Debug|x64.Build.0 = Debug|x64
		{F73EAD6F-AE26-46BF-9F3B-5FB7BAA8A473}.Debug|x86.ActiveCfg = Debug|Win32
		{F73EAD6F-AE26-46BF-9F3B-5FB7BAA8A473}.Debug|x86.Build.0 = Debug|Win32
		{F73EAD6F-AE26-46BF-9F3B-5FB7BAA8A473}.Release|x64.ActiveCfg = Release|x64
		{F73EAD6F-AE26-46BF-9F3B-5FB7BAA8A473}.Release|x64.Build.0 = Release|x64
		{F73EAD6F-AE26-46BF-9F3B-5FB7BAA8A473}.Release|x86.ActiveCfg = Release|Win32
		{F73EAD6F-AE26-46BF-9F3B-5FB7BAA8A473}.Release|x86.Build.0 = Release|Win32
		{0056A971-CF00-4C7C-9FCC-5CFC9BAC3B1E}.Debug|x64.ActiveCfg = Debug|x64
		{0056A971-CF00-4C7C-9FCC-5CFC9BAC3B1E}.Debug|x64.Build.0 = Debug|x64
		{0056A971-CF00-4C7C-9FCC-5CFC9BAC3B1E}.Debug|x86.ActiveCfg = Debug|Win32
		{0056A971-CF00-4C7C-9FCC-5CFC9BAC3B1E}.Debug|x86.Build.0 = Debug|Win32
		{0056A971-CF00-4C7C-9FCC-5CFC9BAC3B1E}.Release|x64.ActiveCfg = Release|x64
		{0056A971-CF00-4C7C-9FCC-5CFC9BAC3B1E}.Release|x64.Build.0 = Release|x64
		{0056A971-CF00-4C7C-9FCC-5CFC9BAC3B1E}.Release|x86.ActiveCfg = Release|Win32
		{0056A971-CF00-4C7C-9FCC-5CFC9BAC3B1E}.Release|x86.Build.0 = Release|Win32
		{D56DB1E1-9558-4690-AB54-EDFF5CC41013}.Debug|x64.ActiveCfg = Debug|x64
		{D56DB1E1-9558-4690-AB54-EDFF5CC41013}.Debug|x64.Build.0 = Debug|x64
		{D56DB1E1-9558-4690-AB54-EDFF5CC41013}.Debug|x86.ActiveCfg = Debug|Win32
		{D56DB1E1-9558-4690-AB54-EDFF5CC41013}.Debug|x86.Build.0 = Debug|Win32
		{D56DB1E1-9558-4690-AB54-EDFF5CC41013}.Release|x64.ActiveCfg = Release|x64
		{D56DB1E1-9558-4690-AB54-EDFF5CC41013}.Release|x64.Build.0 = Release|x64
		{D56DB1E1-9558-4690-AB54-EDFF5CC41013}.Release|x86.ActiveCfg = Release|Win32
		{D56DB1E1-9558-4690-AB54-EDFF5CC41013}.Release|x86.Build.0 = Release|Win32
		{97A4AEAC-75BF-4538-AC9E-5C93C9CD3DE9}.Debug|x64.ActiveCfg = Debug|x64
		{97A4AEAC-75BF-4538-AC9E-5C93C9CD3DE9}.Debug|x64.Build.0 = Debug|x64
		{97A4AEAC-75BF-4538-AC9E-5C93C9CD3DE9}.Debug|x86.ActiveCfg = Debug|Win32
		{97A4AEAC-75BF-4538-AC9E-5C93C9CD3DE9}.Debug|x86.Build.0 = Debug|Win32
		{97A4AEAC-75BF-4538-AC9E-5C93C9CD3DE9}.Release|x64.ActiveCfg = Release|x64
		{97A4AEAC-75BF-4538-AC9E-5C93C9CD3DE9}.Release|x64.Build.0 = Release|x64
		{97A4AEAC-75BF-4538-AC9E-5C93C9CD3DE9}.Release|x86.ActiveCfg = Release|Win32
		{97A4AEAC-75BF-4538-AC9E-5C93C9CD3DE9}.Release|x86.Build.0 = Release|Win32
	EndGlobalSection
	GlobalSection(SolutionProperties) = preSolution
		HideSolutionNode = FALSE
	EndGlobalSection
	GlobalSection(NestedProjects) = preSolution
		{E98C31F2-C34C-45E4-8E06-03AAFDFEA836} = {C15BB3F3-8351-43BD-8F88-D9E96D6424C1}
		{E3937DB3-0DA1-4F45-8E8A-638C34290DE4} = {C15BB3F3-8351-43BD-8F88-D9E96D6424C1}
		{93BD3DB6-3BA6-487E-8E06-32771F4870EB} = {45583C36-B276-4434-AE77-FC5D21432ED6}
		{06AB29AC-5875-4324-A000-75B1BDE696AD} = {45583C36-B276-4434-AE77-FC5D21432ED6}
		{1A5BE0EE-D9B1-4AEA-952C-57EFAC1DC234} = {45583C36-B276-4434-AE77-FC5D21432ED6}
		{EF2A1406-ED87-4532-B69E-D7B28E384E21} = {45583C36-B276-4434-AE77-FC5D21432ED6}
		{6A298E08-18FB-4869-8C7C-1EC4DAC955F2} = {45583C36-B276-4434-AE77-FC5D21432ED6}
		{57C6FB29-6A17-41A4-9C0F-2BD1869E72EA} = {45583C36-B276-4434-AE77-FC5D21432ED6}
		{4C67478A-83E2-4478-BFA7-27FC3DB5B9B3} = {45583C36-B276-4434-AE77-FC5D21432ED6}
		{D2FAE018-758F-4AF5-8E75-D20E314B016C} = {45583C36-B276-4434-AE77-FC5D21432ED6}
		{BD0512EA-64BC-48CE-9297-57919B7DDA89} = {45583C36-B276-4434-AE77-FC5D21432ED6}
		{3484DE1D-56DE-4D78-AAD7-D79694ACC9E4} = {45583C36-B276-4434-AE77-FC5D21432ED6}
		{3155A252-C711-4DCF-B9C4-2137A74C3A80} = {C15BB3F3-8351-43BD-8F88-D9E96D6424C1}
		{5A062015-7556-474B-B7C1-30A56C832568} = {C15BB3F3-8351-43BD-8F88-D9E96D6424C1}
		{10A92837-FB99-4D88-A764-8154D415157F} = {C15BB3F3-8351-43BD-8F88-D9E96D6424C1}
		{CD06D078-66A2-4D59-8843-BCCDF04F5921} = {C15BB3F3-8351-43BD-8F88-D9E96D6424C1}
		{17BE97AB-0CA6-413F-AC47-ABFFC1D7AD92} = {C15BB3F3-8351-43BD-8F88-D9E96D6424C1}
		{550C2684-0E25-4E6D-84DD-57C04F7630CE} = {857168E8-3B30-4831-BE55-613C62486619}
		{7D278458-81CB-4D22-84D3-534EE9662D94} = {857168E8-3B30-4831-BE55-613C62486619}
		{8326DF3B-E046-47A0-A042-7B7FED139922} = {857168E8-3B30-4831-BE55-613C62486619}
		{8471C1AD-1AD5-498E-AEFF-27468EAB4635} = {445E2CE5-8D51-4EAB-80D8-5DA6DA4C37D1}
		{4E4F8B24-7EBD-4EB8-80BD-1529D441EE79} = {445E2CE5-8D51-4EAB-80D8-5DA6DA4C37D1}
		{9D7758B1-5D0D-4888-8617-F635C7C75925} = {445E2CE5-8D51-4EAB-80D8-5DA6DA4C37D1}
		{A26FA735-F7D5-44BB-84F2-A24A2DBC450A} = {445E2CE5-8D51-4EAB-80D8-5DA6DA4C37D1}
		{4C093522-3051-4D82-9563-730F18D46AF9} = {445E2CE5-8D51-4EAB-80D8-5DA6DA4C37D1}
		{5324E229-1755-4DB6-90A2-E6A4C17B1D3E} = {445E2CE5-8D51-4EAB-80D8-5DA6DA4C37D1}
		{0F8A0F20-C7E1-44D6-A0D6-C22CEB294002} = {445E2CE5-8D51-4EAB-80D8-5DA6DA4C37D1}
		{F70F6BE9-9DB4-4ECB-91B7-4E829177B09A} = {445E2CE5-8D51-4EAB-80D8-5DA6DA4C37D1}
		{9A182A49-0CA9-4019-929E-B9A08FE04732} = {445E2CE5-8D51-4EAB-80D8-5DA6DA4C37D1}
		{42650C07-2A13-4A21-BD1B-6C9EBD9FF8EF} = {445E2CE5-8D51-4EAB-80D8-5DA6DA4C37D1}
		{8200CA87-A0E9-4AE4-9EE6-78508099961B} = {445E2CE5-8D51-4EAB-80D8-5DA6DA4C37D1}
		{135FF31B-8F29-40E6-976F-2DC0D72CC155} = {857168E8-3B30-4831-BE55-613C62486619}
		{38E5F14A-CDBA-4D05-AFC6-282CFCB1EE30} = {47D688BA-523C-4CD3-9D65-8BA685F24265}
		{8F6545C8-DE8F-4E7B-93A7-558CFD5D881D} = {47D688BA-523C-4CD3-9D65-8BA685F24265}
		{DCE84D8D-2EA4-49F0-BC81-32CCF69F2563} = {47D688BA-523C-4CD3-9D65-8BA685F24265}
		{7901268F-16B4-42DB-8AFC-2DECA96B79D7} = {47D688BA-523C-4CD3-9D65-8BA685F24265}
		{6D2705BA-C8FD-43F2-8C09-1E28AC71C6B7} = {47D688BA-523C-4CD3-9D65-8BA685F24265}
		{4F672D89-46E5-4DE8-9D66-72191DFB5FCE} = {47D688BA-523C-4CD3-9D65-8BA685F24265}
		{C5F44516-769F-4509-8D41-1E438F3656EF} = {47D688BA-523C-4CD3-9D65-8BA685F24265}
		{F19DEAFE-0637-4E6F-AD4A-2448853338FA} = {47D688BA-523C-4CD3-9D65-8BA685F24265}
		{120FE574-1EA2-437C-8694-D2693E085B97} = {47D688BA-523C-4CD3-9D65-8BA685F24265}
		{AF2AFF56-66C8-4912-A452-A5902A43CC48} = {47D688BA-523C-4CD3-9D65-8BA685F24265}
		{3BFE458F-204D-4E53-B89A-94A08ABF83F1} = {857168E8-3B30-4831-BE55-613C62486619}
		{CEF20A18-C0DA-4346-BD41-ADBD13254D92} = {857168E8-3B30-4831-BE55-613C62486619}
		{3F10C41F-8414-459E-9B23-BA2426390E2D} = {6906A1CE-4CD1-4D89-829D-26AC9C49B4DB}
		{B4BD7817-1825-4FF2-965F-5CDB0FA71646} = {6906A1CE-4CD1-4D89-829D-26AC9C49B4DB}
		{8CC41518-071F-4456-A9F1-C922A3A1A140} = {6906A1CE-4CD1-4D89-829D-26AC9C49B4DB}
		{F73EAD6F-AE26-46BF-9F3B-5FB7BAA8A473} = {6906A1CE-4CD1-4D89-829D-26AC9C49B4DB}
		{0056A971-CF00-4C7C-9FCC-5CFC9BAC3B1E} = {6906A1CE-4CD1-4D89-829D-26AC9C49B4DB}
		{D56DB1E1-9558-4690-AB54-EDFF5CC41013} = {6906A1CE-4CD1-4D89-829D-26AC9C49B4DB}
		{97A4AEAC-75BF-4538-AC9E-5C93C9CD3DE9} = {6906A1CE-4CD1-4D89-829D-26AC9C49B4DB}
	EndGlobalSection
	GlobalSection(ExtensibilityGlobals) = postSolution
		SolutionGuid = {1422C9A4-19E5-46B5-B87A-0332F599DB6A}
	EndGlobalSection
EndGlobal
