
Microsoft Visual Studio Solution File, Format Version 12.00
# Visual Studio Version 16
VisualStudioVersion = 16.0.30413.136
MinimumVisualStudioVersion = 10.0.40219.1
Project("{8BC9CEB8-8B4A-11D0-8D11-00A0C91BC942}") = "MyLib", "Lec2\MyLib\MyLib.vcxproj", "{E98C31F2-C34C-45E4-8E06-03AAFDFEA836}"
EndProject
Project("{2150E333-8FDC-42A3-9474-1A3956D46DE8}") = "Lec2", "Lec2", "{C15BB3F3-8351-43BD-8F88-D9E96D6424C1}"
EndProject
Project("{8BC9CEB8-8B4A-11D0-8D11-00A0C91BC942}") = "UsingStaticLib", "Lec2\UsingStaticLib\UsingStaticLib.vcxproj", "{E3937DB3-0DA1-4F45-8E8A-638C34290DE4}"
EndProject
Project("{2150E333-8FDC-42A3-9474-1A3956D46DE8}") = "Lec1", "Lec1", "{45583C36-B276-4434-AE77-FC5D21432ED6}"
EndProject
Project("{8BC9CEB8-8B4A-11D0-8D11-00A0C91BC942}") = "Array Initialization", "Lec1\Array Initialization\Array Initialization.vcxproj", "{93BD3DB6-3BA6-487E-8E06-32771F4870EB}"
EndProject
Project("{8BC9CEB8-8B4A-11D0-8D11-00A0C91BC942}") = "break_continue", "Lec1\break_continue\break_continue.vcxproj", "{06AB29AC-5875-4324-A000-75B1BDE696AD}"
EndProject
Project("{8BC9CEB8-8B4A-11D0-8D11-00A0C91BC942}") = "do_while_statement", "Lec1\do_while_statement\do_while_statement.vcxproj", "{1A5BE0EE-D9B1-4AEA-952C-57EFAC1DC234}"
EndProject
Project("{8BC9CEB8-8B4A-11D0-8D11-00A0C91BC942}") = "for_loop_statement", "Lec1\for_loop_statement\for_loop_statement.vcxproj", "{EF2A1406-ED87-4532-B69E-D7B28E384E21}"
EndProject
Project("{8BC9CEB8-8B4A-11D0-8D11-00A0C91BC942}") = "if_else_statements", "Lec1\if_else_statements\if_else_statements.vcxproj", "{6A298E08-18FB-4869-8C7C-1EC4DAC955F2}"
EndProject
Project("{8BC9CEB8-8B4A-11D0-8D11-00A0C91BC942}") = "MultiDim_Array", "Lec1\MultiDim_Array\MultiDim_Array.vcxproj", "{57C6FB29-6A17-41A4-9C0F-2BD1869E72EA}"
EndProject
Project("{8BC9CEB8-8B4A-11D0-8D11-00A0C91BC942}") = "Over_Under_flow", "Lec1\Over_Under_flow\Over_Under_flow.vcxproj", "{4C67478A-83E2-4478-BFA7-27FC3DB5B9B3}"
EndProject
Project("{8BC9CEB8-8B4A-11D0-8D11-00A0C91BC942}") = "Precision_Issue_Handling", "Lec1\Presicion_Issue_Handling\Precision_Issue_Handling.vcxproj", "{D2FAE018-758F-4AF5-8E75-D20E314B016C}"
EndProject
Project("{8BC9CEB8-8B4A-11D0-8D11-00A0C91BC942}") = "sizeof_Function", "Lec1\sizeof_Function\sizeof_Function.vcxproj", "{BD0512EA-64BC-48CE-9297-57919B7DDA89}"
EndProject
Project("{8BC9CEB8-8B4A-11D0-8D11-00A0C91BC942}") = "while_statement", "Lec1\while_statement\while_statement.vcxproj", "{3484DE1D-56DE-4D78-AAD7-D79694ACC9E4}"
EndProject
Project("{8BC9CEB8-8B4A-11D0-8D11-00A0C91BC942}") = "DivisionLine", "Lec2\DivisionLine\DivisionLine.vcxproj", "{3155A252-C711-4DCF-B9C4-2137A74C3A80}"
EndProject
Project("{8BC9CEB8-8B4A-11D0-8D11-00A0C91BC942}") = "DivLine_Without_Function", "Lec2\DivLine_Without_Function\DivLine_Without_Function.vcxproj", "{5A062015-7556-474B-B7C1-30A56C832568}"
EndProject
Project("{8BC9CEB8-8B4A-11D0-8D11-00A0C91BC942}") = "Function_Declaration", "Lec2\Function_Declaration\Function_Declaration.vcxproj", "{10A92837-FB99-4D88-A764-8154D415157F}"
EndProject
Project("{8BC9CEB8-8B4A-11D0-8D11-00A0C91BC942}") = "Function_Definition_Call", "Lec2\Function_Definition_Call\Function_Definition_Call.vcxproj", "{CD06D078-66A2-4D59-8843-BCCDF04F5921}"
EndProject
Project("{8BC9CEB8-8B4A-11D0-8D11-00A0C91BC942}") = "SeparateFile_Declaration_Definition", "Lec2\SeparateFile_Declaration_Definition\SeparateFile_Declaration_Definition.vcxproj", "{17BE97AB-0CA6-413F-AC47-ABFFC1D7AD92}"
EndProject
Project("{2150E333-8FDC-42A3-9474-1A3956D46DE8}") = "Lab", "Lab", "{857168E8-3B30-4831-BE55-613C62486619}"
EndProject
Project("{8BC9CEB8-8B4A-11D0-8D11-00A0C91BC942}") = "BitOp_Character_Info", "Lab\BitOp_Character_Info\BitOp_Character_Info.vcxproj", "{550C2684-0E25-4E6D-84DD-57C04F7630CE}"
EndProject
Project("{8BC9CEB8-8B4A-11D0-8D11-00A0C91BC942}") = "FilterFunction", "Lab\FilterFunction\FilterFunction.vcxproj", "{7D278458-81CB-4D22-84D3-534EE9662D94}"
EndProject
Project("{8BC9CEB8-8B4A-11D0-8D11-00A0C91BC942}") = "DS_Info", "Lab\DS_Info\DS_Info.vcxproj", "{8326DF3B-E046-47A0-A042-7B7FED139922}"
EndProject
Project("{2150E333-8FDC-42A3-9474-1A3956D46DE8}") = "Lec3", "Lec3", "{445E2CE5-8D51-4EAB-80D8-5DA6DA4C37D1}"
EndProject
Project("{8BC9CEB8-8B4A-11D0-8D11-00A0C91BC942}") = "Lifetime_of_Variables", "Lec3\Lifetime_of_Variables\Lifetime_of_Variables.vcxproj", "{8471C1AD-1AD5-498E-AEFF-27468EAB4635}"
EndProject
Project("{8BC9CEB8-8B4A-11D0-8D11-00A0C91BC942}") = "GlobalVariable", "Lec3\GlobalVariable\GlobalVariable.vcxproj", "{4E4F8B24-7EBD-4EB8-80BD-1529D441EE79}"
EndProject
Project("{8BC9CEB8-8B4A-11D0-8D11-00A0C91BC942}") = "LocalVariable", "Lec3\LocalVariable\LocalVariable.vcxproj", "{9D7758B1-5D0D-4888-8617-F635C7C75925}"
EndProject
Project("{8BC9CEB8-8B4A-11D0-8D11-00A0C91BC942}") = "LocalStaticVariable", "Lec3\LocalStaticVariable\LocalStaticVariable.vcxproj", "{A26FA735-F7D5-44BB-84F2-A24A2DBC450A}"
EndProject
Project("{8BC9CEB8-8B4A-11D0-8D11-00A0C91BC942}") = "Extern", "Lec3\Extern\Extern.vcxproj", "{4C093522-3051-4D82-9563-730F18D46AF9}"
EndProject
Project("{8BC9CEB8-8B4A-11D0-8D11-00A0C91BC942}") = "Function_N_StackFrame", "Lec3\Function_N_StackFrame\Function_N_StackFrame.vcxproj", "{5324E229-1755-4DB6-90A2-E6A4C17B1D3E}"
EndProject
Project("{8BC9CEB8-8B4A-11D0-8D11-00A0C91BC942}") = "Function_N_Array", "Lec3\Function_N_Array\Function_N_Array.vcxproj", "{0F8A0F20-C7E1-44D6-A0D6-C22CEB294002}"
EndProject
Project("{8BC9CEB8-8B4A-11D0-8D11-00A0C91BC942}") = "Func_N_MultiDimArray", "Lec3\Func_N_MultiDimArray\Func_N_MultiDimArray.vcxproj", "{F70F6BE9-9DB4-4ECB-91B7-4E829177B09A}"
EndProject
Project("{8BC9CEB8-8B4A-11D0-8D11-00A0C91BC942}") = "Factorial", "Lec3\Factorial\Factorial.vcxproj", "{9A182A49-0CA9-4019-929E-B9A08FE04732}"
EndProject
Project("{8BC9CEB8-8B4A-11D0-8D11-00A0C91BC942}") = "Digit2Binary", "Lec3\Digit2Binary\Digit2Binary.vcxproj", "{42650C07-2A13-4A21-BD1B-6C9EBD9FF8EF}"
EndProject
Project("{8BC9CEB8-8B4A-11D0-8D11-00A0C91BC942}") = "HanoiTower", "Lec3\HanoiTower\HanoiTower.vcxproj", "{8200CA87-A0E9-4AE4-9EE6-78508099961B}"
EndProject
Project("{8BC9CEB8-8B4A-11D0-8D11-00A0C91BC942}") = "TeamWorkByLib", "Lab\TeamWorkByLib\TeamWorkByLib.vcxproj", "{135FF31B-8F29-40E6-976F-2DC0D72CC155}"
EndProject
Project("{2150E333-8FDC-42A3-9474-1A3956D46DE8}") = "Lec4", "Lec4", "{47D688BA-523C-4CD3-9D65-8BA685F24265}"
EndProject
Project("{8BC9CEB8-8B4A-11D0-8D11-00A0C91BC942}") = "AddressOf", "Lec4\AddressOf\AddressOf.vcxproj", "{38E5F14A-CDBA-4D05-AFC6-282CFCB1EE30}"
EndProject
Project("{8BC9CEB8-8B4A-11D0-8D11-00A0C91BC942}") = "Pointer", "Lec4\Pointer\Pointer.vcxproj", "{8F6545C8-DE8F-4E7B-93A7-558CFD5D881D}"
EndProject
Project("{8BC9CEB8-8B4A-11D0-8D11-00A0C91BC942}") = "ChangeValueByPointer", "Lec4\ChangeValueByPointer\ChangeValueByPointer.vcxproj", "{DCE84D8D-2EA4-49F0-BC81-32CCF69F2563}"
EndProject
Project("{8BC9CEB8-8B4A-11D0-8D11-00A0C91BC942}") = "Swap", "Lec4\Swap\Swap.vcxproj", "{7901268F-16B4-42DB-8AFC-2DECA96B79D7}"
EndProject
Project("{8BC9CEB8-8B4A-11D0-8D11-00A0C91BC942}") = "ChangeToThree", "Lec4\ChangeToThree\ChangeToThree.vcxproj", "{6D2705BA-C8FD-43F2-8C09-1E28AC71C6B7}"
EndProject
Project("{8BC9CEB8-8B4A-11D0-8D11-00A0C91BC942}") = "MultipleOutputs", "Lec4\MultipleOutputs\MultipleOutputs.vcxproj", "{4F672D89-46E5-4DE8-9D66-72191DFB5FCE}"
EndProject
Project("{8BC9CEB8-8B4A-11D0-8D11-00A0C91BC942}") = "Const", "Lec4\Const\Const.vcxproj", "{C5F44516-769F-4509-8D41-1E438F3656EF}"
EndProject
Project("{8BC9CEB8-8B4A-11D0-8D11-00A0C91BC942}") = "ReturnPointer", "Lec4\ReturnPointer\ReturnPointer.vcxproj", "{F19DEAFE-0637-4E6F-AD4A-2448853338FA}"
EndProject
Project("{8BC9CEB8-8B4A-11D0-8D11-00A0C91BC942}") = "Sum_voidPointer", "Lec4\Sum_voidPointer\Sum_voidPointer.vcxproj", "{120FE574-1EA2-437C-8694-D2693E085B97}"
EndProject
Project("{8BC9CEB8-8B4A-11D0-8D11-00A0C91BC942}") = "functionPointer", "Lec4\functionPointer\functionPointer.vcxproj", "{AF2AFF56-66C8-4912-A452-A5902A43CC48}"
EndProject
Project("{8BC9CEB8-8B4A-11D0-8D11-00A0C91BC942}") = "TreasureHunter", "Lab\TreasureHunter\TreasureHunter.vcxproj", "{3BFE458F-204D-4E53-B89A-94A08ABF83F1}"
EndProject
Project("{8BC9CEB8-8B4A-11D0-8D11-00A0C91BC942}") = "TreasureMap", "Lab\TreasureMap\TreasureMap.vcxproj", "{CEF20A18-C0DA-4346-BD41-ADBD13254D92}"
EndProject
Project("{2150E333-8FDC-42A3-9474-1A3956D46DE8}") = "Lec5", "Lec5", "{6906A1CE-4CD1-4D89-829D-26AC9C49B4DB}"
EndProject
Project("{8BC9CEB8-8B4A-11D0-8D11-00A0C91BC942}") = "ArrayName", "Lec5\ArrayName\ArrayName.vcxproj", "{3F10C41F-8414-459E-9B23-BA2426390E2D}"
EndProject
Project("{8BC9CEB8-8B4A-11D0-8D11-00A0C91BC942}") = "PointerArithmetic", "Lec5\PointerArithmetic\PointerArithmetic.vcxproj", "{B4BD7817-1825-4FF2-965F-5CDB0FA71646}"
EndProject
Project("{8BC9CEB8-8B4A-11D0-8D11-00A0C91BC942}") = "AccessArrayByPointer", "Lec5\AccessArrayByPointer\AccessArrayByPointer.vcxproj", "{8CC41518-071F-4456-A9F1-C922A3A1A140}"
EndProject
Project("{8BC9CEB8-8B4A-11D0-8D11-00A0C91BC942}") = "PointerArithmetic_caution", "Lec5\PointerArithmetic_caution\PointerArithmetic_caution.vcxproj", "{F73EAD6F-AE26-46BF-9F3B-5FB7BAA8A473}"
EndProject
Project("{8BC9CEB8-8B4A-11D0-8D11-00A0C91BC942}") = "Pointer_MultiDimArray", "Lec5\Pointer_MultiDimArray\Pointer_MultiDimArray.vcxproj", "{0056A971-CF00-4C7C-9FCC-5CFC9BAC3B1E}"
EndProject
Project("{8BC9CEB8-8B4A-11D0-8D11-00A0C91BC942}") = "Transfer_SpecificRow", "Lec5\Transfer_SpecificRow\Transfer_SpecificRow.vcxproj", "{D56DB1E1-9558-4690-AB54-EDFF5CC41013}"
EndProject
Project("{8BC9CEB8-8B4A-11D0-8D11-00A0C91BC942}") = "DoublePointer", "Lec5\DoublePointer\DoublePointer.vcxproj", "{97A4AEAC-75BF-4538-AC9E-5C93C9CD3DE9}"
EndProject
Project("{8BC9CEB8-8B4A-11D0-8D11-00A0C91BC942}") = "SwapArray", "Lec5\SwapArray\SwapArray.vcxproj", "{53C24529-8949-47FF-99F1-C83ACC07AA30}"
EndProject
Project("{8BC9CEB8-8B4A-11D0-8D11-00A0C91BC942}") = "Swap2DArray", "Lec5\Swap2DArray\Swap2DArray.vcxproj", "{06C7D72D-573A-42F4-B488-BF6DD2D8B66E}"
EndProject
Project("{8BC9CEB8-8B4A-11D0-8D11-00A0C91BC942}") = "DataSetSwap", "Lec5\DataSetSwap\DataSetSwap.vcxproj", "{A41BF53C-6456-4612-A6F2-4B4D3D7B5D67}"
EndProject
Project("{8BC9CEB8-8B4A-11D0-8D11-00A0C91BC942}") = "Endian", "Lec5\Endian\Endian.vcxproj", "{92BC867D-44DF-4E82-BF2D-3AC61D42BA07}"
EndProject
Project("{8BC9CEB8-8B4A-11D0-8D11-00A0C91BC942}") = "CardDeck", "Lab\CardDeck\CardDeck.vcxproj", "{D57F40FF-C06D-4A18-B5F7-1C383EC132A9}"
EndProject
Project("{2150E333-8FDC-42A3-9474-1A3956D46DE8}") = "Lec6", "Lec6", "{BB9B92D1-42C6-4504-87B8-2BC3B485DB8B}"
EndProject
Project("{8BC9CEB8-8B4A-11D0-8D11-00A0C91BC942}") = "String", "Lec6\String\String.vcxproj", "{4C0058E2-CB73-49B2-A684-A9F541FBAA15}"
EndProject
Project("{8BC9CEB8-8B4A-11D0-8D11-00A0C91BC942}") = "NULL_char", "Lec6\NULL_char\NULL_char.vcxproj", "{627C162E-24DD-4319-A9BC-F8A22A23DA01}"
EndProject
Project("{8BC9CEB8-8B4A-11D0-8D11-00A0C91BC942}") = "StringInitialization", "Lec6\StringInitialization\StringInitialization.vcxproj", "{312063B5-9D3B-4A09-ADA3-ED6EEDE602EA}"
EndProject
Project("{8BC9CEB8-8B4A-11D0-8D11-00A0C91BC942}") = "StringChange", "Lec6\StringChange\StringChange.vcxproj", "{12A0374D-8222-450F-B233-9748FFDD3E29}"
EndProject
Project("{8BC9CEB8-8B4A-11D0-8D11-00A0C91BC942}") = "getchar_putchar", "Lec6\getchar_putchar\getchar_putchar.vcxproj", "{FA1A63BC-F65D-42AB-B83D-85341C1FC436}"
EndProject
Project("{8BC9CEB8-8B4A-11D0-8D11-00A0C91BC942}") = "StringIO", "Lec6\StringIO\StringIO.vcxproj", "{50FC380A-A25C-4064-B419-8AF17ED53494}"
EndProject
Project("{8BC9CEB8-8B4A-11D0-8D11-00A0C91BC942}") = "Switch_UpperLowerChar", "Lec6\Switch_UpperLowerChar\Switch_UpperLowerChar.vcxproj", "{073F08BE-3B82-42CC-AA9E-A95D16E20B65}"
EndProject
Project("{8BC9CEB8-8B4A-11D0-8D11-00A0C91BC942}") = "StringLength", "Lec6\StringLength\StringLength.vcxproj", "{5D0C4AAD-7F0A-4095-B1D0-AEF3E56952A4}"
EndProject
Project("{8BC9CEB8-8B4A-11D0-8D11-00A0C91BC942}") = "StringCopy", "Lec6\StringCopy\StringCopy.vcxproj", "{6DA6B334-2CD1-456A-BF79-0964C6C7987F}"
EndProject
Project("{8BC9CEB8-8B4A-11D0-8D11-00A0C91BC942}") = "StringConcatenate", "Lec6\StringConcatenate\StringConcatenate.vcxproj", "{C79745BD-1C02-48CA-864E-ACA8DD65A31F}"
EndProject
Project("{8BC9CEB8-8B4A-11D0-8D11-00A0C91BC942}") = "StringCompare", "Lec6\StringCompare\StringCompare.vcxproj", "{DF79E946-890C-46D7-9E07-DBA1554493C1}"
EndProject
Project("{8BC9CEB8-8B4A-11D0-8D11-00A0C91BC942}") = "sscanf", "Lec6\sscanf\sscanf.vcxproj", "{36E1CCC9-86FE-4515-9C25-228D31ABFD5A}"
EndProject
Project("{8BC9CEB8-8B4A-11D0-8D11-00A0C91BC942}") = "StringToValue", "Lec6\StringToValue\StringToValue.vcxproj", "{D755B5F5-6783-4B69-A832-2B23E3057AFD}"
EndProject
Project("{8BC9CEB8-8B4A-11D0-8D11-00A0C91BC942}") = "sprintf", "Lec6\sprintf\sprintf.vcxproj", "{C1CF29A4-EFF0-496A-9024-B900D352ACDE}"
EndProject
Project("{8BC9CEB8-8B4A-11D0-8D11-00A0C91BC942}") = "FileNameSequence", "Lec6\FileNameSequence\FileNameSequence.vcxproj", "{58836B6B-7536-48E1-9380-FCF4D253D99E}"
EndProject
Project("{8BC9CEB8-8B4A-11D0-8D11-00A0C91BC942}") = "StringArray", "Lec6\StringArray\StringArray.vcxproj", "{FE9E3443-4761-4CB2-829B-5E138D61CB67}"
EndProject
Project("{8BC9CEB8-8B4A-11D0-8D11-00A0C91BC942}") = "StringLib", "Lec6\StringLib\StringLib.vcxproj", "{B20E6430-3DD6-46D3-A49B-BF4C8F8BA3E1}"
EndProject
Project("{8BC9CEB8-8B4A-11D0-8D11-00A0C91BC942}") = "StringConstArray", "Lec6\StringConstArray\StringConstArray.vcxproj", "{84C7D9FE-0E7E-4AF7-A1CD-7B1A411E66FC}"
EndProject
Project("{8BC9CEB8-8B4A-11D0-8D11-00A0C91BC942}") = "IDBook", "Lec6\IDBook\IDBook.vcxproj", "{D1F6CFD1-CEC2-4B42-8E4E-3C5ED236D56E}"
EndProject
Project("{8BC9CEB8-8B4A-11D0-8D11-00A0C91BC942}") = "ProgramArgument", "Lec6\ProgramArgument\ProgramArgument.vcxproj", "{54AE21A3-0F54-4852-BC3B-F68467082049}"
EndProject
Project("{8BC9CEB8-8B4A-11D0-8D11-00A0C91BC942}") = "BufferOverflow", "Lec6\BufferOverflow\BufferOverflow.vcxproj", "{0AE7CF5D-5204-4054-A22F-85B2F248530A}"
EndProject
Project("{2150E333-8FDC-42A3-9474-1A3956D46DE8}") = "Lec7", "Lec7", "{147E45B0-44AE-45D9-B791-F337BEAED5BC}"
EndProject
Project("{8BC9CEB8-8B4A-11D0-8D11-00A0C91BC942}") = "Struct", "Lec7\Struct\Struct.vcxproj", "{87CD7CD4-3B4E-4FA8-B813-09181EC6D5FD}"
EndProject
Project("{8BC9CEB8-8B4A-11D0-8D11-00A0C91BC942}") = "CardBattle", "Lec7\CardBattle\CardBattle.vcxproj", "{4B02C452-094D-45B5-BBEF-2DCBCE6A6FFF}"
EndProject
Project("{8BC9CEB8-8B4A-11D0-8D11-00A0C91BC942}") = "CardBattle_ArrayVer", "Lec7\CardBattle_ArrayVer\CardBattle_ArrayVer.vcxproj", "{556ADFBC-BE25-489A-8D3C-1D8D64BCE6A3}"
EndProject
Project("{8BC9CEB8-8B4A-11D0-8D11-00A0C91BC942}") = "Struct_N_Memory", "Lec7\Struct_N_Memory\Struct_N_Memory.vcxproj", "{3393D90C-B4EE-44E2-B913-A55913984E04}"
EndProject
Project("{8BC9CEB8-8B4A-11D0-8D11-00A0C91BC942}") = "Struct_N_Function", "Lec7\Struct_N_Function\Struct_N_Function.vcxproj", "{54BABBE4-49BD-4AD9-B3B7-3F1E53D94F8D}"
EndProject
Project("{8BC9CEB8-8B4A-11D0-8D11-00A0C91BC942}") = "BitField", "Lec7\BitField\BitField.vcxproj", "{70F37A2D-09DB-4D4D-8D9A-2B8C2861743F}"
EndProject
Project("{8BC9CEB8-8B4A-11D0-8D11-00A0C91BC942}") = "Struct_N_Pointer", "Lec7\Struct_N_Pointer\Struct_N_Pointer.vcxproj", "{60FA8DB3-4DBA-4425-B19D-C6D0102661DF}"
EndProject
Project("{8BC9CEB8-8B4A-11D0-8D11-00A0C91BC942}") = "FamilyInfo", "Lab\FamilyInfo\FamilyInfo.vcxproj", "{625479BF-72D5-41EC-B354-CD51978C4BFD}"
EndProject
Project("{8BC9CEB8-8B4A-11D0-8D11-00A0C91BC942}") = "typedef", "Lec7\typedef\typedef.vcxproj", "{DA52C939-F69B-4FFA-95CB-2B180330D6A4}"
EndProject
Project("{8BC9CEB8-8B4A-11D0-8D11-00A0C91BC942}") = "Union", "Lec7\Union\Union.vcxproj", "{E61C87E5-1209-4BD2-80E6-64F5BECE0F44}"
EndProject
Project("{8BC9CEB8-8B4A-11D0-8D11-00A0C91BC942}") = "Union_Knight_Wizard", "Lec7\Union_Knight_Wizard\Union_Knight_Wizard.vcxproj", "{8F3DD057-4F6A-414B-B981-208064AD112A}"
EndProject
Project("{8BC9CEB8-8B4A-11D0-8D11-00A0C91BC942}") = "Union_VS_Structure", "Lec7\Union_VS_Structure\Union_VS_Structure.vcxproj", "{8A0C8E1B-BFCA-452D-A4BE-10C4483AD692}"
EndProject
Project("{8BC9CEB8-8B4A-11D0-8D11-00A0C91BC942}") = "PointDataType", "Lec7\PointDataType\PointDataType.vcxproj", "{EFA56249-EAB4-4601-A408-54440D9FDE70}"
EndProject
Project("{8BC9CEB8-8B4A-11D0-8D11-00A0C91BC942}") = "enum", "Lec7\enum\enum.vcxproj", "{F57F6F2C-1714-4171-959F-733D9FBDE790}"
EndProject
Project("{8BC9CEB8-8B4A-11D0-8D11-00A0C91BC942}") = "enum_value", "Lec7\enum_value\enum_value.vcxproj", "{E1AFB5FD-58BF-4C99-8CF1-2FA77488E3E4}"
EndProject
Project("{8BC9CEB8-8B4A-11D0-8D11-00A0C91BC942}") = "LvUp", "Lab\LvUp\LvUp.vcxproj", "{44835163-E0EE-4322-A3D2-B07990F4E3C9}"
EndProject
Project("{2150E333-8FDC-42A3-9474-1A3956D46DE8}") = "Lec8", "Lec8", "{871707D8-FC65-4CF5-88CC-FBABC1A50994}"
EndProject
Project("{8BC9CEB8-8B4A-11D0-8D11-00A0C91BC942}") = "FileOpenClose", "Lec8\FileOpenClose\FileOpenClose.vcxproj", "{35E8E6CE-3C42-4D05-A92E-657D341CCB1C}"
EndProject
Project("{8BC9CEB8-8B4A-11D0-8D11-00A0C91BC942}") = "CharacterIO", "Lec8\CharacterIO\CharacterIO.vcxproj", "{E85D8879-2219-4798-A899-579E2BCFD052}"
EndProject
Project("{8BC9CEB8-8B4A-11D0-8D11-00A0C91BC942}") = "StringIO_FileCopy", "Lec8\StringIO_FileCopy\StringIO_FileCopy.vcxproj", "{E17C5A65-4623-4EC4-945D-B7D8D7D1B466}"
EndProject
Project("{8BC9CEB8-8B4A-11D0-8D11-00A0C91BC942}") = "FormattedIO", "Lec8\FormattedIO\FormattedIO.vcxproj", "{88EC7282-A64B-4723-BAE3-100532B49190}"
EndProject
Project("{8BC9CEB8-8B4A-11D0-8D11-00A0C91BC942}") = "BinaryIO_fwrite", "Lec8\BinaryIO_fwrite\BinaryIO_fwrite.vcxproj", "{ACD92B14-0348-404C-8316-1A1EC569B373}"
EndProject
Project("{8BC9CEB8-8B4A-11D0-8D11-00A0C91BC942}") = "BinaryIO_fread", "Lec8\BinaryIO_fread\BinaryIO_fread.vcxproj", "{F85C232E-6787-40C9-9F0B-3108D396FA5E}"
EndProject
Project("{8BC9CEB8-8B4A-11D0-8D11-00A0C91BC942}") = "StudentInfo_BinVer", "Lec8\StudentInfo_BinVer\StudentInfo_BinVer.vcxproj", "{79082560-C457-4F42-B56F-635F1E38BD98}"
EndProject
Project("{8BC9CEB8-8B4A-11D0-8D11-00A0C91BC942}") = "RandomAccess", "Lec8\RandomAccess\RandomAccess.vcxproj", "{1E0740CF-B5A1-4DDE-A433-F4A6E39F5967}"
EndProject
Project("{8BC9CEB8-8B4A-11D0-8D11-00A0C91BC942}") = "StudentInfo_Full", "Lec8\StudentInfo_Full\StudentInfo_Full.vcxproj", "{32B172E6-77A9-4EBC-B226-B3416DB5CE3E}"
EndProject
Project("{2150E333-8FDC-42A3-9474-1A3956D46DE8}") = "Lec9", "Lec9", "{0558DFFD-8E69-416C-BC72-31E1D1FBD7A7}"
EndProject
Project("{8BC9CEB8-8B4A-11D0-8D11-00A0C91BC942}") = "N_studentName", "Lec9\N_studentName\N_studentName.vcxproj", "{86BE7A2E-9D3B-48C6-B917-4D9933A1E0B2}"
EndProject
Project("{8BC9CEB8-8B4A-11D0-8D11-00A0C91BC942}") = "N_Name_DynamicAlloc", "Lec9\N_Name_DynamicAlloc\N_Name_DynamicAlloc.vcxproj", "{C6D8C8BE-3192-4466-856F-572E2AACD1C7}"
EndProject
Project("{8BC9CEB8-8B4A-11D0-8D11-00A0C91BC942}") = "N_values", "Lec9\N_values\N_values.vcxproj", "{1D3E45BC-1130-487A-A913-BE90C32F2B57}"
EndProject
Project("{8BC9CEB8-8B4A-11D0-8D11-00A0C91BC942}") = "N_values_DynamicAlloc", "Lec9\N_values_DynamicAlloc\N_values_DynamicAlloc.vcxproj", "{F8359C68-97DC-46EC-9D45-56F69DCCF371}"
EndProject
Project("{8BC9CEB8-8B4A-11D0-8D11-00A0C91BC942}") = "MemoryLeak", "Lec9\MemoryLeak\MemoryLeak.vcxproj", "{FB8CA569-DECF-4CFE-B917-9B26F4290BCA}"
EndProject
Project("{8BC9CEB8-8B4A-11D0-8D11-00A0C91BC942}") = "DanglingPointer", "Lec9\DanglingPointer\DanglingPointer.vcxproj", "{9AE805FA-39F7-4328-A08E-054AE7D11C60}"
EndProject
Global
	GlobalSection(SolutionConfigurationPlatforms) = preSolution
		Debug|x64 = Debug|x64
		Debug|x86 = Debug|x86
		Release|x64 = Release|x64
		Release|x86 = Release|x86
	EndGlobalSection
	GlobalSection(ProjectConfigurationPlatforms) = postSolution
		{E98C31F2-C34C-45E4-8E06-03AAFDFEA836}.Debug|x64.ActiveCfg = Debug|x64
		{E98C31F2-C34C-45E4-8E06-03AAFDFEA836}.Debug|x64.Build.0 = Debug|x64
		{E98C31F2-C34C-45E4-8E06-03AAFDFEA836}.Debug|x86.ActiveCfg = Debug|Win32
		{E98C31F2-C34C-45E4-8E06-03AAFDFEA836}.Debug|x86.Build.0 = Debug|Win32
		{E98C31F2-C34C-45E4-8E06-03AAFDFEA836}.Release|x64.ActiveCfg = Release|x64
		{E98C31F2-C34C-45E4-8E06-03AAFDFEA836}.Release|x64.Build.0 = Release|x64
		{E98C31F2-C34C-45E4-8E06-03AAFDFEA836}.Release|x86.ActiveCfg = Release|Win32
		{E98C31F2-C34C-45E4-8E06-03AAFDFEA836}.Release|x86.Build.0 = Release|Win32
		{E3937DB3-0DA1-4F45-8E8A-638C34290DE4}.Debug|x64.ActiveCfg = Debug|x64
		{E3937DB3-0DA1-4F45-8E8A-638C34290DE4}.Debug|x64.Build.0 = Debug|x64
		{E3937DB3-0DA1-4F45-8E8A-638C34290DE4}.Debug|x86.ActiveCfg = Debug|Win32
		{E3937DB3-0DA1-4F45-8E8A-638C34290DE4}.Debug|x86.Build.0 = Debug|Win32
		{E3937DB3-0DA1-4F45-8E8A-638C34290DE4}.Release|x64.ActiveCfg = Release|x64
		{E3937DB3-0DA1-4F45-8E8A-638C34290DE4}.Release|x64.Build.0 = Release|x64
		{E3937DB3-0DA1-4F45-8E8A-638C34290DE4}.Release|x86.ActiveCfg = Release|Win32
		{E3937DB3-0DA1-4F45-8E8A-638C34290DE4}.Release|x86.Build.0 = Release|Win32
		{93BD3DB6-3BA6-487E-8E06-32771F4870EB}.Debug|x64.ActiveCfg = Debug|x64
		{93BD3DB6-3BA6-487E-8E06-32771F4870EB}.Debug|x64.Build.0 = Debug|x64
		{93BD3DB6-3BA6-487E-8E06-32771F4870EB}.Debug|x86.ActiveCfg = Debug|Win32
		{93BD3DB6-3BA6-487E-8E06-32771F4870EB}.Debug|x86.Build.0 = Debug|Win32
		{93BD3DB6-3BA6-487E-8E06-32771F4870EB}.Release|x64.ActiveCfg = Release|x64
		{93BD3DB6-3BA6-487E-8E06-32771F4870EB}.Release|x64.Build.0 = Release|x64
		{93BD3DB6-3BA6-487E-8E06-32771F4870EB}.Release|x86.ActiveCfg = Release|Win32
		{93BD3DB6-3BA6-487E-8E06-32771F4870EB}.Release|x86.Build.0 = Release|Win32
		{06AB29AC-5875-4324-A000-75B1BDE696AD}.Debug|x64.ActiveCfg = Debug|x64
		{06AB29AC-5875-4324-A000-75B1BDE696AD}.Debug|x64.Build.0 = Debug|x64
		{06AB29AC-5875-4324-A000-75B1BDE696AD}.Debug|x86.ActiveCfg = Debug|Win32
		{06AB29AC-5875-4324-A000-75B1BDE696AD}.Debug|x86.Build.0 = Debug|Win32
		{06AB29AC-5875-4324-A000-75B1BDE696AD}.Release|x64.ActiveCfg = Release|x64
		{06AB29AC-5875-4324-A000-75B1BDE696AD}.Release|x64.Build.0 = Release|x64
		{06AB29AC-5875-4324-A000-75B1BDE696AD}.Release|x86.ActiveCfg = Release|Win32
		{06AB29AC-5875-4324-A000-75B1BDE696AD}.Release|x86.Build.0 = Release|Win32
		{1A5BE0EE-D9B1-4AEA-952C-57EFAC1DC234}.Debug|x64.ActiveCfg = Debug|x64
		{1A5BE0EE-D9B1-4AEA-952C-57EFAC1DC234}.Debug|x64.Build.0 = Debug|x64
		{1A5BE0EE-D9B1-4AEA-952C-57EFAC1DC234}.Debug|x86.ActiveCfg = Debug|Win32
		{1A5BE0EE-D9B1-4AEA-952C-57EFAC1DC234}.Debug|x86.Build.0 = Debug|Win32
		{1A5BE0EE-D9B1-4AEA-952C-57EFAC1DC234}.Release|x64.ActiveCfg = Release|x64
		{1A5BE0EE-D9B1-4AEA-952C-57EFAC1DC234}.Release|x64.Build.0 = Release|x64
		{1A5BE0EE-D9B1-4AEA-952C-57EFAC1DC234}.Release|x86.ActiveCfg = Release|Win32
		{1A5BE0EE-D9B1-4AEA-952C-57EFAC1DC234}.Release|x86.Build.0 = Release|Win32
		{EF2A1406-ED87-4532-B69E-D7B28E384E21}.Debug|x64.ActiveCfg = Debug|x64
		{EF2A1406-ED87-4532-B69E-D7B28E384E21}.Debug|x64.Build.0 = Debug|x64
		{EF2A1406-ED87-4532-B69E-D7B28E384E21}.Debug|x86.ActiveCfg = Debug|Win32
		{EF2A1406-ED87-4532-B69E-D7B28E384E21}.Debug|x86.Build.0 = Debug|Win32
		{EF2A1406-ED87-4532-B69E-D7B28E384E21}.Release|x64.ActiveCfg = Release|x64
		{EF2A1406-ED87-4532-B69E-D7B28E384E21}.Release|x64.Build.0 = Release|x64
		{EF2A1406-ED87-4532-B69E-D7B28E384E21}.Release|x86.ActiveCfg = Release|Win32
		{EF2A1406-ED87-4532-B69E-D7B28E384E21}.Release|x86.Build.0 = Release|Win32
		{6A298E08-18FB-4869-8C7C-1EC4DAC955F2}.Debug|x64.ActiveCfg = Debug|x64
		{6A298E08-18FB-4869-8C7C-1EC4DAC955F2}.Debug|x64.Build.0 = Debug|x64
		{6A298E08-18FB-4869-8C7C-1EC4DAC955F2}.Debug|x86.ActiveCfg = Debug|Win32
		{6A298E08-18FB-4869-8C7C-1EC4DAC955F2}.Debug|x86.Build.0 = Debug|Win32
		{6A298E08-18FB-4869-8C7C-1EC4DAC955F2}.Release|x64.ActiveCfg = Release|x64
		{6A298E08-18FB-4869-8C7C-1EC4DAC955F2}.Release|x64.Build.0 = Release|x64
		{6A298E08-18FB-4869-8C7C-1EC4DAC955F2}.Release|x86.ActiveCfg = Release|Win32
		{6A298E08-18FB-4869-8C7C-1EC4DAC955F2}.Release|x86.Build.0 = Release|Win32
		{57C6FB29-6A17-41A4-9C0F-2BD1869E72EA}.Debug|x64.ActiveCfg = Debug|x64
		{57C6FB29-6A17-41A4-9C0F-2BD1869E72EA}.Debug|x64.Build.0 = Debug|x64
		{57C6FB29-6A17-41A4-9C0F-2BD1869E72EA}.Debug|x86.ActiveCfg = Debug|Win32
		{57C6FB29-6A17-41A4-9C0F-2BD1869E72EA}.Debug|x86.Build.0 = Debug|Win32
		{57C6FB29-6A17-41A4-9C0F-2BD1869E72EA}.Release|x64.ActiveCfg = Release|x64
		{57C6FB29-6A17-41A4-9C0F-2BD1869E72EA}.Release|x64.Build.0 = Release|x64
		{57C6FB29-6A17-41A4-9C0F-2BD1869E72EA}.Release|x86.ActiveCfg = Release|Win32
		{57C6FB29-6A17-41A4-9C0F-2BD1869E72EA}.Release|x86.Build.0 = Release|Win32
		{4C67478A-83E2-4478-BFA7-27FC3DB5B9B3}.Debug|x64.ActiveCfg = Debug|x64
		{4C67478A-83E2-4478-BFA7-27FC3DB5B9B3}.Debug|x64.Build.0 = Debug|x64
		{4C67478A-83E2-4478-BFA7-27FC3DB5B9B3}.Debug|x86.ActiveCfg = Debug|Win32
		{4C67478A-83E2-4478-BFA7-27FC3DB5B9B3}.Debug|x86.Build.0 = Debug|Win32
		{4C67478A-83E2-4478-BFA7-27FC3DB5B9B3}.Release|x64.ActiveCfg = Release|x64
		{4C67478A-83E2-4478-BFA7-27FC3DB5B9B3}.Release|x64.Build.0 = Release|x64
		{4C67478A-83E2-4478-BFA7-27FC3DB5B9B3}.Release|x86.ActiveCfg = Release|Win32
		{4C67478A-83E2-4478-BFA7-27FC3DB5B9B3}.Release|x86.Build.0 = Release|Win32
		{D2FAE018-758F-4AF5-8E75-D20E314B016C}.Debug|x64.ActiveCfg = Debug|x64
		{D2FAE018-758F-4AF5-8E75-D20E314B016C}.Debug|x64.Build.0 = Debug|x64
		{D2FAE018-758F-4AF5-8E75-D20E314B016C}.Debug|x86.ActiveCfg = Debug|Win32
		{D2FAE018-758F-4AF5-8E75-D20E314B016C}.Debug|x86.Build.0 = Debug|Win32
		{D2FAE018-758F-4AF5-8E75-D20E314B016C}.Release|x64.ActiveCfg = Release|x64
		{D2FAE018-758F-4AF5-8E75-D20E314B016C}.Release|x64.Build.0 = Release|x64
		{D2FAE018-758F-4AF5-8E75-D20E314B016C}.Release|x86.ActiveCfg = Release|Win32
		{D2FAE018-758F-4AF5-8E75-D20E314B016C}.Release|x86.Build.0 = Release|Win32
		{BD0512EA-64BC-48CE-9297-57919B7DDA89}.Debug|x64.ActiveCfg = Debug|x64
		{BD0512EA-64BC-48CE-9297-57919B7DDA89}.Debug|x64.Build.0 = Debug|x64
		{BD0512EA-64BC-48CE-9297-57919B7DDA89}.Debug|x86.ActiveCfg = Debug|Win32
		{BD0512EA-64BC-48CE-9297-57919B7DDA89}.Debug|x86.Build.0 = Debug|Win32
		{BD0512EA-64BC-48CE-9297-57919B7DDA89}.Release|x64.ActiveCfg = Release|x64
		{BD0512EA-64BC-48CE-9297-57919B7DDA89}.Release|x64.Build.0 = Release|x64
		{BD0512EA-64BC-48CE-9297-57919B7DDA89}.Release|x86.ActiveCfg = Release|Win32
		{BD0512EA-64BC-48CE-9297-57919B7DDA89}.Release|x86.Build.0 = Release|Win32
		{3484DE1D-56DE-4D78-AAD7-D79694ACC9E4}.Debug|x64.ActiveCfg = Debug|x64
		{3484DE1D-56DE-4D78-AAD7-D79694ACC9E4}.Debug|x64.Build.0 = Debug|x64
		{3484DE1D-56DE-4D78-AAD7-D79694ACC9E4}.Debug|x86.ActiveCfg = Debug|Win32
		{3484DE1D-56DE-4D78-AAD7-D79694ACC9E4}.Debug|x86.Build.0 = Debug|Win32
		{3484DE1D-56DE-4D78-AAD7-D79694ACC9E4}.Release|x64.ActiveCfg = Release|x64
		{3484DE1D-56DE-4D78-AAD7-D79694ACC9E4}.Release|x64.Build.0 = Release|x64
		{3484DE1D-56DE-4D78-AAD7-D79694ACC9E4}.Release|x86.ActiveCfg = Release|Win32
		{3484DE1D-56DE-4D78-AAD7-D79694ACC9E4}.Release|x86.Build.0 = Release|Win32
		{3155A252-C711-4DCF-B9C4-2137A74C3A80}.Debug|x64.ActiveCfg = Debug|x64
		{3155A252-C711-4DCF-B9C4-2137A74C3A80}.Debug|x64.Build.0 = Debug|x64
		{3155A252-C711-4DCF-B9C4-2137A74C3A80}.Debug|x86.ActiveCfg = Debug|Win32
		{3155A252-C711-4DCF-B9C4-2137A74C3A80}.Debug|x86.Build.0 = Debug|Win32
		{3155A252-C711-4DCF-B9C4-2137A74C3A80}.Release|x64.ActiveCfg = Release|x64
		{3155A252-C711-4DCF-B9C4-2137A74C3A80}.Release|x64.Build.0 = Release|x64
		{3155A252-C711-4DCF-B9C4-2137A74C3A80}.Release|x86.ActiveCfg = Release|Win32
		{3155A252-C711-4DCF-B9C4-2137A74C3A80}.Release|x86.Build.0 = Release|Win32
		{5A062015-7556-474B-B7C1-30A56C832568}.Debug|x64.ActiveCfg = Debug|x64
		{5A062015-7556-474B-B7C1-30A56C832568}.Debug|x64.Build.0 = Debug|x64
		{5A062015-7556-474B-B7C1-30A56C832568}.Debug|x86.ActiveCfg = Debug|Win32
		{5A062015-7556-474B-B7C1-30A56C832568}.Debug|x86.Build.0 = Debug|Win32
		{5A062015-7556-474B-B7C1-30A56C832568}.Release|x64.ActiveCfg = Release|x64
		{5A062015-7556-474B-B7C1-30A56C832568}.Release|x64.Build.0 = Release|x64
		{5A062015-7556-474B-B7C1-30A56C832568}.Release|x86.ActiveCfg = Release|Win32
		{5A062015-7556-474B-B7C1-30A56C832568}.Release|x86.Build.0 = Release|Win32
		{10A92837-FB99-4D88-A764-8154D415157F}.Debug|x64.ActiveCfg = Debug|x64
		{10A92837-FB99-4D88-A764-8154D415157F}.Debug|x64.Build.0 = Debug|x64
		{10A92837-FB99-4D88-A764-8154D415157F}.Debug|x86.ActiveCfg = Debug|Win32
		{10A92837-FB99-4D88-A764-8154D415157F}.Debug|x86.Build.0 = Debug|Win32
		{10A92837-FB99-4D88-A764-8154D415157F}.Release|x64.ActiveCfg = Release|x64
		{10A92837-FB99-4D88-A764-8154D415157F}.Release|x64.Build.0 = Release|x64
		{10A92837-FB99-4D88-A764-8154D415157F}.Release|x86.ActiveCfg = Release|Win32
		{10A92837-FB99-4D88-A764-8154D415157F}.Release|x86.Build.0 = Release|Win32
		{CD06D078-66A2-4D59-8843-BCCDF04F5921}.Debug|x64.ActiveCfg = Debug|x64
		{CD06D078-66A2-4D59-8843-BCCDF04F5921}.Debug|x64.Build.0 = Debug|x64
		{CD06D078-66A2-4D59-8843-BCCDF04F5921}.Debug|x86.ActiveCfg = Debug|Win32
		{CD06D078-66A2-4D59-8843-BCCDF04F5921}.Debug|x86.Build.0 = Debug|Win32
		{CD06D078-66A2-4D59-8843-BCCDF04F5921}.Release|x64.ActiveCfg = Release|x64
		{CD06D078-66A2-4D59-8843-BCCDF04F5921}.Release|x64.Build.0 = Release|x64
		{CD06D078-66A2-4D59-8843-BCCDF04F5921}.Release|x86.ActiveCfg = Release|Win32
		{CD06D078-66A2-4D59-8843-BCCDF04F5921}.Release|x86.Build.0 = Release|Win32
		{17BE97AB-0CA6-413F-AC47-ABFFC1D7AD92}.Debug|x64.ActiveCfg = Debug|x64
		{17BE97AB-0CA6-413F-AC47-ABFFC1D7AD92}.Debug|x64.Build.0 = Debug|x64
		{17BE97AB-0CA6-413F-AC47-ABFFC1D7AD92}.Debug|x86.ActiveCfg = Debug|Win32
		{17BE97AB-0CA6-413F-AC47-ABFFC1D7AD92}.Debug|x86.Build.0 = Debug|Win32
		{17BE97AB-0CA6-413F-AC47-ABFFC1D7AD92}.Release|x64.ActiveCfg = Release|x64
		{17BE97AB-0CA6-413F-AC47-ABFFC1D7AD92}.Release|x64.Build.0 = Release|x64
		{17BE97AB-0CA6-413F-AC47-ABFFC1D7AD92}.Release|x86.ActiveCfg = Release|Win32
		{17BE97AB-0CA6-413F-AC47-ABFFC1D7AD92}.Release|x86.Build.0 = Release|Win32
		{550C2684-0E25-4E6D-84DD-57C04F7630CE}.Debug|x64.ActiveCfg = Debug|x64
		{550C2684-0E25-4E6D-84DD-57C04F7630CE}.Debug|x64.Build.0 = Debug|x64
		{550C2684-0E25-4E6D-84DD-57C04F7630CE}.Debug|x86.ActiveCfg = Debug|Win32
		{550C2684-0E25-4E6D-84DD-57C04F7630CE}.Debug|x86.Build.0 = Debug|Win32
		{550C2684-0E25-4E6D-84DD-57C04F7630CE}.Release|x64.ActiveCfg = Release|x64
		{550C2684-0E25-4E6D-84DD-57C04F7630CE}.Release|x64.Build.0 = Release|x64
		{550C2684-0E25-4E6D-84DD-57C04F7630CE}.Release|x86.ActiveCfg = Release|Win32
		{550C2684-0E25-4E6D-84DD-57C04F7630CE}.Release|x86.Build.0 = Release|Win32
		{7D278458-81CB-4D22-84D3-534EE9662D94}.Debug|x64.ActiveCfg = Debug|x64
		{7D278458-81CB-4D22-84D3-534EE9662D94}.Debug|x64.Build.0 = Debug|x64
		{7D278458-81CB-4D22-84D3-534EE9662D94}.Debug|x86.ActiveCfg = Debug|Win32
		{7D278458-81CB-4D22-84D3-534EE9662D94}.Debug|x86.Build.0 = Debug|Win32
		{7D278458-81CB-4D22-84D3-534EE9662D94}.Release|x64.ActiveCfg = Release|x64
		{7D278458-81CB-4D22-84D3-534EE9662D94}.Release|x64.Build.0 = Release|x64
		{7D278458-81CB-4D22-84D3-534EE9662D94}.Release|x86.ActiveCfg = Release|Win32
		{7D278458-81CB-4D22-84D3-534EE9662D94}.Release|x86.Build.0 = Release|Win32
		{8326DF3B-E046-47A0-A042-7B7FED139922}.Debug|x64.ActiveCfg = Debug|x64
		{8326DF3B-E046-47A0-A042-7B7FED139922}.Debug|x64.Build.0 = Debug|x64
		{8326DF3B-E046-47A0-A042-7B7FED139922}.Debug|x86.ActiveCfg = Debug|Win32
		{8326DF3B-E046-47A0-A042-7B7FED139922}.Debug|x86.Build.0 = Debug|Win32
		{8326DF3B-E046-47A0-A042-7B7FED139922}.Release|x64.ActiveCfg = Release|x64
		{8326DF3B-E046-47A0-A042-7B7FED139922}.Release|x64.Build.0 = Release|x64
		{8326DF3B-E046-47A0-A042-7B7FED139922}.Release|x86.ActiveCfg = Release|Win32
		{8326DF3B-E046-47A0-A042-7B7FED139922}.Release|x86.Build.0 = Release|Win32
		{8471C1AD-1AD5-498E-AEFF-27468EAB4635}.Debug|x64.ActiveCfg = Debug|x64
		{8471C1AD-1AD5-498E-AEFF-27468EAB4635}.Debug|x64.Build.0 = Debug|x64
		{8471C1AD-1AD5-498E-AEFF-27468EAB4635}.Debug|x86.ActiveCfg = Debug|Win32
		{8471C1AD-1AD5-498E-AEFF-27468EAB4635}.Debug|x86.Build.0 = Debug|Win32
		{8471C1AD-1AD5-498E-AEFF-27468EAB4635}.Release|x64.ActiveCfg = Release|x64
		{8471C1AD-1AD5-498E-AEFF-27468EAB4635}.Release|x64.Build.0 = Release|x64
		{8471C1AD-1AD5-498E-AEFF-27468EAB4635}.Release|x86.ActiveCfg = Release|Win32
		{8471C1AD-1AD5-498E-AEFF-27468EAB4635}.Release|x86.Build.0 = Release|Win32
		{4E4F8B24-7EBD-4EB8-80BD-1529D441EE79}.Debug|x64.ActiveCfg = Debug|x64
		{4E4F8B24-7EBD-4EB8-80BD-1529D441EE79}.Debug|x64.Build.0 = Debug|x64
		{4E4F8B24-7EBD-4EB8-80BD-1529D441EE79}.Debug|x86.ActiveCfg = Debug|Win32
		{4E4F8B24-7EBD-4EB8-80BD-1529D441EE79}.Debug|x86.Build.0 = Debug|Win32
		{4E4F8B24-7EBD-4EB8-80BD-1529D441EE79}.Release|x64.ActiveCfg = Release|x64
		{4E4F8B24-7EBD-4EB8-80BD-1529D441EE79}.Release|x64.Build.0 = Release|x64
		{4E4F8B24-7EBD-4EB8-80BD-1529D441EE79}.Release|x86.ActiveCfg = Release|Win32
		{4E4F8B24-7EBD-4EB8-80BD-1529D441EE79}.Release|x86.Build.0 = Release|Win32
		{9D7758B1-5D0D-4888-8617-F635C7C75925}.Debug|x64.ActiveCfg = Debug|x64
		{9D7758B1-5D0D-4888-8617-F635C7C75925}.Debug|x64.Build.0 = Debug|x64
		{9D7758B1-5D0D-4888-8617-F635C7C75925}.Debug|x86.ActiveCfg = Debug|Win32
		{9D7758B1-5D0D-4888-8617-F635C7C75925}.Debug|x86.Build.0 = Debug|Win32
		{9D7758B1-5D0D-4888-8617-F635C7C75925}.Release|x64.ActiveCfg = Release|x64
		{9D7758B1-5D0D-4888-8617-F635C7C75925}.Release|x64.Build.0 = Release|x64
		{9D7758B1-5D0D-4888-8617-F635C7C75925}.Release|x86.ActiveCfg = Release|Win32
		{9D7758B1-5D0D-4888-8617-F635C7C75925}.Release|x86.Build.0 = Release|Win32
		{A26FA735-F7D5-44BB-84F2-A24A2DBC450A}.Debug|x64.ActiveCfg = Debug|x64
		{A26FA735-F7D5-44BB-84F2-A24A2DBC450A}.Debug|x64.Build.0 = Debug|x64
		{A26FA735-F7D5-44BB-84F2-A24A2DBC450A}.Debug|x86.ActiveCfg = Debug|Win32
		{A26FA735-F7D5-44BB-84F2-A24A2DBC450A}.Debug|x86.Build.0 = Debug|Win32
		{A26FA735-F7D5-44BB-84F2-A24A2DBC450A}.Release|x64.ActiveCfg = Release|x64
		{A26FA735-F7D5-44BB-84F2-A24A2DBC450A}.Release|x64.Build.0 = Release|x64
		{A26FA735-F7D5-44BB-84F2-A24A2DBC450A}.Release|x86.ActiveCfg = Release|Win32
		{A26FA735-F7D5-44BB-84F2-A24A2DBC450A}.Release|x86.Build.0 = Release|Win32
		{4C093522-3051-4D82-9563-730F18D46AF9}.Debug|x64.ActiveCfg = Debug|x64
		{4C093522-3051-4D82-9563-730F18D46AF9}.Debug|x64.Build.0 = Debug|x64
		{4C093522-3051-4D82-9563-730F18D46AF9}.Debug|x86.ActiveCfg = Debug|Win32
		{4C093522-3051-4D82-9563-730F18D46AF9}.Debug|x86.Build.0 = Debug|Win32
		{4C093522-3051-4D82-9563-730F18D46AF9}.Release|x64.ActiveCfg = Release|x64
		{4C093522-3051-4D82-9563-730F18D46AF9}.Release|x64.Build.0 = Release|x64
		{4C093522-3051-4D82-9563-730F18D46AF9}.Release|x86.ActiveCfg = Release|Win32
		{4C093522-3051-4D82-9563-730F18D46AF9}.Release|x86.Build.0 = Release|Win32
		{5324E229-1755-4DB6-90A2-E6A4C17B1D3E}.Debug|x64.ActiveCfg = Debug|x64
		{5324E229-1755-4DB6-90A2-E6A4C17B1D3E}.Debug|x64.Build.0 = Debug|x64
		{5324E229-1755-4DB6-90A2-E6A4C17B1D3E}.Debug|x86.ActiveCfg = Debug|Win32
		{5324E229-1755-4DB6-90A2-E6A4C17B1D3E}.Debug|x86.Build.0 = Debug|Win32
		{5324E229-1755-4DB6-90A2-E6A4C17B1D3E}.Release|x64.ActiveCfg = Release|x64
		{5324E229-1755-4DB6-90A2-E6A4C17B1D3E}.Release|x64.Build.0 = Release|x64
		{5324E229-1755-4DB6-90A2-E6A4C17B1D3E}.Release|x86.ActiveCfg = Release|Win32
		{5324E229-1755-4DB6-90A2-E6A4C17B1D3E}.Release|x86.Build.0 = Release|Win32
		{0F8A0F20-C7E1-44D6-A0D6-C22CEB294002}.Debug|x64.ActiveCfg = Debug|x64
		{0F8A0F20-C7E1-44D6-A0D6-C22CEB294002}.Debug|x64.Build.0 = Debug|x64
		{0F8A0F20-C7E1-44D6-A0D6-C22CEB294002}.Debug|x86.ActiveCfg = Debug|Win32
		{0F8A0F20-C7E1-44D6-A0D6-C22CEB294002}.Debug|x86.Build.0 = Debug|Win32
		{0F8A0F20-C7E1-44D6-A0D6-C22CEB294002}.Release|x64.ActiveCfg = Release|x64
		{0F8A0F20-C7E1-44D6-A0D6-C22CEB294002}.Release|x64.Build.0 = Release|x64
		{0F8A0F20-C7E1-44D6-A0D6-C22CEB294002}.Release|x86.ActiveCfg = Release|Win32
		{0F8A0F20-C7E1-44D6-A0D6-C22CEB294002}.Release|x86.Build.0 = Release|Win32
		{F70F6BE9-9DB4-4ECB-91B7-4E829177B09A}.Debug|x64.ActiveCfg = Debug|x64
		{F70F6BE9-9DB4-4ECB-91B7-4E829177B09A}.Debug|x64.Build.0 = Debug|x64
		{F70F6BE9-9DB4-4ECB-91B7-4E829177B09A}.Debug|x86.ActiveCfg = Debug|Win32
		{F70F6BE9-9DB4-4ECB-91B7-4E829177B09A}.Debug|x86.Build.0 = Debug|Win32
		{F70F6BE9-9DB4-4ECB-91B7-4E829177B09A}.Release|x64.ActiveCfg = Release|x64
		{F70F6BE9-9DB4-4ECB-91B7-4E829177B09A}.Release|x64.Build.0 = Release|x64
		{F70F6BE9-9DB4-4ECB-91B7-4E829177B09A}.Release|x86.ActiveCfg = Release|Win32
		{F70F6BE9-9DB4-4ECB-91B7-4E829177B09A}.Release|x86.Build.0 = Release|Win32
		{9A182A49-0CA9-4019-929E-B9A08FE04732}.Debug|x64.ActiveCfg = Debug|x64
		{9A182A49-0CA9-4019-929E-B9A08FE04732}.Debug|x64.Build.0 = Debug|x64
		{9A182A49-0CA9-4019-929E-B9A08FE04732}.Debug|x86.ActiveCfg = Debug|Win32
		{9A182A49-0CA9-4019-929E-B9A08FE04732}.Debug|x86.Build.0 = Debug|Win32
		{9A182A49-0CA9-4019-929E-B9A08FE04732}.Release|x64.ActiveCfg = Release|x64
		{9A182A49-0CA9-4019-929E-B9A08FE04732}.Release|x64.Build.0 = Release|x64
		{9A182A49-0CA9-4019-929E-B9A08FE04732}.Release|x86.ActiveCfg = Release|Win32
		{9A182A49-0CA9-4019-929E-B9A08FE04732}.Release|x86.Build.0 = Release|Win32
		{42650C07-2A13-4A21-BD1B-6C9EBD9FF8EF}.Debug|x64.ActiveCfg = Debug|x64
		{42650C07-2A13-4A21-BD1B-6C9EBD9FF8EF}.Debug|x64.Build.0 = Debug|x64
		{42650C07-2A13-4A21-BD1B-6C9EBD9FF8EF}.Debug|x86.ActiveCfg = Debug|Win32
		{42650C07-2A13-4A21-BD1B-6C9EBD9FF8EF}.Debug|x86.Build.0 = Debug|Win32
		{42650C07-2A13-4A21-BD1B-6C9EBD9FF8EF}.Release|x64.ActiveCfg = Release|x64
		{42650C07-2A13-4A21-BD1B-6C9EBD9FF8EF}.Release|x64.Build.0 = Release|x64
		{42650C07-2A13-4A21-BD1B-6C9EBD9FF8EF}.Release|x86.ActiveCfg = Release|Win32
		{42650C07-2A13-4A21-BD1B-6C9EBD9FF8EF}.Release|x86.Build.0 = Release|Win32
		{8200CA87-A0E9-4AE4-9EE6-78508099961B}.Debug|x64.ActiveCfg = Debug|x64
		{8200CA87-A0E9-4AE4-9EE6-78508099961B}.Debug|x64.Build.0 = Debug|x64
		{8200CA87-A0E9-4AE4-9EE6-78508099961B}.Debug|x86.ActiveCfg = Debug|Win32
		{8200CA87-A0E9-4AE4-9EE6-78508099961B}.Debug|x86.Build.0 = Debug|Win32
		{8200CA87-A0E9-4AE4-9EE6-78508099961B}.Release|x64.ActiveCfg = Release|x64
		{8200CA87-A0E9-4AE4-9EE6-78508099961B}.Release|x64.Build.0 = Release|x64
		{8200CA87-A0E9-4AE4-9EE6-78508099961B}.Release|x86.ActiveCfg = Release|Win32
		{8200CA87-A0E9-4AE4-9EE6-78508099961B}.Release|x86.Build.0 = Release|Win32
		{135FF31B-8F29-40E6-976F-2DC0D72CC155}.Debug|x64.ActiveCfg = Debug|x64
		{135FF31B-8F29-40E6-976F-2DC0D72CC155}.Debug|x64.Build.0 = Debug|x64
		{135FF31B-8F29-40E6-976F-2DC0D72CC155}.Debug|x86.ActiveCfg = Debug|Win32
		{135FF31B-8F29-40E6-976F-2DC0D72CC155}.Debug|x86.Build.0 = Debug|Win32
		{135FF31B-8F29-40E6-976F-2DC0D72CC155}.Release|x64.ActiveCfg = Release|x64
		{135FF31B-8F29-40E6-976F-2DC0D72CC155}.Release|x64.Build.0 = Release|x64
		{135FF31B-8F29-40E6-976F-2DC0D72CC155}.Release|x86.ActiveCfg = Release|Win32
		{135FF31B-8F29-40E6-976F-2DC0D72CC155}.Release|x86.Build.0 = Release|Win32
		{38E5F14A-CDBA-4D05-AFC6-282CFCB1EE30}.Debug|x64.ActiveCfg = Debug|x64
		{38E5F14A-CDBA-4D05-AFC6-282CFCB1EE30}.Debug|x64.Build.0 = Debug|x64
		{38E5F14A-CDBA-4D05-AFC6-282CFCB1EE30}.Debug|x86.ActiveCfg = Debug|Win32
		{38E5F14A-CDBA-4D05-AFC6-282CFCB1EE30}.Debug|x86.Build.0 = Debug|Win32
		{38E5F14A-CDBA-4D05-AFC6-282CFCB1EE30}.Release|x64.ActiveCfg = Release|x64
		{38E5F14A-CDBA-4D05-AFC6-282CFCB1EE30}.Release|x64.Build.0 = Release|x64
		{38E5F14A-CDBA-4D05-AFC6-282CFCB1EE30}.Release|x86.ActiveCfg = Release|Win32
		{38E5F14A-CDBA-4D05-AFC6-282CFCB1EE30}.Release|x86.Build.0 = Release|Win32
		{8F6545C8-DE8F-4E7B-93A7-558CFD5D881D}.Debug|x64.ActiveCfg = Debug|x64
		{8F6545C8-DE8F-4E7B-93A7-558CFD5D881D}.Debug|x64.Build.0 = Debug|x64
		{8F6545C8-DE8F-4E7B-93A7-558CFD5D881D}.Debug|x86.ActiveCfg = Debug|Win32
		{8F6545C8-DE8F-4E7B-93A7-558CFD5D881D}.Debug|x86.Build.0 = Debug|Win32
		{8F6545C8-DE8F-4E7B-93A7-558CFD5D881D}.Release|x64.ActiveCfg = Release|x64
		{8F6545C8-DE8F-4E7B-93A7-558CFD5D881D}.Release|x64.Build.0 = Release|x64
		{8F6545C8-DE8F-4E7B-93A7-558CFD5D881D}.Release|x86.ActiveCfg = Release|Win32
		{8F6545C8-DE8F-4E7B-93A7-558CFD5D881D}.Release|x86.Build.0 = Release|Win32
		{DCE84D8D-2EA4-49F0-BC81-32CCF69F2563}.Debug|x64.ActiveCfg = Debug|x64
		{DCE84D8D-2EA4-49F0-BC81-32CCF69F2563}.Debug|x64.Build.0 = Debug|x64
		{DCE84D8D-2EA4-49F0-BC81-32CCF69F2563}.Debug|x86.ActiveCfg = Debug|Win32
		{DCE84D8D-2EA4-49F0-BC81-32CCF69F2563}.Debug|x86.Build.0 = Debug|Win32
		{DCE84D8D-2EA4-49F0-BC81-32CCF69F2563}.Release|x64.ActiveCfg = Release|x64
		{DCE84D8D-2EA4-49F0-BC81-32CCF69F2563}.Release|x64.Build.0 = Release|x64
		{DCE84D8D-2EA4-49F0-BC81-32CCF69F2563}.Release|x86.ActiveCfg = Release|Win32
		{DCE84D8D-2EA4-49F0-BC81-32CCF69F2563}.Release|x86.Build.0 = Release|Win32
		{7901268F-16B4-42DB-8AFC-2DECA96B79D7}.Debug|x64.ActiveCfg = Debug|x64
		{7901268F-16B4-42DB-8AFC-2DECA96B79D7}.Debug|x64.Build.0 = Debug|x64
		{7901268F-16B4-42DB-8AFC-2DECA96B79D7}.Debug|x86.ActiveCfg = Debug|Win32
		{7901268F-16B4-42DB-8AFC-2DECA96B79D7}.Debug|x86.Build.0 = Debug|Win32
		{7901268F-16B4-42DB-8AFC-2DECA96B79D7}.Release|x64.ActiveCfg = Release|x64
		{7901268F-16B4-42DB-8AFC-2DECA96B79D7}.Release|x64.Build.0 = Release|x64
		{7901268F-16B4-42DB-8AFC-2DECA96B79D7}.Release|x86.ActiveCfg = Release|Win32
		{7901268F-16B4-42DB-8AFC-2DECA96B79D7}.Release|x86.Build.0 = Release|Win32
		{6D2705BA-C8FD-43F2-8C09-1E28AC71C6B7}.Debug|x64.ActiveCfg = Debug|x64
		{6D2705BA-C8FD-43F2-8C09-1E28AC71C6B7}.Debug|x64.Build.0 = Debug|x64
		{6D2705BA-C8FD-43F2-8C09-1E28AC71C6B7}.Debug|x86.ActiveCfg = Debug|Win32
		{6D2705BA-C8FD-43F2-8C09-1E28AC71C6B7}.Debug|x86.Build.0 = Debug|Win32
		{6D2705BA-C8FD-43F2-8C09-1E28AC71C6B7}.Release|x64.ActiveCfg = Release|x64
		{6D2705BA-C8FD-43F2-8C09-1E28AC71C6B7}.Release|x64.Build.0 = Release|x64
		{6D2705BA-C8FD-43F2-8C09-1E28AC71C6B7}.Release|x86.ActiveCfg = Release|Win32
		{6D2705BA-C8FD-43F2-8C09-1E28AC71C6B7}.Release|x86.Build.0 = Release|Win32
		{4F672D89-46E5-4DE8-9D66-72191DFB5FCE}.Debug|x64.ActiveCfg = Debug|x64
		{4F672D89-46E5-4DE8-9D66-72191DFB5FCE}.Debug|x64.Build.0 = Debug|x64
		{4F672D89-46E5-4DE8-9D66-72191DFB5FCE}.Debug|x86.ActiveCfg = Debug|Win32
		{4F672D89-46E5-4DE8-9D66-72191DFB5FCE}.Debug|x86.Build.0 = Debug|Win32
		{4F672D89-46E5-4DE8-9D66-72191DFB5FCE}.Release|x64.ActiveCfg = Release|x64
		{4F672D89-46E5-4DE8-9D66-72191DFB5FCE}.Release|x64.Build.0 = Release|x64
		{4F672D89-46E5-4DE8-9D66-72191DFB5FCE}.Release|x86.ActiveCfg = Release|Win32
		{4F672D89-46E5-4DE8-9D66-72191DFB5FCE}.Release|x86.Build.0 = Release|Win32
		{C5F44516-769F-4509-8D41-1E438F3656EF}.Debug|x64.ActiveCfg = Debug|x64
		{C5F44516-769F-4509-8D41-1E438F3656EF}.Debug|x64.Build.0 = Debug|x64
		{C5F44516-769F-4509-8D41-1E438F3656EF}.Debug|x86.ActiveCfg = Debug|Win32
		{C5F44516-769F-4509-8D41-1E438F3656EF}.Debug|x86.Build.0 = Debug|Win32
		{C5F44516-769F-4509-8D41-1E438F3656EF}.Release|x64.ActiveCfg = Release|x64
		{C5F44516-769F-4509-8D41-1E438F3656EF}.Release|x64.Build.0 = Release|x64
		{C5F44516-769F-4509-8D41-1E438F3656EF}.Release|x86.ActiveCfg = Release|Win32
		{C5F44516-769F-4509-8D41-1E438F3656EF}.Release|x86.Build.0 = Release|Win32
		{F19DEAFE-0637-4E6F-AD4A-2448853338FA}.Debug|x64.ActiveCfg = Debug|x64
		{F19DEAFE-0637-4E6F-AD4A-2448853338FA}.Debug|x64.Build.0 = Debug|x64
		{F19DEAFE-0637-4E6F-AD4A-2448853338FA}.Debug|x86.ActiveCfg = Debug|Win32
		{F19DEAFE-0637-4E6F-AD4A-2448853338FA}.Debug|x86.Build.0 = Debug|Win32
		{F19DEAFE-0637-4E6F-AD4A-2448853338FA}.Release|x64.ActiveCfg = Release|x64
		{F19DEAFE-0637-4E6F-AD4A-2448853338FA}.Release|x64.Build.0 = Release|x64
		{F19DEAFE-0637-4E6F-AD4A-2448853338FA}.Release|x86.ActiveCfg = Release|Win32
		{F19DEAFE-0637-4E6F-AD4A-2448853338FA}.Release|x86.Build.0 = Release|Win32
		{120FE574-1EA2-437C-8694-D2693E085B97}.Debug|x64.ActiveCfg = Debug|x64
		{120FE574-1EA2-437C-8694-D2693E085B97}.Debug|x64.Build.0 = Debug|x64
		{120FE574-1EA2-437C-8694-D2693E085B97}.Debug|x86.ActiveCfg = Debug|Win32
		{120FE574-1EA2-437C-8694-D2693E085B97}.Debug|x86.Build.0 = Debug|Win32
		{120FE574-1EA2-437C-8694-D2693E085B97}.Release|x64.ActiveCfg = Release|x64
		{120FE574-1EA2-437C-8694-D2693E085B97}.Release|x64.Build.0 = Release|x64
		{120FE574-1EA2-437C-8694-D2693E085B97}.Release|x86.ActiveCfg = Release|Win32
		{120FE574-1EA2-437C-8694-D2693E085B97}.Release|x86.Build.0 = Release|Win32
		{AF2AFF56-66C8-4912-A452-A5902A43CC48}.Debug|x64.ActiveCfg = Debug|x64
		{AF2AFF56-66C8-4912-A452-A5902A43CC48}.Debug|x64.Build.0 = Debug|x64
		{AF2AFF56-66C8-4912-A452-A5902A43CC48}.Debug|x86.ActiveCfg = Debug|Win32
		{AF2AFF56-66C8-4912-A452-A5902A43CC48}.Debug|x86.Build.0 = Debug|Win32
		{AF2AFF56-66C8-4912-A452-A5902A43CC48}.Release|x64.ActiveCfg = Release|x64
		{AF2AFF56-66C8-4912-A452-A5902A43CC48}.Release|x64.Build.0 = Release|x64
		{AF2AFF56-66C8-4912-A452-A5902A43CC48}.Release|x86.ActiveCfg = Release|Win32
		{AF2AFF56-66C8-4912-A452-A5902A43CC48}.Release|x86.Build.0 = Release|Win32
		{3BFE458F-204D-4E53-B89A-94A08ABF83F1}.Debug|x64.ActiveCfg = Debug|x64
		{3BFE458F-204D-4E53-B89A-94A08ABF83F1}.Debug|x64.Build.0 = Debug|x64
		{3BFE458F-204D-4E53-B89A-94A08ABF83F1}.Debug|x86.ActiveCfg = Debug|Win32
		{3BFE458F-204D-4E53-B89A-94A08ABF83F1}.Debug|x86.Build.0 = Debug|Win32
		{3BFE458F-204D-4E53-B89A-94A08ABF83F1}.Release|x64.ActiveCfg = Release|x64
		{3BFE458F-204D-4E53-B89A-94A08ABF83F1}.Release|x64.Build.0 = Release|x64
		{3BFE458F-204D-4E53-B89A-94A08ABF83F1}.Release|x86.ActiveCfg = Release|Win32
		{3BFE458F-204D-4E53-B89A-94A08ABF83F1}.Release|x86.Build.0 = Release|Win32
		{CEF20A18-C0DA-4346-BD41-ADBD13254D92}.Debug|x64.ActiveCfg = Debug|x64
		{CEF20A18-C0DA-4346-BD41-ADBD13254D92}.Debug|x64.Build.0 = Debug|x64
		{CEF20A18-C0DA-4346-BD41-ADBD13254D92}.Debug|x86.ActiveCfg = Debug|Win32
		{CEF20A18-C0DA-4346-BD41-ADBD13254D92}.Debug|x86.Build.0 = Debug|Win32
		{CEF20A18-C0DA-4346-BD41-ADBD13254D92}.Release|x64.ActiveCfg = Release|x64
		{CEF20A18-C0DA-4346-BD41-ADBD13254D92}.Release|x64.Build.0 = Release|x64
		{CEF20A18-C0DA-4346-BD41-ADBD13254D92}.Release|x86.ActiveCfg = Release|Win32
		{CEF20A18-C0DA-4346-BD41-ADBD13254D92}.Release|x86.Build.0 = Release|Win32
		{3F10C41F-8414-459E-9B23-BA2426390E2D}.Debug|x64.ActiveCfg = Debug|x64
		{3F10C41F-8414-459E-9B23-BA2426390E2D}.Debug|x64.Build.0 = Debug|x64
		{3F10C41F-8414-459E-9B23-BA2426390E2D}.Debug|x86.ActiveCfg = Debug|Win32
		{3F10C41F-8414-459E-9B23-BA2426390E2D}.Debug|x86.Build.0 = Debug|Win32
		{3F10C41F-8414-459E-9B23-BA2426390E2D}.Release|x64.ActiveCfg = Release|x64
		{3F10C41F-8414-459E-9B23-BA2426390E2D}.Release|x64.Build.0 = Release|x64
		{3F10C41F-8414-459E-9B23-BA2426390E2D}.Release|x86.ActiveCfg = Release|Win32
		{3F10C41F-8414-459E-9B23-BA2426390E2D}.Release|x86.Build.0 = Release|Win32
		{B4BD7817-1825-4FF2-965F-5CDB0FA71646}.Debug|x64.ActiveCfg = Debug|x64
		{B4BD7817-1825-4FF2-965F-5CDB0FA71646}.Debug|x64.Build.0 = Debug|x64
		{B4BD7817-1825-4FF2-965F-5CDB0FA71646}.Debug|x86.ActiveCfg = Debug|Win32
		{B4BD7817-1825-4FF2-965F-5CDB0FA71646}.Debug|x86.Build.0 = Debug|Win32
		{B4BD7817-1825-4FF2-965F-5CDB0FA71646}.Release|x64.ActiveCfg = Release|x64
		{B4BD7817-1825-4FF2-965F-5CDB0FA71646}.Release|x64.Build.0 = Release|x64
		{B4BD7817-1825-4FF2-965F-5CDB0FA71646}.Release|x86.ActiveCfg = Release|Win32
		{B4BD7817-1825-4FF2-965F-5CDB0FA71646}.Release|x86.Build.0 = Release|Win32
		{8CC41518-071F-4456-A9F1-C922A3A1A140}.Debug|x64.ActiveCfg = Debug|x64
		{8CC41518-071F-4456-A9F1-C922A3A1A140}.Debug|x64.Build.0 = Debug|x64
		{8CC41518-071F-4456-A9F1-C922A3A1A140}.Debug|x86.ActiveCfg = Debug|Win32
		{8CC41518-071F-4456-A9F1-C922A3A1A140}.Debug|x86.Build.0 = Debug|Win32
		{8CC41518-071F-4456-A9F1-C922A3A1A140}.Release|x64.ActiveCfg = Release|x64
		{8CC41518-071F-4456-A9F1-C922A3A1A140}.Release|x64.Build.0 = Release|x64
		{8CC41518-071F-4456-A9F1-C922A3A1A140}.Release|x86.ActiveCfg = Release|Win32
		{8CC41518-071F-4456-A9F1-C922A3A1A140}.Release|x86.Build.0 = Release|Win32
		{F73EAD6F-AE26-46BF-9F3B-5FB7BAA8A473}.Debug|x64.ActiveCfg = Debug|x64
		{F73EAD6F-AE26-46BF-9F3B-5FB7BAA8A473}.Debug|x64.Build.0 = Debug|x64
		{F73EAD6F-AE26-46BF-9F3B-5FB7BAA8A473}.Debug|x86.ActiveCfg = Debug|Win32
		{F73EAD6F-AE26-46BF-9F3B-5FB7BAA8A473}.Debug|x86.Build.0 = Debug|Win32
		{F73EAD6F-AE26-46BF-9F3B-5FB7BAA8A473}.Release|x64.ActiveCfg = Release|x64
		{F73EAD6F-AE26-46BF-9F3B-5FB7BAA8A473}.Release|x64.Build.0 = Release|x64
		{F73EAD6F-AE26-46BF-9F3B-5FB7BAA8A473}.Release|x86.ActiveCfg = Release|Win32
		{F73EAD6F-AE26-46BF-9F3B-5FB7BAA8A473}.Release|x86.Build.0 = Release|Win32
		{0056A971-CF00-4C7C-9FCC-5CFC9BAC3B1E}.Debug|x64.ActiveCfg = Debug|x64
		{0056A971-CF00-4C7C-9FCC-5CFC9BAC3B1E}.Debug|x64.Build.0 = Debug|x64
		{0056A971-CF00-4C7C-9FCC-5CFC9BAC3B1E}.Debug|x86.ActiveCfg = Debug|Win32
		{0056A971-CF00-4C7C-9FCC-5CFC9BAC3B1E}.Debug|x86.Build.0 = Debug|Win32
		{0056A971-CF00-4C7C-9FCC-5CFC9BAC3B1E}.Release|x64.ActiveCfg = Release|x64
		{0056A971-CF00-4C7C-9FCC-5CFC9BAC3B1E}.Release|x64.Build.0 = Release|x64
		{0056A971-CF00-4C7C-9FCC-5CFC9BAC3B1E}.Release|x86.ActiveCfg = Release|Win32
		{0056A971-CF00-4C7C-9FCC-5CFC9BAC3B1E}.Release|x86.Build.0 = Release|Win32
		{D56DB1E1-9558-4690-AB54-EDFF5CC41013}.Debug|x64.ActiveCfg = Debug|x64
		{D56DB1E1-9558-4690-AB54-EDFF5CC41013}.Debug|x64.Build.0 = Debug|x64
		{D56DB1E1-9558-4690-AB54-EDFF5CC41013}.Debug|x86.ActiveCfg = Debug|Win32
		{D56DB1E1-9558-4690-AB54-EDFF5CC41013}.Debug|x86.Build.0 = Debug|Win32
		{D56DB1E1-9558-4690-AB54-EDFF5CC41013}.Release|x64.ActiveCfg = Release|x64
		{D56DB1E1-9558-4690-AB54-EDFF5CC41013}.Release|x64.Build.0 = Release|x64
		{D56DB1E1-9558-4690-AB54-EDFF5CC41013}.Release|x86.ActiveCfg = Release|Win32
		{D56DB1E1-9558-4690-AB54-EDFF5CC41013}.Release|x86.Build.0 = Release|Win32
		{97A4AEAC-75BF-4538-AC9E-5C93C9CD3DE9}.Debug|x64.ActiveCfg = Debug|x64
		{97A4AEAC-75BF-4538-AC9E-5C93C9CD3DE9}.Debug|x64.Build.0 = Debug|x64
		{97A4AEAC-75BF-4538-AC9E-5C93C9CD3DE9}.Debug|x86.ActiveCfg = Debug|Win32
		{97A4AEAC-75BF-4538-AC9E-5C93C9CD3DE9}.Debug|x86.Build.0 = Debug|Win32
		{97A4AEAC-75BF-4538-AC9E-5C93C9CD3DE9}.Release|x64.ActiveCfg = Release|x64
		{97A4AEAC-75BF-4538-AC9E-5C93C9CD3DE9}.Release|x64.Build.0 = Release|x64
		{97A4AEAC-75BF-4538-AC9E-5C93C9CD3DE9}.Release|x86.ActiveCfg = Release|Win32
		{97A4AEAC-75BF-4538-AC9E-5C93C9CD3DE9}.Release|x86.Build.0 = Release|Win32
		{53C24529-8949-47FF-99F1-C83ACC07AA30}.Debug|x64.ActiveCfg = Debug|x64
		{53C24529-8949-47FF-99F1-C83ACC07AA30}.Debug|x64.Build.0 = Debug|x64
		{53C24529-8949-47FF-99F1-C83ACC07AA30}.Debug|x86.ActiveCfg = Debug|Win32
		{53C24529-8949-47FF-99F1-C83ACC07AA30}.Debug|x86.Build.0 = Debug|Win32
		{53C24529-8949-47FF-99F1-C83ACC07AA30}.Release|x64.ActiveCfg = Release|x64
		{53C24529-8949-47FF-99F1-C83ACC07AA30}.Release|x64.Build.0 = Release|x64
		{53C24529-8949-47FF-99F1-C83ACC07AA30}.Release|x86.ActiveCfg = Release|Win32
		{53C24529-8949-47FF-99F1-C83ACC07AA30}.Release|x86.Build.0 = Release|Win32
		{06C7D72D-573A-42F4-B488-BF6DD2D8B66E}.Debug|x64.ActiveCfg = Debug|x64
		{06C7D72D-573A-42F4-B488-BF6DD2D8B66E}.Debug|x64.Build.0 = Debug|x64
		{06C7D72D-573A-42F4-B488-BF6DD2D8B66E}.Debug|x86.ActiveCfg = Debug|Win32
		{06C7D72D-573A-42F4-B488-BF6DD2D8B66E}.Debug|x86.Build.0 = Debug|Win32
		{06C7D72D-573A-42F4-B488-BF6DD2D8B66E}.Release|x64.ActiveCfg = Release|x64
		{06C7D72D-573A-42F4-B488-BF6DD2D8B66E}.Release|x64.Build.0 = Release|x64
		{06C7D72D-573A-42F4-B488-BF6DD2D8B66E}.Release|x86.ActiveCfg = Release|Win32
		{06C7D72D-573A-42F4-B488-BF6DD2D8B66E}.Release|x86.Build.0 = Release|Win32
		{A41BF53C-6456-4612-A6F2-4B4D3D7B5D67}.Debug|x64.ActiveCfg = Debug|x64
		{A41BF53C-6456-4612-A6F2-4B4D3D7B5D67}.Debug|x64.Build.0 = Debug|x64
		{A41BF53C-6456-4612-A6F2-4B4D3D7B5D67}.Debug|x86.ActiveCfg = Debug|Win32
		{A41BF53C-6456-4612-A6F2-4B4D3D7B5D67}.Debug|x86.Build.0 = Debug|Win32
		{A41BF53C-6456-4612-A6F2-4B4D3D7B5D67}.Release|x64.ActiveCfg = Release|x64
		{A41BF53C-6456-4612-A6F2-4B4D3D7B5D67}.Release|x64.Build.0 = Release|x64
		{A41BF53C-6456-4612-A6F2-4B4D3D7B5D67}.Release|x86.ActiveCfg = Release|Win32
		{A41BF53C-6456-4612-A6F2-4B4D3D7B5D67}.Release|x86.Build.0 = Release|Win32
		{92BC867D-44DF-4E82-BF2D-3AC61D42BA07}.Debug|x64.ActiveCfg = Debug|x64
		{92BC867D-44DF-4E82-BF2D-3AC61D42BA07}.Debug|x64.Build.0 = Debug|x64
		{92BC867D-44DF-4E82-BF2D-3AC61D42BA07}.Debug|x86.ActiveCfg = Debug|Win32
		{92BC867D-44DF-4E82-BF2D-3AC61D42BA07}.Debug|x86.Build.0 = Debug|Win32
		{92BC867D-44DF-4E82-BF2D-3AC61D42BA07}.Release|x64.ActiveCfg = Release|x64
		{92BC867D-44DF-4E82-BF2D-3AC61D42BA07}.Release|x64.Build.0 = Release|x64
		{92BC867D-44DF-4E82-BF2D-3AC61D42BA07}.Release|x86.ActiveCfg = Release|Win32
		{92BC867D-44DF-4E82-BF2D-3AC61D42BA07}.Release|x86.Build.0 = Release|Win32
		{D57F40FF-C06D-4A18-B5F7-1C383EC132A9}.Debug|x64.ActiveCfg = Debug|x64
		{D57F40FF-C06D-4A18-B5F7-1C383EC132A9}.Debug|x64.Build.0 = Debug|x64
		{D57F40FF-C06D-4A18-B5F7-1C383EC132A9}.Debug|x86.ActiveCfg = Debug|Win32
		{D57F40FF-C06D-4A18-B5F7-1C383EC132A9}.Debug|x86.Build.0 = Debug|Win32
		{D57F40FF-C06D-4A18-B5F7-1C383EC132A9}.Release|x64.ActiveCfg = Release|x64
		{D57F40FF-C06D-4A18-B5F7-1C383EC132A9}.Release|x64.Build.0 = Release|x64
		{D57F40FF-C06D-4A18-B5F7-1C383EC132A9}.Release|x86.ActiveCfg = Release|Win32
		{D57F40FF-C06D-4A18-B5F7-1C383EC132A9}.Release|x86.Build.0 = Release|Win32
		{4C0058E2-CB73-49B2-A684-A9F541FBAA15}.Debug|x64.ActiveCfg = Debug|x64
		{4C0058E2-CB73-49B2-A684-A9F541FBAA15}.Debug|x64.Build.0 = Debug|x64
		{4C0058E2-CB73-49B2-A684-A9F541FBAA15}.Debug|x86.ActiveCfg = Debug|Win32
		{4C0058E2-CB73-49B2-A684-A9F541FBAA15}.Debug|x86.Build.0 = Debug|Win32
		{4C0058E2-CB73-49B2-A684-A9F541FBAA15}.Release|x64.ActiveCfg = Release|x64
		{4C0058E2-CB73-49B2-A684-A9F541FBAA15}.Release|x64.Build.0 = Release|x64
		{4C0058E2-CB73-49B2-A684-A9F541FBAA15}.Release|x86.ActiveCfg = Release|Win32
		{4C0058E2-CB73-49B2-A684-A9F541FBAA15}.Release|x86.Build.0 = Release|Win32
		{627C162E-24DD-4319-A9BC-F8A22A23DA01}.Debug|x64.ActiveCfg = Debug|x64
		{627C162E-24DD-4319-A9BC-F8A22A23DA01}.Debug|x64.Build.0 = Debug|x64
		{627C162E-24DD-4319-A9BC-F8A22A23DA01}.Debug|x86.ActiveCfg = Debug|Win32
		{627C162E-24DD-4319-A9BC-F8A22A23DA01}.Debug|x86.Build.0 = Debug|Win32
		{627C162E-24DD-4319-A9BC-F8A22A23DA01}.Release|x64.ActiveCfg = Release|x64
		{627C162E-24DD-4319-A9BC-F8A22A23DA01}.Release|x64.Build.0 = Release|x64
		{627C162E-24DD-4319-A9BC-F8A22A23DA01}.Release|x86.ActiveCfg = Release|Win32
		{627C162E-24DD-4319-A9BC-F8A22A23DA01}.Release|x86.Build.0 = Release|Win32
		{312063B5-9D3B-4A09-ADA3-ED6EEDE602EA}.Debug|x64.ActiveCfg = Debug|x64
		{312063B5-9D3B-4A09-ADA3-ED6EEDE602EA}.Debug|x64.Build.0 = Debug|x64
		{312063B5-9D3B-4A09-ADA3-ED6EEDE602EA}.Debug|x86.ActiveCfg = Debug|Win32
		{312063B5-9D3B-4A09-ADA3-ED6EEDE602EA}.Debug|x86.Build.0 = Debug|Win32
		{312063B5-9D3B-4A09-ADA3-ED6EEDE602EA}.Release|x64.ActiveCfg = Release|x64
		{312063B5-9D3B-4A09-ADA3-ED6EEDE602EA}.Release|x64.Build.0 = Release|x64
		{312063B5-9D3B-4A09-ADA3-ED6EEDE602EA}.Release|x86.ActiveCfg = Release|Win32
		{312063B5-9D3B-4A09-ADA3-ED6EEDE602EA}.Release|x86.Build.0 = Release|Win32
		{12A0374D-8222-450F-B233-9748FFDD3E29}.Debug|x64.ActiveCfg = Debug|x64
		{12A0374D-8222-450F-B233-9748FFDD3E29}.Debug|x64.Build.0 = Debug|x64
		{12A0374D-8222-450F-B233-9748FFDD3E29}.Debug|x86.ActiveCfg = Debug|Win32
		{12A0374D-8222-450F-B233-9748FFDD3E29}.Debug|x86.Build.0 = Debug|Win32
		{12A0374D-8222-450F-B233-9748FFDD3E29}.Release|x64.ActiveCfg = Release|x64
		{12A0374D-8222-450F-B233-9748FFDD3E29}.Release|x64.Build.0 = Release|x64
		{12A0374D-8222-450F-B233-9748FFDD3E29}.Release|x86.ActiveCfg = Release|Win32
		{12A0374D-8222-450F-B233-9748FFDD3E29}.Release|x86.Build.0 = Release|Win32
		{FA1A63BC-F65D-42AB-B83D-85341C1FC436}.Debug|x64.ActiveCfg = Debug|x64
		{FA1A63BC-F65D-42AB-B83D-85341C1FC436}.Debug|x64.Build.0 = Debug|x64
		{FA1A63BC-F65D-42AB-B83D-85341C1FC436}.Debug|x86.ActiveCfg = Debug|Win32
		{FA1A63BC-F65D-42AB-B83D-85341C1FC436}.Debug|x86.Build.0 = Debug|Win32
		{FA1A63BC-F65D-42AB-B83D-85341C1FC436}.Release|x64.ActiveCfg = Release|x64
		{FA1A63BC-F65D-42AB-B83D-85341C1FC436}.Release|x64.Build.0 = Release|x64
		{FA1A63BC-F65D-42AB-B83D-85341C1FC436}.Release|x86.ActiveCfg = Release|Win32
		{FA1A63BC-F65D-42AB-B83D-85341C1FC436}.Release|x86.Build.0 = Release|Win32
		{50FC380A-A25C-4064-B419-8AF17ED53494}.Debug|x64.ActiveCfg = Debug|x64
		{50FC380A-A25C-4064-B419-8AF17ED53494}.Debug|x64.Build.0 = Debug|x64
		{50FC380A-A25C-4064-B419-8AF17ED53494}.Debug|x86.ActiveCfg = Debug|Win32
		{50FC380A-A25C-4064-B419-8AF17ED53494}.Debug|x86.Build.0 = Debug|Win32
		{50FC380A-A25C-4064-B419-8AF17ED53494}.Release|x64.ActiveCfg = Release|x64
		{50FC380A-A25C-4064-B419-8AF17ED53494}.Release|x64.Build.0 = Release|x64
		{50FC380A-A25C-4064-B419-8AF17ED53494}.Release|x86.ActiveCfg = Release|Win32
		{50FC380A-A25C-4064-B419-8AF17ED53494}.Release|x86.Build.0 = Release|Win32
		{073F08BE-3B82-42CC-AA9E-A95D16E20B65}.Debug|x64.ActiveCfg = Debug|x64
		{073F08BE-3B82-42CC-AA9E-A95D16E20B65}.Debug|x64.Build.0 = Debug|x64
		{073F08BE-3B82-42CC-AA9E-A95D16E20B65}.Debug|x86.ActiveCfg = Debug|Win32
		{073F08BE-3B82-42CC-AA9E-A95D16E20B65}.Debug|x86.Build.0 = Debug|Win32
		{073F08BE-3B82-42CC-AA9E-A95D16E20B65}.Release|x64.ActiveCfg = Release|x64
		{073F08BE-3B82-42CC-AA9E-A95D16E20B65}.Release|x64.Build.0 = Release|x64
		{073F08BE-3B82-42CC-AA9E-A95D16E20B65}.Release|x86.ActiveCfg = Release|Win32
		{073F08BE-3B82-42CC-AA9E-A95D16E20B65}.Release|x86.Build.0 = Release|Win32
		{5D0C4AAD-7F0A-4095-B1D0-AEF3E56952A4}.Debug|x64.ActiveCfg = Debug|x64
		{5D0C4AAD-7F0A-4095-B1D0-AEF3E56952A4}.Debug|x64.Build.0 = Debug|x64
		{5D0C4AAD-7F0A-4095-B1D0-AEF3E56952A4}.Debug|x86.ActiveCfg = Debug|Win32
		{5D0C4AAD-7F0A-4095-B1D0-AEF3E56952A4}.Debug|x86.Build.0 = Debug|Win32
		{5D0C4AAD-7F0A-4095-B1D0-AEF3E56952A4}.Release|x64.ActiveCfg = Release|x64
		{5D0C4AAD-7F0A-4095-B1D0-AEF3E56952A4}.Release|x64.Build.0 = Release|x64
		{5D0C4AAD-7F0A-4095-B1D0-AEF3E56952A4}.Release|x86.ActiveCfg = Release|Win32
		{5D0C4AAD-7F0A-4095-B1D0-AEF3E56952A4}.Release|x86.Build.0 = Release|Win32
		{6DA6B334-2CD1-456A-BF79-0964C6C7987F}.Debug|x64.ActiveCfg = Debug|x64
		{6DA6B334-2CD1-456A-BF79-0964C6C7987F}.Debug|x64.Build.0 = Debug|x64
		{6DA6B334-2CD1-456A-BF79-0964C6C7987F}.Debug|x86.ActiveCfg = Debug|Win32
		{6DA6B334-2CD1-456A-BF79-0964C6C7987F}.Debug|x86.Build.0 = Debug|Win32
		{6DA6B334-2CD1-456A-BF79-0964C6C7987F}.Release|x64.ActiveCfg = Release|x64
		{6DA6B334-2CD1-456A-BF79-0964C6C7987F}.Release|x64.Build.0 = Release|x64
		{6DA6B334-2CD1-456A-BF79-0964C6C7987F}.Release|x86.ActiveCfg = Release|Win32
		{6DA6B334-2CD1-456A-BF79-0964C6C7987F}.Release|x86.Build.0 = Release|Win32
		{C79745BD-1C02-48CA-864E-ACA8DD65A31F}.Debug|x64.ActiveCfg = Debug|x64
		{C79745BD-1C02-48CA-864E-ACA8DD65A31F}.Debug|x64.Build.0 = Debug|x64
		{C79745BD-1C02-48CA-864E-ACA8DD65A31F}.Debug|x86.ActiveCfg = Debug|Win32
		{C79745BD-1C02-48CA-864E-ACA8DD65A31F}.Debug|x86.Build.0 = Debug|Win32
		{C79745BD-1C02-48CA-864E-ACA8DD65A31F}.Release|x64.ActiveCfg = Release|x64
		{C79745BD-1C02-48CA-864E-ACA8DD65A31F}.Release|x64.Build.0 = Release|x64
		{C79745BD-1C02-48CA-864E-ACA8DD65A31F}.Release|x86.ActiveCfg = Release|Win32
		{C79745BD-1C02-48CA-864E-ACA8DD65A31F}.Release|x86.Build.0 = Release|Win32
		{DF79E946-890C-46D7-9E07-DBA1554493C1}.Debug|x64.ActiveCfg = Debug|x64
		{DF79E946-890C-46D7-9E07-DBA1554493C1}.Debug|x64.Build.0 = Debug|x64
		{DF79E946-890C-46D7-9E07-DBA1554493C1}.Debug|x86.ActiveCfg = Debug|Win32
		{DF79E946-890C-46D7-9E07-DBA1554493C1}.Debug|x86.Build.0 = Debug|Win32
		{DF79E946-890C-46D7-9E07-DBA1554493C1}.Release|x64.ActiveCfg = Release|x64
		{DF79E946-890C-46D7-9E07-DBA1554493C1}.Release|x64.Build.0 = Release|x64
		{DF79E946-890C-46D7-9E07-DBA1554493C1}.Release|x86.ActiveCfg = Release|Win32
		{DF79E946-890C-46D7-9E07-DBA1554493C1}.Release|x86.Build.0 = Release|Win32
		{36E1CCC9-86FE-4515-9C25-228D31ABFD5A}.Debug|x64.ActiveCfg = Debug|x64
		{36E1CCC9-86FE-4515-9C25-228D31ABFD5A}.Debug|x64.Build.0 = Debug|x64
		{36E1CCC9-86FE-4515-9C25-228D31ABFD5A}.Debug|x86.ActiveCfg = Debug|Win32
		{36E1CCC9-86FE-4515-9C25-228D31ABFD5A}.Debug|x86.Build.0 = Debug|Win32
		{36E1CCC9-86FE-4515-9C25-228D31ABFD5A}.Release|x64.ActiveCfg = Release|x64
		{36E1CCC9-86FE-4515-9C25-228D31ABFD5A}.Release|x64.Build.0 = Release|x64
		{36E1CCC9-86FE-4515-9C25-228D31ABFD5A}.Release|x86.ActiveCfg = Release|Win32
		{36E1CCC9-86FE-4515-9C25-228D31ABFD5A}.Release|x86.Build.0 = Release|Win32
		{D755B5F5-6783-4B69-A832-2B23E3057AFD}.Debug|x64.ActiveCfg = Debug|x64
		{D755B5F5-6783-4B69-A832-2B23E3057AFD}.Debug|x64.Build.0 = Debug|x64
		{D755B5F5-6783-4B69-A832-2B23E3057AFD}.Debug|x86.ActiveCfg = Debug|Win32
		{D755B5F5-6783-4B69-A832-2B23E3057AFD}.Debug|x86.Build.0 = Debug|Win32
		{D755B5F5-6783-4B69-A832-2B23E3057AFD}.Release|x64.ActiveCfg = Release|x64
		{D755B5F5-6783-4B69-A832-2B23E3057AFD}.Release|x64.Build.0 = Release|x64
		{D755B5F5-6783-4B69-A832-2B23E3057AFD}.Release|x86.ActiveCfg = Release|Win32
		{D755B5F5-6783-4B69-A832-2B23E3057AFD}.Release|x86.Build.0 = Release|Win32
		{C1CF29A4-EFF0-496A-9024-B900D352ACDE}.Debug|x64.ActiveCfg = Debug|x64
		{C1CF29A4-EFF0-496A-9024-B900D352ACDE}.Debug|x64.Build.0 = Debug|x64
		{C1CF29A4-EFF0-496A-9024-B900D352ACDE}.Debug|x86.ActiveCfg = Debug|Win32
		{C1CF29A4-EFF0-496A-9024-B900D352ACDE}.Debug|x86.Build.0 = Debug|Win32
		{C1CF29A4-EFF0-496A-9024-B900D352ACDE}.Release|x64.ActiveCfg = Release|x64
		{C1CF29A4-EFF0-496A-9024-B900D352ACDE}.Release|x64.Build.0 = Release|x64
		{C1CF29A4-EFF0-496A-9024-B900D352ACDE}.Release|x86.ActiveCfg = Release|Win32
		{C1CF29A4-EFF0-496A-9024-B900D352ACDE}.Release|x86.Build.0 = Release|Win32
		{58836B6B-7536-48E1-9380-FCF4D253D99E}.Debug|x64.ActiveCfg = Debug|x64
		{58836B6B-7536-48E1-9380-FCF4D253D99E}.Debug|x64.Build.0 = Debug|x64
		{58836B6B-7536-48E1-9380-FCF4D253D99E}.Debug|x86.ActiveCfg = Debug|Win32
		{58836B6B-7536-48E1-9380-FCF4D253D99E}.Debug|x86.Build.0 = Debug|Win32
		{58836B6B-7536-48E1-9380-FCF4D253D99E}.Release|x64.ActiveCfg = Release|x64
		{58836B6B-7536-48E1-9380-FCF4D253D99E}.Release|x64.Build.0 = Release|x64
		{58836B6B-7536-48E1-9380-FCF4D253D99E}.Release|x86.ActiveCfg = Release|Win32
		{58836B6B-7536-48E1-9380-FCF4D253D99E}.Release|x86.Build.0 = Release|Win32
		{FE9E3443-4761-4CB2-829B-5E138D61CB67}.Debug|x64.ActiveCfg = Debug|x64
		{FE9E3443-4761-4CB2-829B-5E138D61CB67}.Debug|x64.Build.0 = Debug|x64
		{FE9E3443-4761-4CB2-829B-5E138D61CB67}.Debug|x86.ActiveCfg = Debug|Win32
		{FE9E3443-4761-4CB2-829B-5E138D61CB67}.Debug|x86.Build.0 = Debug|Win32
		{FE9E3443-4761-4CB2-829B-5E138D61CB67}.Release|x64.ActiveCfg = Release|x64
		{FE9E3443-4761-4CB2-829B-5E138D61CB67}.Release|x64.Build.0 = Release|x64
		{FE9E3443-4761-4CB2-829B-5E138D61CB67}.Release|x86.ActiveCfg = Release|Win32
		{FE9E3443-4761-4CB2-829B-5E138D61CB67}.Release|x86.Build.0 = Release|Win32
		{B20E6430-3DD6-46D3-A49B-BF4C8F8BA3E1}.Debug|x64.ActiveCfg = Debug|x64
		{B20E6430-3DD6-46D3-A49B-BF4C8F8BA3E1}.Debug|x64.Build.0 = Debug|x64
		{B20E6430-3DD6-46D3-A49B-BF4C8F8BA3E1}.Debug|x86.ActiveCfg = Debug|Win32
		{B20E6430-3DD6-46D3-A49B-BF4C8F8BA3E1}.Debug|x86.Build.0 = Debug|Win32
		{B20E6430-3DD6-46D3-A49B-BF4C8F8BA3E1}.Release|x64.ActiveCfg = Release|x64
		{B20E6430-3DD6-46D3-A49B-BF4C8F8BA3E1}.Release|x64.Build.0 = Release|x64
		{B20E6430-3DD6-46D3-A49B-BF4C8F8BA3E1}.Release|x86.ActiveCfg = Release|Win32
		{B20E6430-3DD6-46D3-A49B-BF4C8F8BA3E1}.Release|x86.Build.0 = Release|Win32
		{84C7D9FE-0E7E-4AF7-A1CD-7B1A411E66FC}.Debug|x64.ActiveCfg = Debug|x64
		{84C7D9FE-0E7E-4AF7-A1CD-7B1A411E66FC}.Debug|x64.Build.0 = Debug|x64
		{84C7D9FE-0E7E-4AF7-A1CD-7B1A411E66FC}.Debug|x86.ActiveCfg = Debug|Win32
		{84C7D9FE-0E7E-4AF7-A1CD-7B1A411E66FC}.Debug|x86.Build.0 = Debug|Win32
		{84C7D9FE-0E7E-4AF7-A1CD-7B1A411E66FC}.Release|x64.ActiveCfg = Release|x64
		{84C7D9FE-0E7E-4AF7-A1CD-7B1A411E66FC}.Release|x64.Build.0 = Release|x64
		{84C7D9FE-0E7E-4AF7-A1CD-7B1A411E66FC}.Release|x86.ActiveCfg = Release|Win32
		{84C7D9FE-0E7E-4AF7-A1CD-7B1A411E66FC}.Release|x86.Build.0 = Release|Win32
		{D1F6CFD1-CEC2-4B42-8E4E-3C5ED236D56E}.Debug|x64.ActiveCfg = Debug|x64
		{D1F6CFD1-CEC2-4B42-8E4E-3C5ED236D56E}.Debug|x64.Build.0 = Debug|x64
		{D1F6CFD1-CEC2-4B42-8E4E-3C5ED236D56E}.Debug|x86.ActiveCfg = Debug|Win32
		{D1F6CFD1-CEC2-4B42-8E4E-3C5ED236D56E}.Debug|x86.Build.0 = Debug|Win32
		{D1F6CFD1-CEC2-4B42-8E4E-3C5ED236D56E}.Release|x64.ActiveCfg = Release|x64
		{D1F6CFD1-CEC2-4B42-8E4E-3C5ED236D56E}.Release|x64.Build.0 = Release|x64
		{D1F6CFD1-CEC2-4B42-8E4E-3C5ED236D56E}.Release|x86.ActiveCfg = Release|Win32
		{D1F6CFD1-CEC2-4B42-8E4E-3C5ED236D56E}.Release|x86.Build.0 = Release|Win32
		{54AE21A3-0F54-4852-BC3B-F68467082049}.Debug|x64.ActiveCfg = Debug|x64
		{54AE21A3-0F54-4852-BC3B-F68467082049}.Debug|x64.Build.0 = Debug|x64
		{54AE21A3-0F54-4852-BC3B-F68467082049}.Debug|x86.ActiveCfg = Debug|Win32
		{54AE21A3-0F54-4852-BC3B-F68467082049}.Debug|x86.Build.0 = Debug|Win32
		{54AE21A3-0F54-4852-BC3B-F68467082049}.Release|x64.ActiveCfg = Release|x64
		{54AE21A3-0F54-4852-BC3B-F68467082049}.Release|x64.Build.0 = Release|x64
		{54AE21A3-0F54-4852-BC3B-F68467082049}.Release|x86.ActiveCfg = Release|Win32
		{54AE21A3-0F54-4852-BC3B-F68467082049}.Release|x86.Build.0 = Release|Win32
		{0AE7CF5D-5204-4054-A22F-85B2F248530A}.Debug|x64.ActiveCfg = Debug|x64
		{0AE7CF5D-5204-4054-A22F-85B2F248530A}.Debug|x64.Build.0 = Debug|x64
		{0AE7CF5D-5204-4054-A22F-85B2F248530A}.Debug|x86.ActiveCfg = Debug|Win32
		{0AE7CF5D-5204-4054-A22F-85B2F248530A}.Debug|x86.Build.0 = Debug|Win32
		{0AE7CF5D-5204-4054-A22F-85B2F248530A}.Release|x64.ActiveCfg = Release|x64
		{0AE7CF5D-5204-4054-A22F-85B2F248530A}.Release|x64.Build.0 = Release|x64
		{0AE7CF5D-5204-4054-A22F-85B2F248530A}.Release|x86.ActiveCfg = Release|Win32
		{0AE7CF5D-5204-4054-A22F-85B2F248530A}.Release|x86.Build.0 = Release|Win32
		{87CD7CD4-3B4E-4FA8-B813-09181EC6D5FD}.Debug|x64.ActiveCfg = Debug|x64
		{87CD7CD4-3B4E-4FA8-B813-09181EC6D5FD}.Debug|x64.Build.0 = Debug|x64
		{87CD7CD4-3B4E-4FA8-B813-09181EC6D5FD}.Debug|x86.ActiveCfg = Debug|Win32
		{87CD7CD4-3B4E-4FA8-B813-09181EC6D5FD}.Debug|x86.Build.0 = Debug|Win32
		{87CD7CD4-3B4E-4FA8-B813-09181EC6D5FD}.Release|x64.ActiveCfg = Release|x64
		{87CD7CD4-3B4E-4FA8-B813-09181EC6D5FD}.Release|x64.Build.0 = Release|x64
		{87CD7CD4-3B4E-4FA8-B813-09181EC6D5FD}.Release|x86.ActiveCfg = Release|Win32
		{87CD7CD4-3B4E-4FA8-B813-09181EC6D5FD}.Release|x86.Build.0 = Release|Win32
		{4B02C452-094D-45B5-BBEF-2DCBCE6A6FFF}.Debug|x64.ActiveCfg = Debug|x64
		{4B02C452-094D-45B5-BBEF-2DCBCE6A6FFF}.Debug|x64.Build.0 = Debug|x64
		{4B02C452-094D-45B5-BBEF-2DCBCE6A6FFF}.Debug|x86.ActiveCfg = Debug|Win32
		{4B02C452-094D-45B5-BBEF-2DCBCE6A6FFF}.Debug|x86.Build.0 = Debug|Win32
		{4B02C452-094D-45B5-BBEF-2DCBCE6A6FFF}.Release|x64.ActiveCfg = Release|x64
		{4B02C452-094D-45B5-BBEF-2DCBCE6A6FFF}.Release|x64.Build.0 = Release|x64
		{4B02C452-094D-45B5-BBEF-2DCBCE6A6FFF}.Release|x86.ActiveCfg = Release|Win32
		{4B02C452-094D-45B5-BBEF-2DCBCE6A6FFF}.Release|x86.Build.0 = Release|Win32
		{556ADFBC-BE25-489A-8D3C-1D8D64BCE6A3}.Debug|x64.ActiveCfg = Debug|x64
		{556ADFBC-BE25-489A-8D3C-1D8D64BCE6A3}.Debug|x64.Build.0 = Debug|x64
		{556ADFBC-BE25-489A-8D3C-1D8D64BCE6A3}.Debug|x86.ActiveCfg = Debug|Win32
		{556ADFBC-BE25-489A-8D3C-1D8D64BCE6A3}.Debug|x86.Build.0 = Debug|Win32
		{556ADFBC-BE25-489A-8D3C-1D8D64BCE6A3}.Release|x64.ActiveCfg = Release|x64
		{556ADFBC-BE25-489A-8D3C-1D8D64BCE6A3}.Release|x64.Build.0 = Release|x64
		{556ADFBC-BE25-489A-8D3C-1D8D64BCE6A3}.Release|x86.ActiveCfg = Release|Win32
		{556ADFBC-BE25-489A-8D3C-1D8D64BCE6A3}.Release|x86.Build.0 = Release|Win32
		{3393D90C-B4EE-44E2-B913-A55913984E04}.Debug|x64.ActiveCfg = Debug|x64
		{3393D90C-B4EE-44E2-B913-A55913984E04}.Debug|x64.Build.0 = Debug|x64
		{3393D90C-B4EE-44E2-B913-A55913984E04}.Debug|x86.ActiveCfg = Debug|Win32
		{3393D90C-B4EE-44E2-B913-A55913984E04}.Debug|x86.Build.0 = Debug|Win32
		{3393D90C-B4EE-44E2-B913-A55913984E04}.Release|x64.ActiveCfg = Release|x64
		{3393D90C-B4EE-44E2-B913-A55913984E04}.Release|x64.Build.0 = Release|x64
		{3393D90C-B4EE-44E2-B913-A55913984E04}.Release|x86.ActiveCfg = Release|Win32
		{3393D90C-B4EE-44E2-B913-A55913984E04}.Release|x86.Build.0 = Release|Win32
		{54BABBE4-49BD-4AD9-B3B7-3F1E53D94F8D}.Debug|x64.ActiveCfg = Debug|x64
		{54BABBE4-49BD-4AD9-B3B7-3F1E53D94F8D}.Debug|x64.Build.0 = Debug|x64
		{54BABBE4-49BD-4AD9-B3B7-3F1E53D94F8D}.Debug|x86.ActiveCfg = Debug|Win32
		{54BABBE4-49BD-4AD9-B3B7-3F1E53D94F8D}.Debug|x86.Build.0 = Debug|Win32
		{54BABBE4-49BD-4AD9-B3B7-3F1E53D94F8D}.Release|x64.ActiveCfg = Release|x64
		{54BABBE4-49BD-4AD9-B3B7-3F1E53D94F8D}.Release|x64.Build.0 = Release|x64
		{54BABBE4-49BD-4AD9-B3B7-3F1E53D94F8D}.Release|x86.ActiveCfg = Release|Win32
		{54BABBE4-49BD-4AD9-B3B7-3F1E53D94F8D}.Release|x86.Build.0 = Release|Win32
		{70F37A2D-09DB-4D4D-8D9A-2B8C2861743F}.Debug|x64.ActiveCfg = Debug|x64
		{70F37A2D-09DB-4D4D-8D9A-2B8C2861743F}.Debug|x64.Build.0 = Debug|x64
		{70F37A2D-09DB-4D4D-8D9A-2B8C2861743F}.Debug|x86.ActiveCfg = Debug|Win32
		{70F37A2D-09DB-4D4D-8D9A-2B8C2861743F}.Debug|x86.Build.0 = Debug|Win32
		{70F37A2D-09DB-4D4D-8D9A-2B8C2861743F}.Release|x64.ActiveCfg = Release|x64
		{70F37A2D-09DB-4D4D-8D9A-2B8C2861743F}.Release|x64.Build.0 = Release|x64
		{70F37A2D-09DB-4D4D-8D9A-2B8C2861743F}.Release|x86.ActiveCfg = Release|Win32
		{70F37A2D-09DB-4D4D-8D9A-2B8C2861743F}.Release|x86.Build.0 = Release|Win32
		{60FA8DB3-4DBA-4425-B19D-C6D0102661DF}.Debug|x64.ActiveCfg = Debug|x64
		{60FA8DB3-4DBA-4425-B19D-C6D0102661DF}.Debug|x64.Build.0 = Debug|x64
		{60FA8DB3-4DBA-4425-B19D-C6D0102661DF}.Debug|x86.ActiveCfg = Debug|Win32
		{60FA8DB3-4DBA-4425-B19D-C6D0102661DF}.Debug|x86.Build.0 = Debug|Win32
		{60FA8DB3-4DBA-4425-B19D-C6D0102661DF}.Release|x64.ActiveCfg = Release|x64
		{60FA8DB3-4DBA-4425-B19D-C6D0102661DF}.Release|x64.Build.0 = Release|x64
		{60FA8DB3-4DBA-4425-B19D-C6D0102661DF}.Release|x86.ActiveCfg = Release|Win32
		{60FA8DB3-4DBA-4425-B19D-C6D0102661DF}.Release|x86.Build.0 = Release|Win32
		{625479BF-72D5-41EC-B354-CD51978C4BFD}.Debug|x64.ActiveCfg = Debug|x64
		{625479BF-72D5-41EC-B354-CD51978C4BFD}.Debug|x64.Build.0 = Debug|x64
		{625479BF-72D5-41EC-B354-CD51978C4BFD}.Debug|x86.ActiveCfg = Debug|Win32
		{625479BF-72D5-41EC-B354-CD51978C4BFD}.Debug|x86.Build.0 = Debug|Win32
		{625479BF-72D5-41EC-B354-CD51978C4BFD}.Release|x64.ActiveCfg = Release|x64
		{625479BF-72D5-41EC-B354-CD51978C4BFD}.Release|x64.Build.0 = Release|x64
		{625479BF-72D5-41EC-B354-CD51978C4BFD}.Release|x86.ActiveCfg = Release|Win32
		{625479BF-72D5-41EC-B354-CD51978C4BFD}.Release|x86.Build.0 = Release|Win32
		{DA52C939-F69B-4FFA-95CB-2B180330D6A4}.Debug|x64.ActiveCfg = Debug|x64
		{DA52C939-F69B-4FFA-95CB-2B180330D6A4}.Debug|x64.Build.0 = Debug|x64
		{DA52C939-F69B-4FFA-95CB-2B180330D6A4}.Debug|x86.ActiveCfg = Debug|Win32
		{DA52C939-F69B-4FFA-95CB-2B180330D6A4}.Debug|x86.Build.0 = Debug|Win32
		{DA52C939-F69B-4FFA-95CB-2B180330D6A4}.Release|x64.ActiveCfg = Release|x64
		{DA52C939-F69B-4FFA-95CB-2B180330D6A4}.Release|x64.Build.0 = Release|x64
		{DA52C939-F69B-4FFA-95CB-2B180330D6A4}.Release|x86.ActiveCfg = Release|Win32
		{DA52C939-F69B-4FFA-95CB-2B180330D6A4}.Release|x86.Build.0 = Release|Win32
		{E61C87E5-1209-4BD2-80E6-64F5BECE0F44}.Debug|x64.ActiveCfg = Debug|x64
		{E61C87E5-1209-4BD2-80E6-64F5BECE0F44}.Debug|x64.Build.0 = Debug|x64
		{E61C87E5-1209-4BD2-80E6-64F5BECE0F44}.Debug|x86.ActiveCfg = Debug|Win32
		{E61C87E5-1209-4BD2-80E6-64F5BECE0F44}.Debug|x86.Build.0 = Debug|Win32
		{E61C87E5-1209-4BD2-80E6-64F5BECE0F44}.Release|x64.ActiveCfg = Release|x64
		{E61C87E5-1209-4BD2-80E6-64F5BECE0F44}.Release|x64.Build.0 = Release|x64
		{E61C87E5-1209-4BD2-80E6-64F5BECE0F44}.Release|x86.ActiveCfg = Release|Win32
		{E61C87E5-1209-4BD2-80E6-64F5BECE0F44}.Release|x86.Build.0 = Release|Win32
		{8F3DD057-4F6A-414B-B981-208064AD112A}.Debug|x64.ActiveCfg = Debug|x64
		{8F3DD057-4F6A-414B-B981-208064AD112A}.Debug|x64.Build.0 = Debug|x64
		{8F3DD057-4F6A-414B-B981-208064AD112A}.Debug|x86.ActiveCfg = Debug|Win32
		{8F3DD057-4F6A-414B-B981-208064AD112A}.Debug|x86.Build.0 = Debug|Win32
		{8F3DD057-4F6A-414B-B981-208064AD112A}.Release|x64.ActiveCfg = Release|x64
		{8F3DD057-4F6A-414B-B981-208064AD112A}.Release|x64.Build.0 = Release|x64
		{8F3DD057-4F6A-414B-B981-208064AD112A}.Release|x86.ActiveCfg = Release|Win32
		{8F3DD057-4F6A-414B-B981-208064AD112A}.Release|x86.Build.0 = Release|Win32
		{8A0C8E1B-BFCA-452D-A4BE-10C4483AD692}.Debug|x64.ActiveCfg = Debug|x64
		{8A0C8E1B-BFCA-452D-A4BE-10C4483AD692}.Debug|x64.Build.0 = Debug|x64
		{8A0C8E1B-BFCA-452D-A4BE-10C4483AD692}.Debug|x86.ActiveCfg = Debug|Win32
		{8A0C8E1B-BFCA-452D-A4BE-10C4483AD692}.Debug|x86.Build.0 = Debug|Win32
		{8A0C8E1B-BFCA-452D-A4BE-10C4483AD692}.Release|x64.ActiveCfg = Release|x64
		{8A0C8E1B-BFCA-452D-A4BE-10C4483AD692}.Release|x64.Build.0 = Release|x64
		{8A0C8E1B-BFCA-452D-A4BE-10C4483AD692}.Release|x86.ActiveCfg = Release|Win32
		{8A0C8E1B-BFCA-452D-A4BE-10C4483AD692}.Release|x86.Build.0 = Release|Win32
		{EFA56249-EAB4-4601-A408-54440D9FDE70}.Debug|x64.ActiveCfg = Debug|x64
		{EFA56249-EAB4-4601-A408-54440D9FDE70}.Debug|x64.Build.0 = Debug|x64
		{EFA56249-EAB4-4601-A408-54440D9FDE70}.Debug|x86.ActiveCfg = Debug|Win32
		{EFA56249-EAB4-4601-A408-54440D9FDE70}.Debug|x86.Build.0 = Debug|Win32
		{EFA56249-EAB4-4601-A408-54440D9FDE70}.Release|x64.ActiveCfg = Release|x64
		{EFA56249-EAB4-4601-A408-54440D9FDE70}.Release|x64.Build.0 = Release|x64
		{EFA56249-EAB4-4601-A408-54440D9FDE70}.Release|x86.ActiveCfg = Release|Win32
		{EFA56249-EAB4-4601-A408-54440D9FDE70}.Release|x86.Build.0 = Release|Win32
		{F57F6F2C-1714-4171-959F-733D9FBDE790}.Debug|x64.ActiveCfg = Debug|x64
		{F57F6F2C-1714-4171-959F-733D9FBDE790}.Debug|x64.Build.0 = Debug|x64
		{F57F6F2C-1714-4171-959F-733D9FBDE790}.Debug|x86.ActiveCfg = Debug|Win32
		{F57F6F2C-1714-4171-959F-733D9FBDE790}.Debug|x86.Build.0 = Debug|Win32
		{F57F6F2C-1714-4171-959F-733D9FBDE790}.Release|x64.ActiveCfg = Release|x64
		{F57F6F2C-1714-4171-959F-733D9FBDE790}.Release|x64.Build.0 = Release|x64
		{F57F6F2C-1714-4171-959F-733D9FBDE790}.Release|x86.ActiveCfg = Release|Win32
		{F57F6F2C-1714-4171-959F-733D9FBDE790}.Release|x86.Build.0 = Release|Win32
		{E1AFB5FD-58BF-4C99-8CF1-2FA77488E3E4}.Debug|x64.ActiveCfg = Debug|x64
		{E1AFB5FD-58BF-4C99-8CF1-2FA77488E3E4}.Debug|x64.Build.0 = Debug|x64
		{E1AFB5FD-58BF-4C99-8CF1-2FA77488E3E4}.Debug|x86.ActiveCfg = Debug|Win32
		{E1AFB5FD-58BF-4C99-8CF1-2FA77488E3E4}.Debug|x86.Build.0 = Debug|Win32
		{E1AFB5FD-58BF-4C99-8CF1-2FA77488E3E4}.Release|x64.ActiveCfg = Release|x64
		{E1AFB5FD-58BF-4C99-8CF1-2FA77488E3E4}.Release|x64.Build.0 = Release|x64
		{E1AFB5FD-58BF-4C99-8CF1-2FA77488E3E4}.Release|x86.ActiveCfg = Release|Win32
		{E1AFB5FD-58BF-4C99-8CF1-2FA77488E3E4}.Release|x86.Build.0 = Release|Win32
		{44835163-E0EE-4322-A3D2-B07990F4E3C9}.Debug|x64.ActiveCfg = Debug|x64
		{44835163-E0EE-4322-A3D2-B07990F4E3C9}.Debug|x64.Build.0 = Debug|x64
		{44835163-E0EE-4322-A3D2-B07990F4E3C9}.Debug|x86.ActiveCfg = Debug|Win32
		{44835163-E0EE-4322-A3D2-B07990F4E3C9}.Debug|x86.Build.0 = Debug|Win32
		{44835163-E0EE-4322-A3D2-B07990F4E3C9}.Release|x64.ActiveCfg = Release|x64
		{44835163-E0EE-4322-A3D2-B07990F4E3C9}.Release|x64.Build.0 = Release|x64
		{44835163-E0EE-4322-A3D2-B07990F4E3C9}.Release|x86.ActiveCfg = Release|Win32
		{44835163-E0EE-4322-A3D2-B07990F4E3C9}.Release|x86.Build.0 = Release|Win32
		{35E8E6CE-3C42-4D05-A92E-657D341CCB1C}.Debug|x64.ActiveCfg = Debug|x64
		{35E8E6CE-3C42-4D05-A92E-657D341CCB1C}.Debug|x64.Build.0 = Debug|x64
		{35E8E6CE-3C42-4D05-A92E-657D341CCB1C}.Debug|x86.ActiveCfg = Debug|Win32
		{35E8E6CE-3C42-4D05-A92E-657D341CCB1C}.Debug|x86.Build.0 = Debug|Win32
		{35E8E6CE-3C42-4D05-A92E-657D341CCB1C}.Release|x64.ActiveCfg = Release|x64
		{35E8E6CE-3C42-4D05-A92E-657D341CCB1C}.Release|x64.Build.0 = Release|x64
		{35E8E6CE-3C42-4D05-A92E-657D341CCB1C}.Release|x86.ActiveCfg = Release|Win32
		{35E8E6CE-3C42-4D05-A92E-657D341CCB1C}.Release|x86.Build.0 = Release|Win32
		{E85D8879-2219-4798-A899-579E2BCFD052}.Debug|x64.ActiveCfg = Debug|x64
		{E85D8879-2219-4798-A899-579E2BCFD052}.Debug|x64.Build.0 = Debug|x64
		{E85D8879-2219-4798-A899-579E2BCFD052}.Debug|x86.ActiveCfg = Debug|Win32
		{E85D8879-2219-4798-A899-579E2BCFD052}.Debug|x86.Build.0 = Debug|Win32
		{E85D8879-2219-4798-A899-579E2BCFD052}.Release|x64.ActiveCfg = Release|x64
		{E85D8879-2219-4798-A899-579E2BCFD052}.Release|x64.Build.0 = Release|x64
		{E85D8879-2219-4798-A899-579E2BCFD052}.Release|x86.ActiveCfg = Release|Win32
		{E85D8879-2219-4798-A899-579E2BCFD052}.Release|x86.Build.0 = Release|Win32
		{E17C5A65-4623-4EC4-945D-B7D8D7D1B466}.Debug|x64.ActiveCfg = Debug|x64
		{E17C5A65-4623-4EC4-945D-B7D8D7D1B466}.Debug|x64.Build.0 = Debug|x64
		{E17C5A65-4623-4EC4-945D-B7D8D7D1B466}.Debug|x86.ActiveCfg = Debug|Win32
		{E17C5A65-4623-4EC4-945D-B7D8D7D1B466}.Debug|x86.Build.0 = Debug|Win32
		{E17C5A65-4623-4EC4-945D-B7D8D7D1B466}.Release|x64.ActiveCfg = Release|x64
		{E17C5A65-4623-4EC4-945D-B7D8D7D1B466}.Release|x64.Build.0 = Release|x64
		{E17C5A65-4623-4EC4-945D-B7D8D7D1B466}.Release|x86.ActiveCfg = Release|Win32
		{E17C5A65-4623-4EC4-945D-B7D8D7D1B466}.Release|x86.Build.0 = Release|Win32
		{88EC7282-A64B-4723-BAE3-100532B49190}.Debug|x64.ActiveCfg = Debug|x64
		{88EC7282-A64B-4723-BAE3-100532B49190}.Debug|x64.Build.0 = Debug|x64
		{88EC7282-A64B-4723-BAE3-100532B49190}.Debug|x86.ActiveCfg = Debug|Win32
		{88EC7282-A64B-4723-BAE3-100532B49190}.Debug|x86.Build.0 = Debug|Win32
		{88EC7282-A64B-4723-BAE3-100532B49190}.Release|x64.ActiveCfg = Release|x64
		{88EC7282-A64B-4723-BAE3-100532B49190}.Release|x64.Build.0 = Release|x64
		{88EC7282-A64B-4723-BAE3-100532B49190}.Release|x86.ActiveCfg = Release|Win32
		{88EC7282-A64B-4723-BAE3-100532B49190}.Release|x86.Build.0 = Release|Win32
		{ACD92B14-0348-404C-8316-1A1EC569B373}.Debug|x64.ActiveCfg = Debug|x64
		{ACD92B14-0348-404C-8316-1A1EC569B373}.Debug|x64.Build.0 = Debug|x64
		{ACD92B14-0348-404C-8316-1A1EC569B373}.Debug|x86.ActiveCfg = Debug|Win32
		{ACD92B14-0348-404C-8316-1A1EC569B373}.Debug|x86.Build.0 = Debug|Win32
		{ACD92B14-0348-404C-8316-1A1EC569B373}.Release|x64.ActiveCfg = Release|x64
		{ACD92B14-0348-404C-8316-1A1EC569B373}.Release|x64.Build.0 = Release|x64
		{ACD92B14-0348-404C-8316-1A1EC569B373}.Release|x86.ActiveCfg = Release|Win32
		{ACD92B14-0348-404C-8316-1A1EC569B373}.Release|x86.Build.0 = Release|Win32
		{F85C232E-6787-40C9-9F0B-3108D396FA5E}.Debug|x64.ActiveCfg = Debug|x64
		{F85C232E-6787-40C9-9F0B-3108D396FA5E}.Debug|x64.Build.0 = Debug|x64
		{F85C232E-6787-40C9-9F0B-3108D396FA5E}.Debug|x86.ActiveCfg = Debug|Win32
		{F85C232E-6787-40C9-9F0B-3108D396FA5E}.Debug|x86.Build.0 = Debug|Win32
		{F85C232E-6787-40C9-9F0B-3108D396FA5E}.Release|x64.ActiveCfg = Release|x64
		{F85C232E-6787-40C9-9F0B-3108D396FA5E}.Release|x64.Build.0 = Release|x64
		{F85C232E-6787-40C9-9F0B-3108D396FA5E}.Release|x86.ActiveCfg = Release|Win32
		{F85C232E-6787-40C9-9F0B-3108D396FA5E}.Release|x86.Build.0 = Release|Win32
		{79082560-C457-4F42-B56F-635F1E38BD98}.Debug|x64.ActiveCfg = Debug|x64
		{79082560-C457-4F42-B56F-635F1E38BD98}.Debug|x64.Build.0 = Debug|x64
		{79082560-C457-4F42-B56F-635F1E38BD98}.Debug|x86.ActiveCfg = Debug|Win32
		{79082560-C457-4F42-B56F-635F1E38BD98}.Debug|x86.Build.0 = Debug|Win32
		{79082560-C457-4F42-B56F-635F1E38BD98}.Release|x64.ActiveCfg = Release|x64
		{79082560-C457-4F42-B56F-635F1E38BD98}.Release|x64.Build.0 = Release|x64
		{79082560-C457-4F42-B56F-635F1E38BD98}.Release|x86.ActiveCfg = Release|Win32
		{79082560-C457-4F42-B56F-635F1E38BD98}.Release|x86.Build.0 = Release|Win32
		{1E0740CF-B5A1-4DDE-A433-F4A6E39F5967}.Debug|x64.ActiveCfg = Debug|x64
		{1E0740CF-B5A1-4DDE-A433-F4A6E39F5967}.Debug|x64.Build.0 = Debug|x64
		{1E0740CF-B5A1-4DDE-A433-F4A6E39F5967}.Debug|x86.ActiveCfg = Debug|Win32
		{1E0740CF-B5A1-4DDE-A433-F4A6E39F5967}.Debug|x86.Build.0 = Debug|Win32
		{1E0740CF-B5A1-4DDE-A433-F4A6E39F5967}.Release|x64.ActiveCfg = Release|x64
		{1E0740CF-B5A1-4DDE-A433-F4A6E39F5967}.Release|x64.Build.0 = Release|x64
		{1E0740CF-B5A1-4DDE-A433-F4A6E39F5967}.Release|x86.ActiveCfg = Release|Win32
		{1E0740CF-B5A1-4DDE-A433-F4A6E39F5967}.Release|x86.Build.0 = Release|Win32
		{32B172E6-77A9-4EBC-B226-B3416DB5CE3E}.Debug|x64.ActiveCfg = Debug|x64
		{32B172E6-77A9-4EBC-B226-B3416DB5CE3E}.Debug|x64.Build.0 = Debug|x64
		{32B172E6-77A9-4EBC-B226-B3416DB5CE3E}.Debug|x86.ActiveCfg = Debug|Win32
		{32B172E6-77A9-4EBC-B226-B3416DB5CE3E}.Debug|x86.Build.0 = Debug|Win32
		{32B172E6-77A9-4EBC-B226-B3416DB5CE3E}.Release|x64.ActiveCfg = Release|x64
		{32B172E6-77A9-4EBC-B226-B3416DB5CE3E}.Release|x64.Build.0 = Release|x64
		{32B172E6-77A9-4EBC-B226-B3416DB5CE3E}.Release|x86.ActiveCfg = Release|Win32
		{32B172E6-77A9-4EBC-B226-B3416DB5CE3E}.Release|x86.Build.0 = Release|Win32
		{86BE7A2E-9D3B-48C6-B917-4D9933A1E0B2}.Debug|x64.ActiveCfg = Debug|x64
		{86BE7A2E-9D3B-48C6-B917-4D9933A1E0B2}.Debug|x64.Build.0 = Debug|x64
		{86BE7A2E-9D3B-48C6-B917-4D9933A1E0B2}.Debug|x86.ActiveCfg = Debug|Win32
		{86BE7A2E-9D3B-48C6-B917-4D9933A1E0B2}.Debug|x86.Build.0 = Debug|Win32
		{86BE7A2E-9D3B-48C6-B917-4D9933A1E0B2}.Release|x64.ActiveCfg = Release|x64
		{86BE7A2E-9D3B-48C6-B917-4D9933A1E0B2}.Release|x64.Build.0 = Release|x64
		{86BE7A2E-9D3B-48C6-B917-4D9933A1E0B2}.Release|x86.ActiveCfg = Release|Win32
		{86BE7A2E-9D3B-48C6-B917-4D9933A1E0B2}.Release|x86.Build.0 = Release|Win32
		{C6D8C8BE-3192-4466-856F-572E2AACD1C7}.Debug|x64.ActiveCfg = Debug|x64
		{C6D8C8BE-3192-4466-856F-572E2AACD1C7}.Debug|x64.Build.0 = Debug|x64
		{C6D8C8BE-3192-4466-856F-572E2AACD1C7}.Debug|x86.ActiveCfg = Debug|Win32
		{C6D8C8BE-3192-4466-856F-572E2AACD1C7}.Debug|x86.Build.0 = Debug|Win32
		{C6D8C8BE-3192-4466-856F-572E2AACD1C7}.Release|x64.ActiveCfg = Release|x64
		{C6D8C8BE-3192-4466-856F-572E2AACD1C7}.Release|x64.Build.0 = Release|x64
		{C6D8C8BE-3192-4466-856F-572E2AACD1C7}.Release|x86.ActiveCfg = Release|Win32
		{C6D8C8BE-3192-4466-856F-572E2AACD1C7}.Release|x86.Build.0 = Release|Win32
		{1D3E45BC-1130-487A-A913-BE90C32F2B57}.Debug|x64.ActiveCfg = Debug|x64
		{1D3E45BC-1130-487A-A913-BE90C32F2B57}.Debug|x64.Build.0 = Debug|x64
		{1D3E45BC-1130-487A-A913-BE90C32F2B57}.Debug|x86.ActiveCfg = Debug|Win32
		{1D3E45BC-1130-487A-A913-BE90C32F2B57}.Debug|x86.Build.0 = Debug|Win32
		{1D3E45BC-1130-487A-A913-BE90C32F2B57}.Release|x64.ActiveCfg = Release|x64
		{1D3E45BC-1130-487A-A913-BE90C32F2B57}.Release|x64.Build.0 = Release|x64
		{1D3E45BC-1130-487A-A913-BE90C32F2B57}.Release|x86.ActiveCfg = Release|Win32
		{1D3E45BC-1130-487A-A913-BE90C32F2B57}.Release|x86.Build.0 = Release|Win32
		{F8359C68-97DC-46EC-9D45-56F69DCCF371}.Debug|x64.ActiveCfg = Debug|x64
		{F8359C68-97DC-46EC-9D45-56F69DCCF371}.Debug|x64.Build.0 = Debug|x64
		{F8359C68-97DC-46EC-9D45-56F69DCCF371}.Debug|x86.ActiveCfg = Debug|Win32
		{F8359C68-97DC-46EC-9D45-56F69DCCF371}.Debug|x86.Build.0 = Debug|Win32
		{F8359C68-97DC-46EC-9D45-56F69DCCF371}.Release|x64.ActiveCfg = Release|x64
		{F8359C68-97DC-46EC-9D45-56F69DCCF371}.Release|x64.Build.0 = Release|x64
		{F8359C68-97DC-46EC-9D45-56F69DCCF371}.Release|x86.ActiveCfg = Release|Win32
		{F8359C68-97DC-46EC-9D45-56F69DCCF371}.Release|x86.Build.0 = Release|Win32
		{FB8CA569-DECF-4CFE-B917-9B26F4290BCA}.Debug|x64.ActiveCfg = Debug|x64
		{FB8CA569-DECF-4CFE-B917-9B26F4290BCA}.Debug|x64.Build.0 = Debug|x64
		{FB8CA569-DECF-4CFE-B917-9B26F4290BCA}.Debug|x86.ActiveCfg = Debug|Win32
		{FB8CA569-DECF-4CFE-B917-9B26F4290BCA}.Debug|x86.Build.0 = Debug|Win32
		{FB8CA569-DECF-4CFE-B917-9B26F4290BCA}.Release|x64.ActiveCfg = Release|x64
		{FB8CA569-DECF-4CFE-B917-9B26F4290BCA}.Release|x64.Build.0 = Release|x64
		{FB8CA569-DECF-4CFE-B917-9B26F4290BCA}.Release|x86.ActiveCfg = Release|Win32
		{FB8CA569-DECF-4CFE-B917-9B26F4290BCA}.Release|x86.Build.0 = Release|Win32
		{9AE805FA-39F7-4328-A08E-054AE7D11C60}.Debug|x64.ActiveCfg = Debug|x64
		{9AE805FA-39F7-4328-A08E-054AE7D11C60}.Debug|x64.Build.0 = Debug|x64
		{9AE805FA-39F7-4328-A08E-054AE7D11C60}.Debug|x86.ActiveCfg = Debug|Win32
		{9AE805FA-39F7-4328-A08E-054AE7D11C60}.Debug|x86.Build.0 = Debug|Win32
		{9AE805FA-39F7-4328-A08E-054AE7D11C60}.Release|x64.ActiveCfg = Release|x64
		{9AE805FA-39F7-4328-A08E-054AE7D11C60}.Release|x64.Build.0 = Release|x64
		{9AE805FA-39F7-4328-A08E-054AE7D11C60}.Release|x86.ActiveCfg = Release|Win32
		{9AE805FA-39F7-4328-A08E-054AE7D11C60}.Release|x86.Build.0 = Release|Win32
	EndGlobalSection
	GlobalSection(SolutionProperties) = preSolution
		HideSolutionNode = FALSE
	EndGlobalSection
	GlobalSection(NestedProjects) = preSolution
		{E98C31F2-C34C-45E4-8E06-03AAFDFEA836} = {C15BB3F3-8351-43BD-8F88-D9E96D6424C1}
		{E3937DB3-0DA1-4F45-8E8A-638C34290DE4} = {C15BB3F3-8351-43BD-8F88-D9E96D6424C1}
		{93BD3DB6-3BA6-487E-8E06-32771F4870EB} = {45583C36-B276-4434-AE77-FC5D21432ED6}
		{06AB29AC-5875-4324-A000-75B1BDE696AD} = {45583C36-B276-4434-AE77-FC5D21432ED6}
		{1A5BE0EE-D9B1-4AEA-952C-57EFAC1DC234} = {45583C36-B276-4434-AE77-FC5D21432ED6}
		{EF2A1406-ED87-4532-B69E-D7B28E384E21} = {45583C36-B276-4434-AE77-FC5D21432ED6}
		{6A298E08-18FB-4869-8C7C-1EC4DAC955F2} = {45583C36-B276-4434-AE77-FC5D21432ED6}
		{57C6FB29-6A17-41A4-9C0F-2BD1869E72EA} = {45583C36-B276-4434-AE77-FC5D21432ED6}
		{4C67478A-83E2-4478-BFA7-27FC3DB5B9B3} = {45583C36-B276-4434-AE77-FC5D21432ED6}
		{D2FAE018-758F-4AF5-8E75-D20E314B016C} = {45583C36-B276-4434-AE77-FC5D21432ED6}
		{BD0512EA-64BC-48CE-9297-57919B7DDA89} = {45583C36-B276-4434-AE77-FC5D21432ED6}
		{3484DE1D-56DE-4D78-AAD7-D79694ACC9E4} = {45583C36-B276-4434-AE77-FC5D21432ED6}
		{3155A252-C711-4DCF-B9C4-2137A74C3A80} = {C15BB3F3-8351-43BD-8F88-D9E96D6424C1}
		{5A062015-7556-474B-B7C1-30A56C832568} = {C15BB3F3-8351-43BD-8F88-D9E96D6424C1}
		{10A92837-FB99-4D88-A764-8154D415157F} = {C15BB3F3-8351-43BD-8F88-D9E96D6424C1}
		{CD06D078-66A2-4D59-8843-BCCDF04F5921} = {C15BB3F3-8351-43BD-8F88-D9E96D6424C1}
		{17BE97AB-0CA6-413F-AC47-ABFFC1D7AD92} = {C15BB3F3-8351-43BD-8F88-D9E96D6424C1}
		{550C2684-0E25-4E6D-84DD-57C04F7630CE} = {857168E8-3B30-4831-BE55-613C62486619}
		{7D278458-81CB-4D22-84D3-534EE9662D94} = {857168E8-3B30-4831-BE55-613C62486619}
		{8326DF3B-E046-47A0-A042-7B7FED139922} = {857168E8-3B30-4831-BE55-613C62486619}
		{8471C1AD-1AD5-498E-AEFF-27468EAB4635} = {445E2CE5-8D51-4EAB-80D8-5DA6DA4C37D1}
		{4E4F8B24-7EBD-4EB8-80BD-1529D441EE79} = {445E2CE5-8D51-4EAB-80D8-5DA6DA4C37D1}
		{9D7758B1-5D0D-4888-8617-F635C7C75925} = {445E2CE5-8D51-4EAB-80D8-5DA6DA4C37D1}
		{A26FA735-F7D5-44BB-84F2-A24A2DBC450A} = {445E2CE5-8D51-4EAB-80D8-5DA6DA4C37D1}
		{4C093522-3051-4D82-9563-730F18D46AF9} = {445E2CE5-8D51-4EAB-80D8-5DA6DA4C37D1}
		{5324E229-1755-4DB6-90A2-E6A4C17B1D3E} = {445E2CE5-8D51-4EAB-80D8-5DA6DA4C37D1}
		{0F8A0F20-C7E1-44D6-A0D6-C22CEB294002} = {445E2CE5-8D51-4EAB-80D8-5DA6DA4C37D1}
		{F70F6BE9-9DB4-4ECB-91B7-4E829177B09A} = {445E2CE5-8D51-4EAB-80D8-5DA6DA4C37D1}
		{9A182A49-0CA9-4019-929E-B9A08FE04732} = {445E2CE5-8D51-4EAB-80D8-5DA6DA4C37D1}
		{42650C07-2A13-4A21-BD1B-6C9EBD9FF8EF} = {445E2CE5-8D51-4EAB-80D8-5DA6DA4C37D1}
		{8200CA87-A0E9-4AE4-9EE6-78508099961B} = {445E2CE5-8D51-4EAB-80D8-5DA6DA4C37D1}
		{135FF31B-8F29-40E6-976F-2DC0D72CC155} = {857168E8-3B30-4831-BE55-613C62486619}
		{38E5F14A-CDBA-4D05-AFC6-282CFCB1EE30} = {47D688BA-523C-4CD3-9D65-8BA685F24265}
		{8F6545C8-DE8F-4E7B-93A7-558CFD5D881D} = {47D688BA-523C-4CD3-9D65-8BA685F24265}
		{DCE84D8D-2EA4-49F0-BC81-32CCF69F2563} = {47D688BA-523C-4CD3-9D65-8BA685F24265}
		{7901268F-16B4-42DB-8AFC-2DECA96B79D7} = {47D688BA-523C-4CD3-9D65-8BA685F24265}
		{6D2705BA-C8FD-43F2-8C09-1E28AC71C6B7} = {47D688BA-523C-4CD3-9D65-8BA685F24265}
		{4F672D89-46E5-4DE8-9D66-72191DFB5FCE} = {47D688BA-523C-4CD3-9D65-8BA685F24265}
		{C5F44516-769F-4509-8D41-1E438F3656EF} = {47D688BA-523C-4CD3-9D65-8BA685F24265}
		{F19DEAFE-0637-4E6F-AD4A-2448853338FA} = {47D688BA-523C-4CD3-9D65-8BA685F24265}
		{120FE574-1EA2-437C-8694-D2693E085B97} = {47D688BA-523C-4CD3-9D65-8BA685F24265}
		{AF2AFF56-66C8-4912-A452-A5902A43CC48} = {47D688BA-523C-4CD3-9D65-8BA685F24265}
		{3BFE458F-204D-4E53-B89A-94A08ABF83F1} = {857168E8-3B30-4831-BE55-613C62486619}
		{CEF20A18-C0DA-4346-BD41-ADBD13254D92} = {857168E8-3B30-4831-BE55-613C62486619}
		{3F10C41F-8414-459E-9B23-BA2426390E2D} = {6906A1CE-4CD1-4D89-829D-26AC9C49B4DB}
		{B4BD7817-1825-4FF2-965F-5CDB0FA71646} = {6906A1CE-4CD1-4D89-829D-26AC9C49B4DB}
		{8CC41518-071F-4456-A9F1-C922A3A1A140} = {6906A1CE-4CD1-4D89-829D-26AC9C49B4DB}
		{F73EAD6F-AE26-46BF-9F3B-5FB7BAA8A473} = {6906A1CE-4CD1-4D89-829D-26AC9C49B4DB}
		{0056A971-CF00-4C7C-9FCC-5CFC9BAC3B1E} = {6906A1CE-4CD1-4D89-829D-26AC9C49B4DB}
		{D56DB1E1-9558-4690-AB54-EDFF5CC41013} = {6906A1CE-4CD1-4D89-829D-26AC9C49B4DB}
		{97A4AEAC-75BF-4538-AC9E-5C93C9CD3DE9} = {6906A1CE-4CD1-4D89-829D-26AC9C49B4DB}
		{53C24529-8949-47FF-99F1-C83ACC07AA30} = {6906A1CE-4CD1-4D89-829D-26AC9C49B4DB}
		{06C7D72D-573A-42F4-B488-BF6DD2D8B66E} = {6906A1CE-4CD1-4D89-829D-26AC9C49B4DB}
		{A41BF53C-6456-4612-A6F2-4B4D3D7B5D67} = {6906A1CE-4CD1-4D89-829D-26AC9C49B4DB}
		{92BC867D-44DF-4E82-BF2D-3AC61D42BA07} = {6906A1CE-4CD1-4D89-829D-26AC9C49B4DB}
		{D57F40FF-C06D-4A18-B5F7-1C383EC132A9} = {857168E8-3B30-4831-BE55-613C62486619}
		{4C0058E2-CB73-49B2-A684-A9F541FBAA15} = {BB9B92D1-42C6-4504-87B8-2BC3B485DB8B}
		{627C162E-24DD-4319-A9BC-F8A22A23DA01} = {BB9B92D1-42C6-4504-87B8-2BC3B485DB8B}
		{312063B5-9D3B-4A09-ADA3-ED6EEDE602EA} = {BB9B92D1-42C6-4504-87B8-2BC3B485DB8B}
		{12A0374D-8222-450F-B233-9748FFDD3E29} = {BB9B92D1-42C6-4504-87B8-2BC3B485DB8B}
		{FA1A63BC-F65D-42AB-B83D-85341C1FC436} = {BB9B92D1-42C6-4504-87B8-2BC3B485DB8B}
		{50FC380A-A25C-4064-B419-8AF17ED53494} = {BB9B92D1-42C6-4504-87B8-2BC3B485DB8B}
		{073F08BE-3B82-42CC-AA9E-A95D16E20B65} = {BB9B92D1-42C6-4504-87B8-2BC3B485DB8B}
		{5D0C4AAD-7F0A-4095-B1D0-AEF3E56952A4} = {BB9B92D1-42C6-4504-87B8-2BC3B485DB8B}
		{6DA6B334-2CD1-456A-BF79-0964C6C7987F} = {BB9B92D1-42C6-4504-87B8-2BC3B485DB8B}
		{C79745BD-1C02-48CA-864E-ACA8DD65A31F} = {BB9B92D1-42C6-4504-87B8-2BC3B485DB8B}
		{DF79E946-890C-46D7-9E07-DBA1554493C1} = {BB9B92D1-42C6-4504-87B8-2BC3B485DB8B}
		{36E1CCC9-86FE-4515-9C25-228D31ABFD5A} = {BB9B92D1-42C6-4504-87B8-2BC3B485DB8B}
		{D755B5F5-6783-4B69-A832-2B23E3057AFD} = {BB9B92D1-42C6-4504-87B8-2BC3B485DB8B}
		{C1CF29A4-EFF0-496A-9024-B900D352ACDE} = {BB9B92D1-42C6-4504-87B8-2BC3B485DB8B}
		{58836B6B-7536-48E1-9380-FCF4D253D99E} = {BB9B92D1-42C6-4504-87B8-2BC3B485DB8B}
		{FE9E3443-4761-4CB2-829B-5E138D61CB67} = {BB9B92D1-42C6-4504-87B8-2BC3B485DB8B}
		{B20E6430-3DD6-46D3-A49B-BF4C8F8BA3E1} = {BB9B92D1-42C6-4504-87B8-2BC3B485DB8B}
		{84C7D9FE-0E7E-4AF7-A1CD-7B1A411E66FC} = {BB9B92D1-42C6-4504-87B8-2BC3B485DB8B}
		{D1F6CFD1-CEC2-4B42-8E4E-3C5ED236D56E} = {BB9B92D1-42C6-4504-87B8-2BC3B485DB8B}
		{54AE21A3-0F54-4852-BC3B-F68467082049} = {BB9B92D1-42C6-4504-87B8-2BC3B485DB8B}
		{0AE7CF5D-5204-4054-A22F-85B2F248530A} = {BB9B92D1-42C6-4504-87B8-2BC3B485DB8B}
		{87CD7CD4-3B4E-4FA8-B813-09181EC6D5FD} = {147E45B0-44AE-45D9-B791-F337BEAED5BC}
		{4B02C452-094D-45B5-BBEF-2DCBCE6A6FFF} = {147E45B0-44AE-45D9-B791-F337BEAED5BC}
		{556ADFBC-BE25-489A-8D3C-1D8D64BCE6A3} = {147E45B0-44AE-45D9-B791-F337BEAED5BC}
		{3393D90C-B4EE-44E2-B913-A55913984E04} = {147E45B0-44AE-45D9-B791-F337BEAED5BC}
		{54BABBE4-49BD-4AD9-B3B7-3F1E53D94F8D} = {147E45B0-44AE-45D9-B791-F337BEAED5BC}
		{70F37A2D-09DB-4D4D-8D9A-2B8C2861743F} = {147E45B0-44AE-45D9-B791-F337BEAED5BC}
		{60FA8DB3-4DBA-4425-B19D-C6D0102661DF} = {147E45B0-44AE-45D9-B791-F337BEAED5BC}
		{625479BF-72D5-41EC-B354-CD51978C4BFD} = {857168E8-3B30-4831-BE55-613C62486619}
		{DA52C939-F69B-4FFA-95CB-2B180330D6A4} = {147E45B0-44AE-45D9-B791-F337BEAED5BC}
		{E61C87E5-1209-4BD2-80E6-64F5BECE0F44} = {147E45B0-44AE-45D9-B791-F337BEAED5BC}
		{8F3DD057-4F6A-414B-B981-208064AD112A} = {147E45B0-44AE-45D9-B791-F337BEAED5BC}
		{8A0C8E1B-BFCA-452D-A4BE-10C4483AD692} = {147E45B0-44AE-45D9-B791-F337BEAED5BC}
		{EFA56249-EAB4-4601-A408-54440D9FDE70} = {147E45B0-44AE-45D9-B791-F337BEAED5BC}
		{F57F6F2C-1714-4171-959F-733D9FBDE790} = {147E45B0-44AE-45D9-B791-F337BEAED5BC}
		{E1AFB5FD-58BF-4C99-8CF1-2FA77488E3E4} = {147E45B0-44AE-45D9-B791-F337BEAED5BC}
		{44835163-E0EE-4322-A3D2-B07990F4E3C9} = {857168E8-3B30-4831-BE55-613C62486619}
		{35E8E6CE-3C42-4D05-A92E-657D341CCB1C} = {871707D8-FC65-4CF5-88CC-FBABC1A50994}
		{E85D8879-2219-4798-A899-579E2BCFD052} = {871707D8-FC65-4CF5-88CC-FBABC1A50994}
		{E17C5A65-4623-4EC4-945D-B7D8D7D1B466} = {871707D8-FC65-4CF5-88CC-FBABC1A50994}
		{88EC7282-A64B-4723-BAE3-100532B49190} = {871707D8-FC65-4CF5-88CC-FBABC1A50994}
		{ACD92B14-0348-404C-8316-1A1EC569B373} = {871707D8-FC65-4CF5-88CC-FBABC1A50994}
		{F85C232E-6787-40C9-9F0B-3108D396FA5E} = {871707D8-FC65-4CF5-88CC-FBABC1A50994}
		{79082560-C457-4F42-B56F-635F1E38BD98} = {871707D8-FC65-4CF5-88CC-FBABC1A50994}
		{1E0740CF-B5A1-4DDE-A433-F4A6E39F5967} = {871707D8-FC65-4CF5-88CC-FBABC1A50994}
		{32B172E6-77A9-4EBC-B226-B3416DB5CE3E} = {871707D8-FC65-4CF5-88CC-FBABC1A50994}
		{86BE7A2E-9D3B-48C6-B917-4D9933A1E0B2} = {0558DFFD-8E69-416C-BC72-31E1D1FBD7A7}
		{C6D8C8BE-3192-4466-856F-572E2AACD1C7} = {0558DFFD-8E69-416C-BC72-31E1D1FBD7A7}
		{1D3E45BC-1130-487A-A913-BE90C32F2B57} = {0558DFFD-8E69-416C-BC72-31E1D1FBD7A7}
		{F8359C68-97DC-46EC-9D45-56F69DCCF371} = {0558DFFD-8E69-416C-BC72-31E1D1FBD7A7}
		{FB8CA569-DECF-4CFE-B917-9B26F4290BCA} = {0558DFFD-8E69-416C-BC72-31E1D1FBD7A7}
		{9AE805FA-39F7-4328-A08E-054AE7D11C60} = {0558DFFD-8E69-416C-BC72-31E1D1FBD7A7}
	EndGlobalSection
	GlobalSection(ExtensibilityGlobals) = postSolution
		SolutionGuid = {1422C9A4-19E5-46B5-B87A-0332F599DB6A}
	EndGlobalSection
EndGlobal
